
Microsoft Visual Studio Solution File, Format Version 12.00
# Visual Studio Version 17
VisualStudioVersion = 17.0.31903.59
MinimumVisualStudioVersion = 10.0.40219.1
Project("{2150E333-8FDC-42A3-9474-1A3956D46DE8}") = "UnitTests", "UnitTests", "{D6D69517-7889-4E08-ABEA-D3E069D08A6B}"
EndProject
Project("{9A19103F-16F7-4668-BE54-9A1E7A4F7556}") = "Moryx.AbstractionLayer", "src\Moryx.AbstractionLayer\Moryx.AbstractionLayer.csproj", "{841F50C1-DEC0-48D8-92D1-F860450940D8}"
EndProject
Project("{2150E333-8FDC-42A3-9474-1A3956D46DE8}") = "IntegrationTests", "IntegrationTests", "{A33D3A48-37FE-46A3-A0BE-E8D7586B862C}"
EndProject
Project("{2150E333-8FDC-42A3-9474-1A3956D46DE8}") = "Resources", "Resources", "{BA183EBF-FAC1-45AE-9559-09879DB103AC}"
EndProject
Project("{2150E333-8FDC-42A3-9474-1A3956D46DE8}") = "Notifications", "Notifications", "{1487B4B0-C817-40CD-9C74-0E56044E49BB}"
EndProject
Project("{9A19103F-16F7-4668-BE54-9A1E7A4F7556}") = "Moryx.Notifications", "src\Moryx.Notifications\Moryx.Notifications.csproj", "{4FB1BCA9-BD6D-478A-93C5-5CD4DE2A2337}"
EndProject
Project("{9A19103F-16F7-4668-BE54-9A1E7A4F7556}") = "Moryx.Resources.Management", "src\Moryx.Resources.Management\Moryx.Resources.Management.csproj", "{4CA4F6B5-4C26-4B99-8FB9-937971883083}"
EndProject
Project("{2150E333-8FDC-42A3-9474-1A3956D46DE8}") = "Tests", "Tests", "{C1C2F4BB-FF3F-4239-A20A-15B56B541B4E}"
EndProject
Project("{2150E333-8FDC-42A3-9474-1A3956D46DE8}") = "Products", "Products", "{FE34A376-8F97-4D98-8C84-44A0C1AC01E0}"
EndProject
Project("{9A19103F-16F7-4668-BE54-9A1E7A4F7556}") = "Moryx.Products.Management", "src\Moryx.Products.Management\Moryx.Products.Management.csproj", "{650756A0-E077-4632-8DA8-27214B5ACDA4}"
EndProject
Project("{9A19103F-16F7-4668-BE54-9A1E7A4F7556}") = "Moryx.Products.Model", "src\Moryx.Products.Model\Moryx.Products.Model.csproj", "{99A470C6-1224-4475-937E-E7CA0266205C}"
EndProject
Project("{9A19103F-16F7-4668-BE54-9A1E7A4F7556}") = "Moryx.Products.Samples", "src\Moryx.Products.Samples\Moryx.Products.Samples.csproj", "{00916431-5038-44B8-8BDA-4A1B13636F32}"
EndProject
Project("{9A19103F-16F7-4668-BE54-9A1E7A4F7556}") = "Moryx.Resources.Samples", "src\Moryx.Resources.Samples\Moryx.Resources.Samples.csproj", "{23F6025E-1348-4ABF-A908-C5D360F9D486}"
EndProject
Project("{9A19103F-16F7-4668-BE54-9A1E7A4F7556}") = "Moryx.Resources.Management.Tests", "src\Tests\Moryx.Resources.Management.Tests\Moryx.Resources.Management.Tests.csproj", "{65D88A79-9239-4BF6-AAD3-29E432A9DEDB}"
EndProject
Project("{9A19103F-16F7-4668-BE54-9A1E7A4F7556}") = "Moryx.AbstractionLayer.Tests", "src\Tests\Moryx.AbstractionLayer.Tests\Moryx.AbstractionLayer.Tests.csproj", "{E7BCFD1C-D140-467E-BDFB-C7013DC59171}"
EndProject
Project("{9A19103F-16F7-4668-BE54-9A1E7A4F7556}") = "Moryx.Products.IntegrationTests", "src\Tests\Moryx.Products.IntegrationTests\Moryx.Products.IntegrationTests.csproj", "{88D15860-19C3-4E02-A7F1-2E1EACE87963}"
EndProject
Project("{9A19103F-16F7-4668-BE54-9A1E7A4F7556}") = "Moryx.Notifications.Tests", "src\Tests\Moryx.Notifications.Tests\Moryx.Notifications.Tests.csproj", "{93650069-26E9-4E0D-A336-9D02F1039346}"
EndProject
Project("{9A19103F-16F7-4668-BE54-9A1E7A4F7556}") = "Moryx.AbstractionLayer.TestTools", "src\Moryx.AbstractionLayer.TestTools\Moryx.AbstractionLayer.TestTools.csproj", "{1516374C-976F-49FC-A911-29EDC481C657}"
EndProject
Project("{9A19103F-16F7-4668-BE54-9A1E7A4F7556}") = "Moryx.Products.Management.Tests", "src\Tests\Moryx.Products.Management.Tests\Moryx.Products.Management.Tests.csproj", "{0CCA2AFB-1788-44C2-8919-F5CD46BC94AD}"
EndProject
Project("{9A19103F-16F7-4668-BE54-9A1E7A4F7556}") = "Moryx.AbstractionLayer.Products.Endpoints", "src\Moryx.AbstractionLayer.Products.Endpoints\Moryx.AbstractionLayer.Products.Endpoints.csproj", "{230A5D64-C34E-49E0-B5FA-4062AF227211}"
EndProject
Project("{9A19103F-16F7-4668-BE54-9A1E7A4F7556}") = "StartProject.Asp", "src\StartProject.Asp\StartProject.Asp.csproj", "{48E5CBD4-D7B3-410B-9CDD-A1E355133E3A}"
EndProject
Project("{9A19103F-16F7-4668-BE54-9A1E7A4F7556}") = "Moryx.AbstractionLayer.Resources.Endpoints", "src\Moryx.AbstractionLayer.Resources.Endpoints\Moryx.AbstractionLayer.Resources.Endpoints.csproj", "{F5141A5C-D29F-4870-85D5-277C04A944EC}"
EndProject
Project("{2150E333-8FDC-42A3-9474-1A3956D46DE8}") = "Solution Items", "Solution Items", "{07667FA0-45F2-4DD9-AEF4-50D05441281C}"
	ProjectSection(SolutionItems) = preProject
		Directory.Build.targets = Directory.Build.targets
	EndProjectSection
EndProject
Global
	GlobalSection(SolutionConfigurationPlatforms) = preSolution
		Debug|Any CPU = Debug|Any CPU
		Release|Any CPU = Release|Any CPU
	EndGlobalSection
	GlobalSection(ProjectConfigurationPlatforms) = postSolution
		{841F50C1-DEC0-48D8-92D1-F860450940D8}.Debug|Any CPU.ActiveCfg = Debug|Any CPU
		{841F50C1-DEC0-48D8-92D1-F860450940D8}.Debug|Any CPU.Build.0 = Debug|Any CPU
		{841F50C1-DEC0-48D8-92D1-F860450940D8}.Release|Any CPU.ActiveCfg = Release|Any CPU
		{841F50C1-DEC0-48D8-92D1-F860450940D8}.Release|Any CPU.Build.0 = Release|Any CPU
		{4FB1BCA9-BD6D-478A-93C5-5CD4DE2A2337}.Debug|Any CPU.ActiveCfg = Debug|Any CPU
		{4FB1BCA9-BD6D-478A-93C5-5CD4DE2A2337}.Debug|Any CPU.Build.0 = Debug|Any CPU
		{4FB1BCA9-BD6D-478A-93C5-5CD4DE2A2337}.Release|Any CPU.ActiveCfg = Release|Any CPU
		{4FB1BCA9-BD6D-478A-93C5-5CD4DE2A2337}.Release|Any CPU.Build.0 = Release|Any CPU
		{4CA4F6B5-4C26-4B99-8FB9-937971883083}.Debug|Any CPU.ActiveCfg = Debug|Any CPU
		{4CA4F6B5-4C26-4B99-8FB9-937971883083}.Debug|Any CPU.Build.0 = Debug|Any CPU
		{4CA4F6B5-4C26-4B99-8FB9-937971883083}.Release|Any CPU.ActiveCfg = Release|Any CPU
		{4CA4F6B5-4C26-4B99-8FB9-937971883083}.Release|Any CPU.Build.0 = Release|Any CPU
		{650756A0-E077-4632-8DA8-27214B5ACDA4}.Debug|Any CPU.ActiveCfg = Debug|Any CPU
		{650756A0-E077-4632-8DA8-27214B5ACDA4}.Debug|Any CPU.Build.0 = Debug|Any CPU
		{650756A0-E077-4632-8DA8-27214B5ACDA4}.Release|Any CPU.ActiveCfg = Release|Any CPU
		{650756A0-E077-4632-8DA8-27214B5ACDA4}.Release|Any CPU.Build.0 = Release|Any CPU
		{99A470C6-1224-4475-937E-E7CA0266205C}.Debug|Any CPU.ActiveCfg = Debug|Any CPU
		{99A470C6-1224-4475-937E-E7CA0266205C}.Debug|Any CPU.Build.0 = Debug|Any CPU
		{99A470C6-1224-4475-937E-E7CA0266205C}.Release|Any CPU.ActiveCfg = Release|Any CPU
		{99A470C6-1224-4475-937E-E7CA0266205C}.Release|Any CPU.Build.0 = Release|Any CPU
		{00916431-5038-44B8-8BDA-4A1B13636F32}.Debug|Any CPU.ActiveCfg = Debug|Any CPU
		{00916431-5038-44B8-8BDA-4A1B13636F32}.Debug|Any CPU.Build.0 = Debug|Any CPU
		{00916431-5038-44B8-8BDA-4A1B13636F32}.Release|Any CPU.ActiveCfg = Release|Any CPU
		{00916431-5038-44B8-8BDA-4A1B13636F32}.Release|Any CPU.Build.0 = Release|Any CPU
		{23F6025E-1348-4ABF-A908-C5D360F9D486}.Debug|Any CPU.ActiveCfg = Debug|Any CPU
		{23F6025E-1348-4ABF-A908-C5D360F9D486}.Debug|Any CPU.Build.0 = Debug|Any CPU
		{23F6025E-1348-4ABF-A908-C5D360F9D486}.Release|Any CPU.ActiveCfg = Release|Any CPU
		{23F6025E-1348-4ABF-A908-C5D360F9D486}.Release|Any CPU.Build.0 = Release|Any CPU
		{65D88A79-9239-4BF6-AAD3-29E432A9DEDB}.Debug|Any CPU.ActiveCfg = Debug|Any CPU
		{65D88A79-9239-4BF6-AAD3-29E432A9DEDB}.Debug|Any CPU.Build.0 = Debug|Any CPU
		{65D88A79-9239-4BF6-AAD3-29E432A9DEDB}.Release|Any CPU.ActiveCfg = Release|Any CPU
		{65D88A79-9239-4BF6-AAD3-29E432A9DEDB}.Release|Any CPU.Build.0 = Release|Any CPU
		{E7BCFD1C-D140-467E-BDFB-C7013DC59171}.Debug|Any CPU.ActiveCfg = Debug|Any CPU
		{E7BCFD1C-D140-467E-BDFB-C7013DC59171}.Debug|Any CPU.Build.0 = Debug|Any CPU
		{E7BCFD1C-D140-467E-BDFB-C7013DC59171}.Release|Any CPU.ActiveCfg = Release|Any CPU
		{E7BCFD1C-D140-467E-BDFB-C7013DC59171}.Release|Any CPU.Build.0 = Release|Any CPU
		{88D15860-19C3-4E02-A7F1-2E1EACE87963}.Debug|Any CPU.ActiveCfg = Debug|Any CPU
		{88D15860-19C3-4E02-A7F1-2E1EACE87963}.Debug|Any CPU.Build.0 = Debug|Any CPU
		{88D15860-19C3-4E02-A7F1-2E1EACE87963}.Release|Any CPU.ActiveCfg = Release|Any CPU
		{88D15860-19C3-4E02-A7F1-2E1EACE87963}.Release|Any CPU.Build.0 = Release|Any CPU
		{93650069-26E9-4E0D-A336-9D02F1039346}.Debug|Any CPU.ActiveCfg = Debug|Any CPU
		{93650069-26E9-4E0D-A336-9D02F1039346}.Debug|Any CPU.Build.0 = Debug|Any CPU
		{93650069-26E9-4E0D-A336-9D02F1039346}.Release|Any CPU.ActiveCfg = Release|Any CPU
		{93650069-26E9-4E0D-A336-9D02F1039346}.Release|Any CPU.Build.0 = Release|Any CPU
		{1516374C-976F-49FC-A911-29EDC481C657}.Debug|Any CPU.ActiveCfg = Debug|Any CPU
		{1516374C-976F-49FC-A911-29EDC481C657}.Debug|Any CPU.Build.0 = Debug|Any CPU
		{1516374C-976F-49FC-A911-29EDC481C657}.Release|Any CPU.ActiveCfg = Release|Any CPU
		{1516374C-976F-49FC-A911-29EDC481C657}.Release|Any CPU.Build.0 = Release|Any CPU
		{0CCA2AFB-1788-44C2-8919-F5CD46BC94AD}.Debug|Any CPU.ActiveCfg = Debug|Any CPU
		{0CCA2AFB-1788-44C2-8919-F5CD46BC94AD}.Debug|Any CPU.Build.0 = Debug|Any CPU
		{0CCA2AFB-1788-44C2-8919-F5CD46BC94AD}.Release|Any CPU.ActiveCfg = Release|Any CPU
		{0CCA2AFB-1788-44C2-8919-F5CD46BC94AD}.Release|Any CPU.Build.0 = Release|Any CPU
		{230A5D64-C34E-49E0-B5FA-4062AF227211}.Debug|Any CPU.ActiveCfg = Debug|Any CPU
		{230A5D64-C34E-49E0-B5FA-4062AF227211}.Debug|Any CPU.Build.0 = Debug|Any CPU
		{230A5D64-C34E-49E0-B5FA-4062AF227211}.Release|Any CPU.ActiveCfg = Release|Any CPU
		{230A5D64-C34E-49E0-B5FA-4062AF227211}.Release|Any CPU.Build.0 = Release|Any CPU
		{48E5CBD4-D7B3-410B-9CDD-A1E355133E3A}.Debug|Any CPU.ActiveCfg = Debug|Any CPU
		{48E5CBD4-D7B3-410B-9CDD-A1E355133E3A}.Debug|Any CPU.Build.0 = Debug|Any CPU
		{48E5CBD4-D7B3-410B-9CDD-A1E355133E3A}.Release|Any CPU.ActiveCfg = Release|Any CPU
		{48E5CBD4-D7B3-410B-9CDD-A1E355133E3A}.Release|Any CPU.Build.0 = Release|Any CPU
		{F5141A5C-D29F-4870-85D5-277C04A944EC}.Debug|Any CPU.ActiveCfg = Debug|Any CPU
		{F5141A5C-D29F-4870-85D5-277C04A944EC}.Debug|Any CPU.Build.0 = Debug|Any CPU
		{F5141A5C-D29F-4870-85D5-277C04A944EC}.Release|Any CPU.ActiveCfg = Release|Any CPU
		{F5141A5C-D29F-4870-85D5-277C04A944EC}.Release|Any CPU.Build.0 = Release|Any CPU
	EndGlobalSection
	GlobalSection(SolutionProperties) = preSolution
		HideSolutionNode = FALSE
	EndGlobalSection
	GlobalSection(NestedProjects) = preSolution
		{D6D69517-7889-4E08-ABEA-D3E069D08A6B} = {C1C2F4BB-FF3F-4239-A20A-15B56B541B4E}
		{A33D3A48-37FE-46A3-A0BE-E8D7586B862C} = {C1C2F4BB-FF3F-4239-A20A-15B56B541B4E}
		{4FB1BCA9-BD6D-478A-93C5-5CD4DE2A2337} = {1487B4B0-C817-40CD-9C74-0E56044E49BB}
		{4CA4F6B5-4C26-4B99-8FB9-937971883083} = {BA183EBF-FAC1-45AE-9559-09879DB103AC}
		{650756A0-E077-4632-8DA8-27214B5ACDA4} = {FE34A376-8F97-4D98-8C84-44A0C1AC01E0}
		{99A470C6-1224-4475-937E-E7CA0266205C} = {FE34A376-8F97-4D98-8C84-44A0C1AC01E0}
		{00916431-5038-44B8-8BDA-4A1B13636F32} = {FE34A376-8F97-4D98-8C84-44A0C1AC01E0}
		{23F6025E-1348-4ABF-A908-C5D360F9D486} = {BA183EBF-FAC1-45AE-9559-09879DB103AC}
		{65D88A79-9239-4BF6-AAD3-29E432A9DEDB} = {D6D69517-7889-4E08-ABEA-D3E069D08A6B}
		{E7BCFD1C-D140-467E-BDFB-C7013DC59171} = {D6D69517-7889-4E08-ABEA-D3E069D08A6B}
		{88D15860-19C3-4E02-A7F1-2E1EACE87963} = {A33D3A48-37FE-46A3-A0BE-E8D7586B862C}
		{93650069-26E9-4E0D-A336-9D02F1039346} = {D6D69517-7889-4E08-ABEA-D3E069D08A6B}
		{0CCA2AFB-1788-44C2-8919-F5CD46BC94AD} = {D6D69517-7889-4E08-ABEA-D3E069D08A6B}
		{230A5D64-C34E-49E0-B5FA-4062AF227211} = {FE34A376-8F97-4D98-8C84-44A0C1AC01E0}
		{F5141A5C-D29F-4870-85D5-277C04A944EC} = {BA183EBF-FAC1-45AE-9559-09879DB103AC}
	EndGlobalSection
	GlobalSection(ExtensibilityGlobals) = postSolution
		SolutionGuid = {23463631-1BA0-41B8-ABA3-1E9741037513}
	EndGlobalSection
EndGlobal
