
Microsoft Visual Studio Solution File, Format Version 12.00
# Visual Studio Version 16
VisualStudioVersion = 16.0.31605.320
MinimumVisualStudioVersion = 10.0.40219.1
Project("{9A19103F-16F7-4668-BE54-9A1E7A4F7556}") = "StartProject.UI", "src\StartProject.UI\StartProject.UI.csproj", "{16013737-F584-45F2-A176-6C1AA6784918}"
EndProject
Project("{9A19103F-16F7-4668-BE54-9A1E7A4F7556}") = "Moryx.Resources.UI.Interaction", "src\Moryx.Resources.UI.Interaction\Moryx.Resources.UI.Interaction.csproj", "{E0BF3F3A-2E2D-442F-BEA8-A585DC96AD99}"
EndProject
Project("{2150E333-8FDC-42A3-9474-1A3956D46DE8}") = "Resources", "Resources", "{F764D8C4-27E3-4B2D-A1AF-EE90CDB519F5}"
EndProject
Project("{2150E333-8FDC-42A3-9474-1A3956D46DE8}") = "Products", "Products", "{450C0703-D75E-4363-A2C3-DCA629AFB970}"
EndProject
Project("{9A19103F-16F7-4668-BE54-9A1E7A4F7556}") = "Moryx.Resources.UI", "src\Moryx.Resources.UI\Moryx.Resources.UI.csproj", "{AFE31117-C539-48F9-8EA5-4044AAA22C69}"
EndProject
Project("{9A19103F-16F7-4668-BE54-9A1E7A4F7556}") = "Moryx.Products.UI.Interaction", "src\Moryx.Products.UI.Interaction\Moryx.Products.UI.Interaction.csproj", "{55DAA8ED-0729-4FF7-B262-E8C0F99022F3}"
EndProject
Project("{9A19103F-16F7-4668-BE54-9A1E7A4F7556}") = "Moryx.Products.UI", "src\Moryx.Products.UI\Moryx.Products.UI.csproj", "{E04D4A2D-70FC-48CF-A412-853CE51D5D40}"
EndProject
Project("{9A19103F-16F7-4668-BE54-9A1E7A4F7556}") = "Moryx.AbstractionLayer.UI", "src\Moryx.AbstractionLayer.UI\Moryx.AbstractionLayer.UI.csproj", "{B9920541-7E0E-4CDE-B195-B18589A2BBB1}"
EndProject
Project("{2150E333-8FDC-42A3-9474-1A3956D46DE8}") = "Tests", "Tests", "{572192C7-12A6-4CA9-9976-A0778615D9E4}"
EndProject
Project("{9A19103F-16F7-4668-BE54-9A1E7A4F7556}") = "Moryx.AbstractionLayer.UI.Tests", "src\Tests\Moryx.AbstractionLayer.UI.Tests\Moryx.AbstractionLayer.UI.Tests.csproj", "{47B9DE3F-18D2-4C36-AD35-7EF06A799ED0}"
EndProject
Global
	GlobalSection(SolutionConfigurationPlatforms) = preSolution
		Debug|Any CPU = Debug|Any CPU
		Release|Any CPU = Release|Any CPU
	EndGlobalSection
	GlobalSection(ProjectConfigurationPlatforms) = postSolution
		{16013737-F584-45F2-A176-6C1AA6784918}.Debug|Any CPU.ActiveCfg = Debug|Any CPU
		{16013737-F584-45F2-A176-6C1AA6784918}.Debug|Any CPU.Build.0 = Debug|Any CPU
		{16013737-F584-45F2-A176-6C1AA6784918}.Release|Any CPU.ActiveCfg = Release|Any CPU
		{16013737-F584-45F2-A176-6C1AA6784918}.Release|Any CPU.Build.0 = Release|Any CPU
		{E0BF3F3A-2E2D-442F-BEA8-A585DC96AD99}.Debug|Any CPU.ActiveCfg = Debug|Any CPU
		{E0BF3F3A-2E2D-442F-BEA8-A585DC96AD99}.Debug|Any CPU.Build.0 = Debug|Any CPU
		{E0BF3F3A-2E2D-442F-BEA8-A585DC96AD99}.Release|Any CPU.ActiveCfg = Release|Any CPU
		{E0BF3F3A-2E2D-442F-BEA8-A585DC96AD99}.Release|Any CPU.Build.0 = Release|Any CPU
		{AFE31117-C539-48F9-8EA5-4044AAA22C69}.Debug|Any CPU.ActiveCfg = Debug|Any CPU
		{AFE31117-C539-48F9-8EA5-4044AAA22C69}.Debug|Any CPU.Build.0 = Debug|Any CPU
		{AFE31117-C539-48F9-8EA5-4044AAA22C69}.Release|Any CPU.ActiveCfg = Release|Any CPU
		{AFE31117-C539-48F9-8EA5-4044AAA22C69}.Release|Any CPU.Build.0 = Release|Any CPU
		{55DAA8ED-0729-4FF7-B262-E8C0F99022F3}.Debug|Any CPU.ActiveCfg = Debug|Any CPU
		{55DAA8ED-0729-4FF7-B262-E8C0F99022F3}.Debug|Any CPU.Build.0 = Debug|Any CPU
		{55DAA8ED-0729-4FF7-B262-E8C0F99022F3}.Release|Any CPU.ActiveCfg = Release|Any CPU
		{55DAA8ED-0729-4FF7-B262-E8C0F99022F3}.Release|Any CPU.Build.0 = Release|Any CPU
		{E04D4A2D-70FC-48CF-A412-853CE51D5D40}.Debug|Any CPU.ActiveCfg = Debug|Any CPU
		{E04D4A2D-70FC-48CF-A412-853CE51D5D40}.Debug|Any CPU.Build.0 = Debug|Any CPU
		{E04D4A2D-70FC-48CF-A412-853CE51D5D40}.Release|Any CPU.ActiveCfg = Release|Any CPU
		{E04D4A2D-70FC-48CF-A412-853CE51D5D40}.Release|Any CPU.Build.0 = Release|Any CPU
		{B9920541-7E0E-4CDE-B195-B18589A2BBB1}.Debug|Any CPU.ActiveCfg = Debug|Any CPU
		{B9920541-7E0E-4CDE-B195-B18589A2BBB1}.Debug|Any CPU.Build.0 = Debug|Any CPU
		{B9920541-7E0E-4CDE-B195-B18589A2BBB1}.Release|Any CPU.ActiveCfg = Release|Any CPU
		{B9920541-7E0E-4CDE-B195-B18589A2BBB1}.Release|Any CPU.Build.0 = Release|Any CPU
		{47B9DE3F-18D2-4C36-AD35-7EF06A799ED0}.Debug|Any CPU.ActiveCfg = Debug|Any CPU
		{47B9DE3F-18D2-4C36-AD35-7EF06A799ED0}.Debug|Any CPU.Build.0 = Debug|Any CPU
		{47B9DE3F-18D2-4C36-AD35-7EF06A799ED0}.Release|Any CPU.ActiveCfg = Release|Any CPU
		{47B9DE3F-18D2-4C36-AD35-7EF06A799ED0}.Release|Any CPU.Build.0 = Release|Any CPU
	EndGlobalSection
	GlobalSection(SolutionProperties) = preSolution
		HideSolutionNode = FALSE
	EndGlobalSection
	GlobalSection(NestedProjects) = preSolution
		{E0BF3F3A-2E2D-442F-BEA8-A585DC96AD99} = {F764D8C4-27E3-4B2D-A1AF-EE90CDB519F5}
		{AFE31117-C539-48F9-8EA5-4044AAA22C69} = {F764D8C4-27E3-4B2D-A1AF-EE90CDB519F5}
		{55DAA8ED-0729-4FF7-B262-E8C0F99022F3} = {450C0703-D75E-4363-A2C3-DCA629AFB970}
		{E04D4A2D-70FC-48CF-A412-853CE51D5D40} = {450C0703-D75E-4363-A2C3-DCA629AFB970}
		{47B9DE3F-18D2-4C36-AD35-7EF06A799ED0} = {572192C7-12A6-4CA9-9976-A0778615D9E4}
	EndGlobalSection
	GlobalSection(ExtensibilityGlobals) = postSolution
		SolutionGuid = {F259B0D1-D4BF-4A02-9C98-6B3E9D89D55D}
	EndGlobalSection
EndGlobal
