
Microsoft Visual Studio Solution File, Format Version 12.00
# Visual Studio 14
VisualStudioVersion = 14.0.25420.1
MinimumVisualStudioVersion = 10.0.40219.1
Project("{2150E333-8FDC-42A3-9474-1A3956D46DE8}") = "UnitTests", "UnitTests", "{D6D69517-7889-4E08-ABEA-D3E069D08A6B}"
EndProject
Project("{FAE04EC0-301F-11D3-BF4B-00C04F79EFBC}") = "Marvin.AbstractionLayer", "AbstractionLayer\Marvin.AbstractionLayer.csproj", "{841F50C1-DEC0-48D8-92D1-F860450940D8}"
EndProject
Project("{2150E333-8FDC-42A3-9474-1A3956D46DE8}") = "IntegrationTests", "IntegrationTests", "{A33D3A48-37FE-46A3-A0BE-E8D7586B862C}"
EndProject
Project("{FAE04EC0-301F-11D3-BF4B-00C04F79EFBC}") = "Marvin.Resources.Model", "Resources\Marvin.Resources.Model\Marvin.Resources.Model.csproj", "{E803D4A1-80DA-40B7-B70C-42C4ED289F59}"
EndProject
Project("{2150E333-8FDC-42A3-9474-1A3956D46DE8}") = "Resources", "Resources", "{BA183EBF-FAC1-45AE-9559-09879DB103AC}"
EndProject
Project("{2150E333-8FDC-42A3-9474-1A3956D46DE8}") = "Notifications", "Notifications", "{1487B4B0-C817-40CD-9C74-0E56044E49BB}"
EndProject
Project("{FAE04EC0-301F-11D3-BF4B-00C04F79EFBC}") = "Marvin.Notifications", "Notifications\Marvin.Notifications\Marvin.Notifications.csproj", "{4FB1BCA9-BD6D-478A-93C5-5CD4DE2A2337}"
EndProject
Project("{FAE04EC0-301F-11D3-BF4B-00C04F79EFBC}") = "Marvin.Resources.Management", "Resources\Marvin.Resources.Management\Marvin.Resources.Management.csproj", "{4CA4F6B5-4C26-4B99-8FB9-937971883083}"
EndProject
Project("{2150E333-8FDC-42A3-9474-1A3956D46DE8}") = "Tests", "Tests", "{C1C2F4BB-FF3F-4239-A20A-15B56B541B4E}"
EndProject
Project("{2150E333-8FDC-42A3-9474-1A3956D46DE8}") = "Products", "Products", "{FE34A376-8F97-4D98-8C84-44A0C1AC01E0}"
EndProject
Project("{FAE04EC0-301F-11D3-BF4B-00C04F79EFBC}") = "Marvin.Products.Management", "Products\Marvin.Products.Management\Marvin.Products.Management.csproj", "{650756A0-E077-4632-8DA8-27214B5ACDA4}"
EndProject
Project("{FAE04EC0-301F-11D3-BF4B-00C04F79EFBC}") = "Marvin.Products.Model", "Products\Marvin.Products.Model\Marvin.Products.Model.csproj", "{99A470C6-1224-4475-937E-E7CA0266205C}"
EndProject
Project("{FAE04EC0-301F-11D3-BF4B-00C04F79EFBC}") = "Marvin.Products.Samples", "Products\Marvin.Products.Samples\Marvin.Products.Samples.csproj", "{00916431-5038-44B8-8BDA-4A1B13636F32}"
EndProject
Project("{FAE04EC0-301F-11D3-BF4B-00C04F79EFBC}") = "Marvin.Resources.Samples", "Resources\Marvin.Resources.Samples\Marvin.Resources.Samples.csproj", "{23F6025E-1348-4ABF-A908-C5D360F9D486}"
EndProject
Project("{FAE04EC0-301F-11D3-BF4B-00C04F79EFBC}") = "Marvin.Resources.Management.Tests", "Tests\Marvin.Resources.Management.Tests\Marvin.Resources.Management.Tests.csproj", "{65D88A79-9239-4BF6-AAD3-29E432A9DEDB}"
EndProject
Project("{FAE04EC0-301F-11D3-BF4B-00C04F79EFBC}") = "Marvin.AbstractionLayer.Tests", "Tests\Marvin.AbstractionLayer.Tests\Marvin.AbstractionLayer.Tests.csproj", "{E7BCFD1C-D140-467E-BDFB-C7013DC59171}"
EndProject
Project("{FAE04EC0-301F-11D3-BF4B-00C04F79EFBC}") = "Marvin.Products.IntegrationTests", "IntegrationTests\Marvin.Products.IntegrationTests\Marvin.Products.IntegrationTests.csproj", "{88D15860-19C3-4E02-A7F1-2E1EACE87963}"
EndProject
Project("{FAE04EC0-301F-11D3-BF4B-00C04F79EFBC}") = "Marvin.Notifications.Tests", "Tests\Marvin.Notifications.Tests\Marvin.Notifications.Tests.csproj", "{93650069-26E9-4E0D-A336-9D02F1039346}"
EndProject
Global
	GlobalSection(SolutionConfigurationPlatforms) = preSolution
		Debug|Any CPU = Debug|Any CPU
		Release|Any CPU = Release|Any CPU
	EndGlobalSection
	GlobalSection(ProjectConfigurationPlatforms) = postSolution
		{841F50C1-DEC0-48D8-92D1-F860450940D8}.Debug|Any CPU.ActiveCfg = Debug|Any CPU
		{841F50C1-DEC0-48D8-92D1-F860450940D8}.Debug|Any CPU.Build.0 = Debug|Any CPU
		{841F50C1-DEC0-48D8-92D1-F860450940D8}.Release|Any CPU.ActiveCfg = Release|Any CPU
		{841F50C1-DEC0-48D8-92D1-F860450940D8}.Release|Any CPU.Build.0 = Release|Any CPU
		{E803D4A1-80DA-40B7-B70C-42C4ED289F59}.Debug|Any CPU.ActiveCfg = Debug|Any CPU
		{E803D4A1-80DA-40B7-B70C-42C4ED289F59}.Debug|Any CPU.Build.0 = Debug|Any CPU
		{E803D4A1-80DA-40B7-B70C-42C4ED289F59}.Release|Any CPU.ActiveCfg = Release|Any CPU
		{E803D4A1-80DA-40B7-B70C-42C4ED289F59}.Release|Any CPU.Build.0 = Release|Any CPU
		{4FB1BCA9-BD6D-478A-93C5-5CD4DE2A2337}.Debug|Any CPU.ActiveCfg = Debug|Any CPU
		{4FB1BCA9-BD6D-478A-93C5-5CD4DE2A2337}.Debug|Any CPU.Build.0 = Debug|Any CPU
		{4FB1BCA9-BD6D-478A-93C5-5CD4DE2A2337}.Release|Any CPU.ActiveCfg = Release|Any CPU
		{4FB1BCA9-BD6D-478A-93C5-5CD4DE2A2337}.Release|Any CPU.Build.0 = Release|Any CPU
		{4CA4F6B5-4C26-4B99-8FB9-937971883083}.Debug|Any CPU.ActiveCfg = Debug|Any CPU
		{4CA4F6B5-4C26-4B99-8FB9-937971883083}.Debug|Any CPU.Build.0 = Debug|Any CPU
		{4CA4F6B5-4C26-4B99-8FB9-937971883083}.Release|Any CPU.ActiveCfg = Release|Any CPU
		{4CA4F6B5-4C26-4B99-8FB9-937971883083}.Release|Any CPU.Build.0 = Release|Any CPU
		{650756A0-E077-4632-8DA8-27214B5ACDA4}.Debug|Any CPU.ActiveCfg = Debug|Any CPU
		{650756A0-E077-4632-8DA8-27214B5ACDA4}.Debug|Any CPU.Build.0 = Debug|Any CPU
		{650756A0-E077-4632-8DA8-27214B5ACDA4}.Release|Any CPU.ActiveCfg = Release|Any CPU
		{650756A0-E077-4632-8DA8-27214B5ACDA4}.Release|Any CPU.Build.0 = Release|Any CPU
		{99A470C6-1224-4475-937E-E7CA0266205C}.Debug|Any CPU.ActiveCfg = Debug|Any CPU
		{99A470C6-1224-4475-937E-E7CA0266205C}.Debug|Any CPU.Build.0 = Debug|Any CPU
		{99A470C6-1224-4475-937E-E7CA0266205C}.Release|Any CPU.ActiveCfg = Release|Any CPU
		{99A470C6-1224-4475-937E-E7CA0266205C}.Release|Any CPU.Build.0 = Release|Any CPU
		{00916431-5038-44B8-8BDA-4A1B13636F32}.Debug|Any CPU.ActiveCfg = Debug|Any CPU
		{00916431-5038-44B8-8BDA-4A1B13636F32}.Debug|Any CPU.Build.0 = Debug|Any CPU
		{00916431-5038-44B8-8BDA-4A1B13636F32}.Release|Any CPU.ActiveCfg = Release|Any CPU
		{00916431-5038-44B8-8BDA-4A1B13636F32}.Release|Any CPU.Build.0 = Release|Any CPU
		{23F6025E-1348-4ABF-A908-C5D360F9D486}.Debug|Any CPU.ActiveCfg = Debug|Any CPU
		{23F6025E-1348-4ABF-A908-C5D360F9D486}.Debug|Any CPU.Build.0 = Debug|Any CPU
		{23F6025E-1348-4ABF-A908-C5D360F9D486}.Release|Any CPU.ActiveCfg = Release|Any CPU
		{23F6025E-1348-4ABF-A908-C5D360F9D486}.Release|Any CPU.Build.0 = Release|Any CPU
		{65D88A79-9239-4BF6-AAD3-29E432A9DEDB}.Debug|Any CPU.ActiveCfg = Debug|Any CPU
		{65D88A79-9239-4BF6-AAD3-29E432A9DEDB}.Debug|Any CPU.Build.0 = Debug|Any CPU
		{65D88A79-9239-4BF6-AAD3-29E432A9DEDB}.Release|Any CPU.ActiveCfg = Release|Any CPU
		{65D88A79-9239-4BF6-AAD3-29E432A9DEDB}.Release|Any CPU.Build.0 = Release|Any CPU
		{E7BCFD1C-D140-467E-BDFB-C7013DC59171}.Debug|Any CPU.ActiveCfg = Debug|Any CPU
		{E7BCFD1C-D140-467E-BDFB-C7013DC59171}.Debug|Any CPU.Build.0 = Debug|Any CPU
		{E7BCFD1C-D140-467E-BDFB-C7013DC59171}.Release|Any CPU.ActiveCfg = Release|Any CPU
		{E7BCFD1C-D140-467E-BDFB-C7013DC59171}.Release|Any CPU.Build.0 = Release|Any CPU
		{88D15860-19C3-4E02-A7F1-2E1EACE87963}.Debug|Any CPU.ActiveCfg = Debug|Any CPU
		{88D15860-19C3-4E02-A7F1-2E1EACE87963}.Debug|Any CPU.Build.0 = Debug|Any CPU
		{88D15860-19C3-4E02-A7F1-2E1EACE87963}.Release|Any CPU.ActiveCfg = Release|Any CPU
		{88D15860-19C3-4E02-A7F1-2E1EACE87963}.Release|Any CPU.Build.0 = Release|Any CPU
		{93650069-26E9-4E0D-A336-9D02F1039346}.Debug|Any CPU.ActiveCfg = Debug|Any CPU
		{93650069-26E9-4E0D-A336-9D02F1039346}.Debug|Any CPU.Build.0 = Debug|Any CPU
		{93650069-26E9-4E0D-A336-9D02F1039346}.Release|Any CPU.ActiveCfg = Release|Any CPU
		{93650069-26E9-4E0D-A336-9D02F1039346}.Release|Any CPU.Build.0 = Release|Any CPU
	EndGlobalSection
	GlobalSection(SolutionProperties) = preSolution
		HideSolutionNode = FALSE
	EndGlobalSection
	GlobalSection(NestedProjects) = preSolution
		{D6D69517-7889-4E08-ABEA-D3E069D08A6B} = {C1C2F4BB-FF3F-4239-A20A-15B56B541B4E}
		{A33D3A48-37FE-46A3-A0BE-E8D7586B862C} = {C1C2F4BB-FF3F-4239-A20A-15B56B541B4E}
		{E803D4A1-80DA-40B7-B70C-42C4ED289F59} = {BA183EBF-FAC1-45AE-9559-09879DB103AC}
		{4FB1BCA9-BD6D-478A-93C5-5CD4DE2A2337} = {1487B4B0-C817-40CD-9C74-0E56044E49BB}
		{4CA4F6B5-4C26-4B99-8FB9-937971883083} = {BA183EBF-FAC1-45AE-9559-09879DB103AC}
		{650756A0-E077-4632-8DA8-27214B5ACDA4} = {FE34A376-8F97-4D98-8C84-44A0C1AC01E0}
		{99A470C6-1224-4475-937E-E7CA0266205C} = {FE34A376-8F97-4D98-8C84-44A0C1AC01E0}
		{00916431-5038-44B8-8BDA-4A1B13636F32} = {FE34A376-8F97-4D98-8C84-44A0C1AC01E0}
		{23F6025E-1348-4ABF-A908-C5D360F9D486} = {BA183EBF-FAC1-45AE-9559-09879DB103AC}
		{65D88A79-9239-4BF6-AAD3-29E432A9DEDB} = {D6D69517-7889-4E08-ABEA-D3E069D08A6B}
		{E7BCFD1C-D140-467E-BDFB-C7013DC59171} = {D6D69517-7889-4E08-ABEA-D3E069D08A6B}
		{88D15860-19C3-4E02-A7F1-2E1EACE87963} = {A33D3A48-37FE-46A3-A0BE-E8D7586B862C}
		{93650069-26E9-4E0D-A336-9D02F1039346} = {D6D69517-7889-4E08-ABEA-D3E069D08A6B}
	EndGlobalSection
EndGlobal
