
Microsoft Visual Studio Solution File, Format Version 12.00
# Visual Studio Version 16
VisualStudioVersion = 16.0.29905.134
MinimumVisualStudioVersion = 10.0.40219.1
Project("{FAE04EC0-301F-11D3-BF4B-00C04F79EFBC}") = "StartProject", "src\StartProject\StartProject.csproj", "{8441A356-C5A8-41B4-B7EE-D0411664D8AA}"
EndProject
Project("{FAE04EC0-301F-11D3-BF4B-00C04F79EFBC}") = "Marvin.Runtime", "src\Marvin.Runtime\Marvin.Runtime.csproj", "{92777E64-9978-40AE-8B90-93ECBBBEFE67}"
EndProject
Project("{FAE04EC0-301F-11D3-BF4B-00C04F79EFBC}") = "Marvin.Runtime.Kernel", "src\Marvin.Runtime.Kernel\Marvin.Runtime.Kernel.csproj", "{8FF77F62-43C3-40FE-9DFE-01A53FE8A68E}"
EndProject
Project("{FAE04EC0-301F-11D3-BF4B-00C04F79EFBC}") = "Marvin.Runtime.Maintenance", "src\Marvin.Runtime.Maintenance\Marvin.Runtime.Maintenance.csproj", "{EB039D46-906F-44BF-AC37-B3B3634A4442}"
EndProject
Project("{FAE04EC0-301F-11D3-BF4B-00C04F79EFBC}") = "Marvin.Runtime.Kernel.Tests", "src\Tests\Marvin.Runtime.Kernel.Tests\Marvin.Runtime.Kernel.Tests.csproj", "{0F2C9C4B-E9B7-43DD-9B25-72402E583D90}"
EndProject
Project("{FAE04EC0-301F-11D3-BF4B-00C04F79EFBC}") = "Marvin.Runtime.SystemTests", "src\Tests\Marvin.Runtime.SystemTests\Marvin.Runtime.SystemTests.csproj", "{B47E0CB5-A3EC-4ED6-BCBF-9E3BEA6ABF5D}"
EndProject
Project("{FAE04EC0-301F-11D3-BF4B-00C04F79EFBC}") = "Marvin.DependentTestModule", "src\DependentTestModule\Marvin.DependentTestModule.csproj", "{D8344B1F-9DB3-4E85-9195-6FFFECBF6427}"
EndProject
Project("{FAE04EC0-301F-11D3-BF4B-00C04F79EFBC}") = "Marvin.TestModule", "src\TestModule\Marvin.TestModule.csproj", "{24ED97AD-6D04-4DC0-AFCB-C911EF0AA738}"
EndProject
Project("{FAE04EC0-301F-11D3-BF4B-00C04F79EFBC}") = "Marvin.Tools.Wcf.SystemTests", "src\Tests\Marvin.Tools.Wcf.SystemTests\Marvin.Tools.Wcf.SystemTests.csproj", "{74D4C6FE-2E58-4F31-A915-6CF061C0149B}"
EndProject
Project("{2150E333-8FDC-42A3-9474-1A3956D46DE8}") = "SystemTests", "SystemTests", "{63266199-BAA4-4463-998A-240E130A197D}"
EndProject
Project("{2150E333-8FDC-42A3-9474-1A3956D46DE8}") = "Runtime", "Runtime", "{7DCDBDA5-4163-41EA-B24E-9316DFB9F354}"
EndProject
Project("{2150E333-8FDC-42A3-9474-1A3956D46DE8}") = "Tests", "Tests", "{10B4B5A2-3914-48B9-9304-C31338A6D980}"
EndProject
Project("{2150E333-8FDC-42A3-9474-1A3956D46DE8}") = "TestTools", "TestTools", "{953AAE25-26C8-4A28-AB08-61BAFE41B22F}"
EndProject
Project("{FAE04EC0-301F-11D3-BF4B-00C04F79EFBC}") = "Marvin.TestTools.UnitTest", "src\Marvin.TestTools.UnitTest\Marvin.TestTools.UnitTest.csproj", "{505DF475-5FF5-47CC-9E3B-BBE16C359F0E}"
EndProject
Project("{FAE04EC0-301F-11D3-BF4B-00C04F79EFBC}") = "Marvin.Container.TestPlugin", "src\Tests\Marvin.Container.TestPlugin\Marvin.Container.TestPlugin.csproj", "{DD4163B4-1696-4554-961E-DE2A3EB21ECE}"
EndProject
Project("{FAE04EC0-301F-11D3-BF4B-00C04F79EFBC}") = "Marvin.Container.TestRootPlugin", "src\Tests\Marvin.Container.TestRootPlugin\Marvin.Container.TestRootPlugin.csproj", "{7615C9F0-91F1-4E05-A424-6D083B8958C5}"
EndProject
Project("{2150E333-8FDC-42A3-9474-1A3956D46DE8}") = "Plugins", "Plugins", "{DAE7DCE8-AB9B-46A8-808D-6C6C0AAB75A2}"
EndProject
Project("{FAE04EC0-301F-11D3-BF4B-00C04F79EFBC}") = "Marvin.Model", "src\Marvin.Model\Marvin.Model.csproj", "{478DC949-A0B2-46B4-8645-A7DA92589B76}"
EndProject
Project("{2150E333-8FDC-42A3-9474-1A3956D46DE8}") = "IntegrationTests", "IntegrationTests", "{8517D209-5BC1-47BD-A7C7-9CF9ADD9F5B6}"
EndProject
Project("{FAE04EC0-301F-11D3-BF4B-00C04F79EFBC}") = "Marvin.Communication.Sockets.IntegrationTests", "src\Tests\Marvin.Communication.Sockets.IntegrationTests\Marvin.Communication.Sockets.IntegrationTests.csproj", "{FD2AA3C3-F434-4D4F-88C8-3774B48E1D9D}"
EndProject
Project("{FAE04EC0-301F-11D3-BF4B-00C04F79EFBC}") = "Marvin.Container.TestTools", "src\Tests\Marvin.Container.TestTools\Marvin.Container.TestTools.csproj", "{B72AA993-72E5-4D14-BF5E-C2E0E8CF5186}"
EndProject
Project("{2150E333-8FDC-42A3-9474-1A3956D46DE8}") = "UnitTests", "UnitTests", "{0A466330-6ED6-4861-9C94-31B1949CDDB9}"
EndProject
Project("{FAE04EC0-301F-11D3-BF4B-00C04F79EFBC}") = "Marvin.Tools.Wcf.Tests", "src\Tests\Marvin.Tools.Wcf.Tests\Marvin.Tools.Wcf.Tests.csproj", "{A4CA7B7C-5417-4FA9-9E0B-76D4CD4663C9}"
EndProject
Project("{FAE04EC0-301F-11D3-BF4B-00C04F79EFBC}") = "Marvin.TestTools.SystemTest", "src\Marvin.TestTools.SystemTest\Marvin.TestTools.SystemTest.csproj", "{D6DC00C6-9358-4839-84C0-44DF018A74DC}"
EndProject
Project("{FAE04EC0-301F-11D3-BF4B-00C04F79EFBC}") = "Marvin.Tools.Wcf", "src\Marvin.Tools.Wcf\Marvin.Tools.Wcf.csproj", "{05761BAE-8649-470D-9A8A-5C7E9D1A2F3A}"
EndProject
Project("{2150E333-8FDC-42A3-9474-1A3956D46DE8}") = "ManualTests", "ManualTests", "{A9C375AE-201D-46CE-9282-387026C0B2F6}"
EndProject
Project("{FAE04EC0-301F-11D3-BF4B-00C04F79EFBC}") = "Marvin.Workflows.Benchmark", "src\Tests\Marvin.Workflows.Benchmark\Marvin.Workflows.Benchmark.csproj", "{B9FBC616-5D9A-4C82-8DFB-AEFF07A239C8}"
EndProject
Project("{2150E333-8FDC-42A3-9474-1A3956D46DE8}") = "Modules", "Modules", "{DE7526FF-6D25-4643-9AA3-C24253901C8C}"
EndProject
Project("{FAE04EC0-301F-11D3-BF4B-00C04F79EFBC}") = "Marvin.Runtime.Tests", "src\Tests\Marvin.Runtime.Tests\Marvin.Runtime.Tests.csproj", "{7448728C-9965-4874-A2E9-7BAB37E42963}"
EndProject
Project("{FAE04EC0-301F-11D3-BF4B-00C04F79EFBC}") = "Marvin.Model.Tests", "src\Tests\Marvin.Model.Tests\Marvin.Model.Tests.csproj", "{BA61840C-9E77-4454-88E2-7CA4E98EE4BD}"
EndProject
Project("{2150E333-8FDC-42A3-9474-1A3956D46DE8}") = "Model", "Model", "{74112169-6672-4907-A187-F055111940A9}"
EndProject
Project("{FAE04EC0-301F-11D3-BF4B-00C04F79EFBC}") = "Marvin.Model.Npgsql", "src\Marvin.Model.Npgsql\Marvin.Model.Npgsql.csproj", "{70964330-F80E-4E1E-A33B-2021BDE37B2F}"
EndProject
Project("{FAE04EC0-301F-11D3-BF4B-00C04F79EFBC}") = "Marvin.Model.InMemory", "src\Marvin.Model.InMemory\Marvin.Model.InMemory.csproj", "{A734BE85-33DC-4117-BD9C-B5D5B31102E3}"
EndProject
Project("{FAE04EC0-301F-11D3-BF4B-00C04F79EFBC}") = "NpgsqlTest", "src\Tests\NpgsqlTest\NpgsqlTest.csproj", "{C48A8596-6AE0-457D-987D-2FA3C9B51751}"
EndProject
Project("{FAE04EC0-301F-11D3-BF4B-00C04F79EFBC}") = "Marvin.Runtime.UserManagement.DbAuthenticator", "src\Marvin.Runtime.UserManagement.DbAuthenticator\Marvin.Runtime.UserManagement.DbAuthenticator.csproj", "{145CDA7B-9FE9-42B6-83FD-0D82891D2E5D}"
EndProject
Project("{FAE04EC0-301F-11D3-BF4B-00C04F79EFBC}") = "Marvin.TestTools.Test.Model", "src\Marvin.TestTools.Test.Model\Marvin.TestTools.Test.Model.csproj", "{29F12AD7-18DC-4DC3-B97F-BC773AC4C0EB}"
EndProject
Project("{FAE04EC0-301F-11D3-BF4B-00C04F79EFBC}") = "Marvin.TestTools.Test.Inheritance.Model", "src\Marvin.TestTools.Test.Inheritance.Model\Marvin.TestTools.Test.Inheritance.Model.csproj", "{CBF4C42B-488D-44AF-9C60-3CD2C2AA955E}"
EndProject
Project("{9A19103F-16F7-4668-BE54-9A1E7A4F7556}") = "Marvin", "src\Marvin\Marvin.csproj", "{7CD728A5-8FDD-4178-9CA4-3CD37512DA24}"
EndProject
Project("{FAE04EC0-301F-11D3-BF4B-00C04F79EFBC}") = "Marvin.Tests", "src\Tests\Marvin.Tests\Marvin.Tests.csproj", "{9CA8EB0B-E8F3-49B4-9948-92A36F32F334}"
EndProject
Project("{FAE04EC0-301F-11D3-BF4B-00C04F79EFBC}") = "Marvin.Container", "src\Marvin.Container\Marvin.Container.csproj", "{9DEDE968-06EB-4339-8C82-28B418BA1A44}"
EndProject
Project("{9A19103F-16F7-4668-BE54-9A1E7A4F7556}") = "Marvin.Container.Tests", "src\Tests\Marvin.Container.Tests\Marvin.Container.Tests.csproj", "{4FBD4612-B024-4991-BDD5-2BF980D124EA}"
EndProject
Global
	GlobalSection(SolutionConfigurationPlatforms) = preSolution
		Debug|Any CPU = Debug|Any CPU
		Debug|x64 = Debug|x64
		Debug|x86 = Debug|x86
		Release(x86)|Any CPU = Release(x86)|Any CPU
		Release(x86)|x64 = Release(x86)|x64
		Release(x86)|x86 = Release(x86)|x86
		Release|Any CPU = Release|Any CPU
		Release|x64 = Release|x64
		Release|x86 = Release|x86
	EndGlobalSection
	GlobalSection(ProjectConfigurationPlatforms) = postSolution
		{8441A356-C5A8-41B4-B7EE-D0411664D8AA}.Debug|Any CPU.ActiveCfg = Debug|Any CPU
		{8441A356-C5A8-41B4-B7EE-D0411664D8AA}.Debug|Any CPU.Build.0 = Debug|Any CPU
		{8441A356-C5A8-41B4-B7EE-D0411664D8AA}.Debug|x64.ActiveCfg = Debug|Any CPU
		{8441A356-C5A8-41B4-B7EE-D0411664D8AA}.Debug|x64.Build.0 = Debug|Any CPU
		{8441A356-C5A8-41B4-B7EE-D0411664D8AA}.Debug|x86.ActiveCfg = Debug|Any CPU
		{8441A356-C5A8-41B4-B7EE-D0411664D8AA}.Debug|x86.Build.0 = Debug|Any CPU
		{8441A356-C5A8-41B4-B7EE-D0411664D8AA}.Release(x86)|Any CPU.ActiveCfg = Release|Any CPU
		{8441A356-C5A8-41B4-B7EE-D0411664D8AA}.Release(x86)|Any CPU.Build.0 = Release|Any CPU
		{8441A356-C5A8-41B4-B7EE-D0411664D8AA}.Release(x86)|x64.ActiveCfg = Release|Any CPU
		{8441A356-C5A8-41B4-B7EE-D0411664D8AA}.Release(x86)|x64.Build.0 = Release|Any CPU
		{8441A356-C5A8-41B4-B7EE-D0411664D8AA}.Release(x86)|x86.ActiveCfg = Release|Any CPU
		{8441A356-C5A8-41B4-B7EE-D0411664D8AA}.Release(x86)|x86.Build.0 = Release|Any CPU
		{8441A356-C5A8-41B4-B7EE-D0411664D8AA}.Release|Any CPU.ActiveCfg = Release|Any CPU
		{8441A356-C5A8-41B4-B7EE-D0411664D8AA}.Release|Any CPU.Build.0 = Release|Any CPU
		{8441A356-C5A8-41B4-B7EE-D0411664D8AA}.Release|x64.ActiveCfg = Release|Any CPU
		{8441A356-C5A8-41B4-B7EE-D0411664D8AA}.Release|x64.Build.0 = Release|Any CPU
		{8441A356-C5A8-41B4-B7EE-D0411664D8AA}.Release|x86.ActiveCfg = Release|Any CPU
		{8441A356-C5A8-41B4-B7EE-D0411664D8AA}.Release|x86.Build.0 = Release|Any CPU
		{92777E64-9978-40AE-8B90-93ECBBBEFE67}.Debug|Any CPU.ActiveCfg = Debug|Any CPU
		{92777E64-9978-40AE-8B90-93ECBBBEFE67}.Debug|Any CPU.Build.0 = Debug|Any CPU
		{92777E64-9978-40AE-8B90-93ECBBBEFE67}.Debug|x64.ActiveCfg = Debug|Any CPU
		{92777E64-9978-40AE-8B90-93ECBBBEFE67}.Debug|x64.Build.0 = Debug|Any CPU
		{92777E64-9978-40AE-8B90-93ECBBBEFE67}.Debug|x86.ActiveCfg = Debug|Any CPU
		{92777E64-9978-40AE-8B90-93ECBBBEFE67}.Debug|x86.Build.0 = Debug|Any CPU
		{92777E64-9978-40AE-8B90-93ECBBBEFE67}.Release(x86)|Any CPU.ActiveCfg = Release|Any CPU
		{92777E64-9978-40AE-8B90-93ECBBBEFE67}.Release(x86)|Any CPU.Build.0 = Release|Any CPU
		{92777E64-9978-40AE-8B90-93ECBBBEFE67}.Release(x86)|x64.ActiveCfg = Release|Any CPU
		{92777E64-9978-40AE-8B90-93ECBBBEFE67}.Release(x86)|x64.Build.0 = Release|Any CPU
		{92777E64-9978-40AE-8B90-93ECBBBEFE67}.Release(x86)|x86.ActiveCfg = Release|Any CPU
		{92777E64-9978-40AE-8B90-93ECBBBEFE67}.Release(x86)|x86.Build.0 = Release|Any CPU
		{92777E64-9978-40AE-8B90-93ECBBBEFE67}.Release|Any CPU.ActiveCfg = Release|Any CPU
		{92777E64-9978-40AE-8B90-93ECBBBEFE67}.Release|Any CPU.Build.0 = Release|Any CPU
		{92777E64-9978-40AE-8B90-93ECBBBEFE67}.Release|x64.ActiveCfg = Release|Any CPU
		{92777E64-9978-40AE-8B90-93ECBBBEFE67}.Release|x64.Build.0 = Release|Any CPU
		{92777E64-9978-40AE-8B90-93ECBBBEFE67}.Release|x86.ActiveCfg = Release|Any CPU
		{8FF77F62-43C3-40FE-9DFE-01A53FE8A68E}.Debug|Any CPU.ActiveCfg = Debug|Any CPU
		{8FF77F62-43C3-40FE-9DFE-01A53FE8A68E}.Debug|Any CPU.Build.0 = Debug|Any CPU
		{8FF77F62-43C3-40FE-9DFE-01A53FE8A68E}.Debug|x64.ActiveCfg = Debug|Any CPU
		{8FF77F62-43C3-40FE-9DFE-01A53FE8A68E}.Debug|x64.Build.0 = Debug|Any CPU
		{8FF77F62-43C3-40FE-9DFE-01A53FE8A68E}.Debug|x86.ActiveCfg = Debug|Any CPU
		{8FF77F62-43C3-40FE-9DFE-01A53FE8A68E}.Debug|x86.Build.0 = Debug|Any CPU
		{8FF77F62-43C3-40FE-9DFE-01A53FE8A68E}.Release(x86)|Any CPU.ActiveCfg = Release|Any CPU
		{8FF77F62-43C3-40FE-9DFE-01A53FE8A68E}.Release(x86)|Any CPU.Build.0 = Release|Any CPU
		{8FF77F62-43C3-40FE-9DFE-01A53FE8A68E}.Release(x86)|x64.ActiveCfg = Release|Any CPU
		{8FF77F62-43C3-40FE-9DFE-01A53FE8A68E}.Release(x86)|x64.Build.0 = Release|Any CPU
		{8FF77F62-43C3-40FE-9DFE-01A53FE8A68E}.Release(x86)|x86.ActiveCfg = Release|Any CPU
		{8FF77F62-43C3-40FE-9DFE-01A53FE8A68E}.Release(x86)|x86.Build.0 = Release|Any CPU
		{8FF77F62-43C3-40FE-9DFE-01A53FE8A68E}.Release|Any CPU.ActiveCfg = Release|Any CPU
		{8FF77F62-43C3-40FE-9DFE-01A53FE8A68E}.Release|Any CPU.Build.0 = Release|Any CPU
		{8FF77F62-43C3-40FE-9DFE-01A53FE8A68E}.Release|x64.ActiveCfg = Release|Any CPU
		{8FF77F62-43C3-40FE-9DFE-01A53FE8A68E}.Release|x64.Build.0 = Release|Any CPU
		{8FF77F62-43C3-40FE-9DFE-01A53FE8A68E}.Release|x86.ActiveCfg = Release|Any CPU
		{EB039D46-906F-44BF-AC37-B3B3634A4442}.Debug|Any CPU.ActiveCfg = Debug|Any CPU
		{EB039D46-906F-44BF-AC37-B3B3634A4442}.Debug|Any CPU.Build.0 = Debug|Any CPU
		{EB039D46-906F-44BF-AC37-B3B3634A4442}.Debug|x64.ActiveCfg = Debug|Any CPU
		{EB039D46-906F-44BF-AC37-B3B3634A4442}.Debug|x64.Build.0 = Debug|Any CPU
		{EB039D46-906F-44BF-AC37-B3B3634A4442}.Debug|x86.ActiveCfg = Debug|Any CPU
		{EB039D46-906F-44BF-AC37-B3B3634A4442}.Debug|x86.Build.0 = Debug|Any CPU
		{EB039D46-906F-44BF-AC37-B3B3634A4442}.Release(x86)|Any CPU.ActiveCfg = Release|Any CPU
		{EB039D46-906F-44BF-AC37-B3B3634A4442}.Release(x86)|Any CPU.Build.0 = Release|Any CPU
		{EB039D46-906F-44BF-AC37-B3B3634A4442}.Release(x86)|x64.ActiveCfg = Release|Any CPU
		{EB039D46-906F-44BF-AC37-B3B3634A4442}.Release(x86)|x64.Build.0 = Release|Any CPU
		{EB039D46-906F-44BF-AC37-B3B3634A4442}.Release(x86)|x86.ActiveCfg = Release|Any CPU
		{EB039D46-906F-44BF-AC37-B3B3634A4442}.Release(x86)|x86.Build.0 = Release|Any CPU
		{EB039D46-906F-44BF-AC37-B3B3634A4442}.Release|Any CPU.ActiveCfg = Release|Any CPU
		{EB039D46-906F-44BF-AC37-B3B3634A4442}.Release|Any CPU.Build.0 = Release|Any CPU
		{EB039D46-906F-44BF-AC37-B3B3634A4442}.Release|x64.ActiveCfg = Release|Any CPU
		{EB039D46-906F-44BF-AC37-B3B3634A4442}.Release|x86.ActiveCfg = Release|Any CPU
		{0F2C9C4B-E9B7-43DD-9B25-72402E583D90}.Debug|Any CPU.ActiveCfg = Debug|Any CPU
		{0F2C9C4B-E9B7-43DD-9B25-72402E583D90}.Debug|Any CPU.Build.0 = Debug|Any CPU
		{0F2C9C4B-E9B7-43DD-9B25-72402E583D90}.Debug|x64.ActiveCfg = Debug|Any CPU
		{0F2C9C4B-E9B7-43DD-9B25-72402E583D90}.Debug|x64.Build.0 = Debug|Any CPU
		{0F2C9C4B-E9B7-43DD-9B25-72402E583D90}.Debug|x86.ActiveCfg = Debug|Any CPU
		{0F2C9C4B-E9B7-43DD-9B25-72402E583D90}.Debug|x86.Build.0 = Debug|Any CPU
		{0F2C9C4B-E9B7-43DD-9B25-72402E583D90}.Release(x86)|Any CPU.ActiveCfg = Release|Any CPU
		{0F2C9C4B-E9B7-43DD-9B25-72402E583D90}.Release(x86)|Any CPU.Build.0 = Release|Any CPU
		{0F2C9C4B-E9B7-43DD-9B25-72402E583D90}.Release(x86)|x64.ActiveCfg = Release|Any CPU
		{0F2C9C4B-E9B7-43DD-9B25-72402E583D90}.Release(x86)|x64.Build.0 = Release|Any CPU
		{0F2C9C4B-E9B7-43DD-9B25-72402E583D90}.Release(x86)|x86.ActiveCfg = Release|Any CPU
		{0F2C9C4B-E9B7-43DD-9B25-72402E583D90}.Release(x86)|x86.Build.0 = Release|Any CPU
		{0F2C9C4B-E9B7-43DD-9B25-72402E583D90}.Release|Any CPU.ActiveCfg = Release|Any CPU
		{0F2C9C4B-E9B7-43DD-9B25-72402E583D90}.Release|Any CPU.Build.0 = Release|Any CPU
		{0F2C9C4B-E9B7-43DD-9B25-72402E583D90}.Release|x64.ActiveCfg = Release|Any CPU
		{0F2C9C4B-E9B7-43DD-9B25-72402E583D90}.Release|x86.ActiveCfg = Release|Any CPU
		{B47E0CB5-A3EC-4ED6-BCBF-9E3BEA6ABF5D}.Debug|Any CPU.ActiveCfg = Debug|Any CPU
		{B47E0CB5-A3EC-4ED6-BCBF-9E3BEA6ABF5D}.Debug|Any CPU.Build.0 = Debug|Any CPU
		{B47E0CB5-A3EC-4ED6-BCBF-9E3BEA6ABF5D}.Debug|x64.ActiveCfg = Debug|Any CPU
		{B47E0CB5-A3EC-4ED6-BCBF-9E3BEA6ABF5D}.Debug|x64.Build.0 = Debug|Any CPU
		{B47E0CB5-A3EC-4ED6-BCBF-9E3BEA6ABF5D}.Debug|x86.ActiveCfg = Debug|Any CPU
		{B47E0CB5-A3EC-4ED6-BCBF-9E3BEA6ABF5D}.Debug|x86.Build.0 = Debug|Any CPU
		{B47E0CB5-A3EC-4ED6-BCBF-9E3BEA6ABF5D}.Release(x86)|Any CPU.ActiveCfg = Release|Any CPU
		{B47E0CB5-A3EC-4ED6-BCBF-9E3BEA6ABF5D}.Release(x86)|Any CPU.Build.0 = Release|Any CPU
		{B47E0CB5-A3EC-4ED6-BCBF-9E3BEA6ABF5D}.Release(x86)|x64.ActiveCfg = Release|Any CPU
		{B47E0CB5-A3EC-4ED6-BCBF-9E3BEA6ABF5D}.Release(x86)|x64.Build.0 = Release|Any CPU
		{B47E0CB5-A3EC-4ED6-BCBF-9E3BEA6ABF5D}.Release(x86)|x86.ActiveCfg = Release|Any CPU
		{B47E0CB5-A3EC-4ED6-BCBF-9E3BEA6ABF5D}.Release(x86)|x86.Build.0 = Release|Any CPU
		{B47E0CB5-A3EC-4ED6-BCBF-9E3BEA6ABF5D}.Release|Any CPU.ActiveCfg = Release|Any CPU
		{B47E0CB5-A3EC-4ED6-BCBF-9E3BEA6ABF5D}.Release|Any CPU.Build.0 = Release|Any CPU
		{B47E0CB5-A3EC-4ED6-BCBF-9E3BEA6ABF5D}.Release|x64.ActiveCfg = Release|Any CPU
		{B47E0CB5-A3EC-4ED6-BCBF-9E3BEA6ABF5D}.Release|x86.ActiveCfg = Release|Any CPU
		{D8344B1F-9DB3-4E85-9195-6FFFECBF6427}.Debug|Any CPU.ActiveCfg = Debug|Any CPU
		{D8344B1F-9DB3-4E85-9195-6FFFECBF6427}.Debug|Any CPU.Build.0 = Debug|Any CPU
		{D8344B1F-9DB3-4E85-9195-6FFFECBF6427}.Debug|x64.ActiveCfg = Debug|Any CPU
		{D8344B1F-9DB3-4E85-9195-6FFFECBF6427}.Debug|x64.Build.0 = Debug|Any CPU
		{D8344B1F-9DB3-4E85-9195-6FFFECBF6427}.Debug|x86.ActiveCfg = Debug|Any CPU
		{D8344B1F-9DB3-4E85-9195-6FFFECBF6427}.Debug|x86.Build.0 = Debug|Any CPU
		{D8344B1F-9DB3-4E85-9195-6FFFECBF6427}.Release(x86)|Any CPU.ActiveCfg = Release|Any CPU
		{D8344B1F-9DB3-4E85-9195-6FFFECBF6427}.Release(x86)|Any CPU.Build.0 = Release|Any CPU
		{D8344B1F-9DB3-4E85-9195-6FFFECBF6427}.Release(x86)|x64.ActiveCfg = Release|Any CPU
		{D8344B1F-9DB3-4E85-9195-6FFFECBF6427}.Release(x86)|x64.Build.0 = Release|Any CPU
		{D8344B1F-9DB3-4E85-9195-6FFFECBF6427}.Release(x86)|x86.ActiveCfg = Release|Any CPU
		{D8344B1F-9DB3-4E85-9195-6FFFECBF6427}.Release(x86)|x86.Build.0 = Release|Any CPU
		{D8344B1F-9DB3-4E85-9195-6FFFECBF6427}.Release|Any CPU.ActiveCfg = Release|Any CPU
		{D8344B1F-9DB3-4E85-9195-6FFFECBF6427}.Release|Any CPU.Build.0 = Release|Any CPU
		{D8344B1F-9DB3-4E85-9195-6FFFECBF6427}.Release|x64.ActiveCfg = Release|Any CPU
		{D8344B1F-9DB3-4E85-9195-6FFFECBF6427}.Release|x86.ActiveCfg = Release|Any CPU
		{24ED97AD-6D04-4DC0-AFCB-C911EF0AA738}.Debug|Any CPU.ActiveCfg = Debug|Any CPU
		{24ED97AD-6D04-4DC0-AFCB-C911EF0AA738}.Debug|Any CPU.Build.0 = Debug|Any CPU
		{24ED97AD-6D04-4DC0-AFCB-C911EF0AA738}.Debug|x64.ActiveCfg = Debug|Any CPU
		{24ED97AD-6D04-4DC0-AFCB-C911EF0AA738}.Debug|x64.Build.0 = Debug|Any CPU
		{24ED97AD-6D04-4DC0-AFCB-C911EF0AA738}.Debug|x86.ActiveCfg = Debug|Any CPU
		{24ED97AD-6D04-4DC0-AFCB-C911EF0AA738}.Debug|x86.Build.0 = Debug|Any CPU
		{24ED97AD-6D04-4DC0-AFCB-C911EF0AA738}.Release(x86)|Any CPU.ActiveCfg = Release|Any CPU
		{24ED97AD-6D04-4DC0-AFCB-C911EF0AA738}.Release(x86)|Any CPU.Build.0 = Release|Any CPU
		{24ED97AD-6D04-4DC0-AFCB-C911EF0AA738}.Release(x86)|x64.ActiveCfg = Release|Any CPU
		{24ED97AD-6D04-4DC0-AFCB-C911EF0AA738}.Release(x86)|x64.Build.0 = Release|Any CPU
		{24ED97AD-6D04-4DC0-AFCB-C911EF0AA738}.Release(x86)|x86.ActiveCfg = Release|Any CPU
		{24ED97AD-6D04-4DC0-AFCB-C911EF0AA738}.Release(x86)|x86.Build.0 = Release|Any CPU
		{24ED97AD-6D04-4DC0-AFCB-C911EF0AA738}.Release|Any CPU.ActiveCfg = Release|Any CPU
		{24ED97AD-6D04-4DC0-AFCB-C911EF0AA738}.Release|Any CPU.Build.0 = Release|Any CPU
		{24ED97AD-6D04-4DC0-AFCB-C911EF0AA738}.Release|x64.ActiveCfg = Release|Any CPU
		{24ED97AD-6D04-4DC0-AFCB-C911EF0AA738}.Release|x86.ActiveCfg = Release|Any CPU
		{74D4C6FE-2E58-4F31-A915-6CF061C0149B}.Debug|Any CPU.ActiveCfg = Debug|Any CPU
		{74D4C6FE-2E58-4F31-A915-6CF061C0149B}.Debug|Any CPU.Build.0 = Debug|Any CPU
		{74D4C6FE-2E58-4F31-A915-6CF061C0149B}.Debug|x64.ActiveCfg = Debug|Any CPU
		{74D4C6FE-2E58-4F31-A915-6CF061C0149B}.Debug|x64.Build.0 = Debug|Any CPU
		{74D4C6FE-2E58-4F31-A915-6CF061C0149B}.Debug|x86.ActiveCfg = Debug|Any CPU
		{74D4C6FE-2E58-4F31-A915-6CF061C0149B}.Debug|x86.Build.0 = Debug|Any CPU
		{74D4C6FE-2E58-4F31-A915-6CF061C0149B}.Release(x86)|Any CPU.ActiveCfg = Release|Any CPU
		{74D4C6FE-2E58-4F31-A915-6CF061C0149B}.Release(x86)|Any CPU.Build.0 = Release|Any CPU
		{74D4C6FE-2E58-4F31-A915-6CF061C0149B}.Release(x86)|x64.ActiveCfg = Release|Any CPU
		{74D4C6FE-2E58-4F31-A915-6CF061C0149B}.Release(x86)|x64.Build.0 = Release|Any CPU
		{74D4C6FE-2E58-4F31-A915-6CF061C0149B}.Release(x86)|x86.ActiveCfg = Release|Any CPU
		{74D4C6FE-2E58-4F31-A915-6CF061C0149B}.Release(x86)|x86.Build.0 = Release|Any CPU
		{74D4C6FE-2E58-4F31-A915-6CF061C0149B}.Release|Any CPU.ActiveCfg = Release|Any CPU
		{74D4C6FE-2E58-4F31-A915-6CF061C0149B}.Release|Any CPU.Build.0 = Release|Any CPU
		{74D4C6FE-2E58-4F31-A915-6CF061C0149B}.Release|x64.ActiveCfg = Release|Any CPU
		{74D4C6FE-2E58-4F31-A915-6CF061C0149B}.Release|x86.ActiveCfg = Release|Any CPU
		{505DF475-5FF5-47CC-9E3B-BBE16C359F0E}.Debug|Any CPU.ActiveCfg = Debug|Any CPU
		{505DF475-5FF5-47CC-9E3B-BBE16C359F0E}.Debug|Any CPU.Build.0 = Debug|Any CPU
		{505DF475-5FF5-47CC-9E3B-BBE16C359F0E}.Debug|x64.ActiveCfg = Debug|Any CPU
		{505DF475-5FF5-47CC-9E3B-BBE16C359F0E}.Debug|x64.Build.0 = Debug|Any CPU
		{505DF475-5FF5-47CC-9E3B-BBE16C359F0E}.Debug|x86.ActiveCfg = Debug|Any CPU
		{505DF475-5FF5-47CC-9E3B-BBE16C359F0E}.Debug|x86.Build.0 = Debug|Any CPU
		{505DF475-5FF5-47CC-9E3B-BBE16C359F0E}.Release(x86)|Any CPU.ActiveCfg = Release|Any CPU
		{505DF475-5FF5-47CC-9E3B-BBE16C359F0E}.Release(x86)|Any CPU.Build.0 = Release|Any CPU
		{505DF475-5FF5-47CC-9E3B-BBE16C359F0E}.Release(x86)|x64.ActiveCfg = Release|Any CPU
		{505DF475-5FF5-47CC-9E3B-BBE16C359F0E}.Release(x86)|x64.Build.0 = Release|Any CPU
		{505DF475-5FF5-47CC-9E3B-BBE16C359F0E}.Release(x86)|x86.ActiveCfg = Release|Any CPU
		{505DF475-5FF5-47CC-9E3B-BBE16C359F0E}.Release(x86)|x86.Build.0 = Release|Any CPU
		{505DF475-5FF5-47CC-9E3B-BBE16C359F0E}.Release|Any CPU.ActiveCfg = Release|Any CPU
		{505DF475-5FF5-47CC-9E3B-BBE16C359F0E}.Release|Any CPU.Build.0 = Release|Any CPU
		{505DF475-5FF5-47CC-9E3B-BBE16C359F0E}.Release|x64.ActiveCfg = Release|Any CPU
		{505DF475-5FF5-47CC-9E3B-BBE16C359F0E}.Release|x64.Build.0 = Release|Any CPU
		{505DF475-5FF5-47CC-9E3B-BBE16C359F0E}.Release|x86.ActiveCfg = Release|Any CPU
		{505DF475-5FF5-47CC-9E3B-BBE16C359F0E}.Release|x86.Build.0 = Release|Any CPU
		{DD4163B4-1696-4554-961E-DE2A3EB21ECE}.Debug|Any CPU.ActiveCfg = Debug|Any CPU
		{DD4163B4-1696-4554-961E-DE2A3EB21ECE}.Debug|Any CPU.Build.0 = Debug|Any CPU
		{DD4163B4-1696-4554-961E-DE2A3EB21ECE}.Debug|x64.ActiveCfg = Debug|Any CPU
		{DD4163B4-1696-4554-961E-DE2A3EB21ECE}.Debug|x64.Build.0 = Debug|Any CPU
		{DD4163B4-1696-4554-961E-DE2A3EB21ECE}.Debug|x86.ActiveCfg = Debug|Any CPU
		{DD4163B4-1696-4554-961E-DE2A3EB21ECE}.Debug|x86.Build.0 = Debug|Any CPU
		{DD4163B4-1696-4554-961E-DE2A3EB21ECE}.Release(x86)|Any CPU.ActiveCfg = Release|Any CPU
		{DD4163B4-1696-4554-961E-DE2A3EB21ECE}.Release(x86)|Any CPU.Build.0 = Release|Any CPU
		{DD4163B4-1696-4554-961E-DE2A3EB21ECE}.Release(x86)|x64.ActiveCfg = Release|Any CPU
		{DD4163B4-1696-4554-961E-DE2A3EB21ECE}.Release(x86)|x64.Build.0 = Release|Any CPU
		{DD4163B4-1696-4554-961E-DE2A3EB21ECE}.Release(x86)|x86.ActiveCfg = Release|Any CPU
		{DD4163B4-1696-4554-961E-DE2A3EB21ECE}.Release(x86)|x86.Build.0 = Release|Any CPU
		{DD4163B4-1696-4554-961E-DE2A3EB21ECE}.Release|Any CPU.ActiveCfg = Release|Any CPU
		{DD4163B4-1696-4554-961E-DE2A3EB21ECE}.Release|Any CPU.Build.0 = Release|Any CPU
		{DD4163B4-1696-4554-961E-DE2A3EB21ECE}.Release|x64.ActiveCfg = Release|Any CPU
		{DD4163B4-1696-4554-961E-DE2A3EB21ECE}.Release|x64.Build.0 = Release|Any CPU
		{DD4163B4-1696-4554-961E-DE2A3EB21ECE}.Release|x86.ActiveCfg = Release|Any CPU
		{DD4163B4-1696-4554-961E-DE2A3EB21ECE}.Release|x86.Build.0 = Release|Any CPU
		{7615C9F0-91F1-4E05-A424-6D083B8958C5}.Debug|Any CPU.ActiveCfg = Debug|Any CPU
		{7615C9F0-91F1-4E05-A424-6D083B8958C5}.Debug|Any CPU.Build.0 = Debug|Any CPU
		{7615C9F0-91F1-4E05-A424-6D083B8958C5}.Debug|x64.ActiveCfg = Debug|Any CPU
		{7615C9F0-91F1-4E05-A424-6D083B8958C5}.Debug|x64.Build.0 = Debug|Any CPU
		{7615C9F0-91F1-4E05-A424-6D083B8958C5}.Debug|x86.ActiveCfg = Debug|Any CPU
		{7615C9F0-91F1-4E05-A424-6D083B8958C5}.Debug|x86.Build.0 = Debug|Any CPU
		{7615C9F0-91F1-4E05-A424-6D083B8958C5}.Release(x86)|Any CPU.ActiveCfg = Release|Any CPU
		{7615C9F0-91F1-4E05-A424-6D083B8958C5}.Release(x86)|Any CPU.Build.0 = Release|Any CPU
		{7615C9F0-91F1-4E05-A424-6D083B8958C5}.Release(x86)|x64.ActiveCfg = Release|Any CPU
		{7615C9F0-91F1-4E05-A424-6D083B8958C5}.Release(x86)|x64.Build.0 = Release|Any CPU
		{7615C9F0-91F1-4E05-A424-6D083B8958C5}.Release(x86)|x86.ActiveCfg = Release|Any CPU
		{7615C9F0-91F1-4E05-A424-6D083B8958C5}.Release(x86)|x86.Build.0 = Release|Any CPU
		{7615C9F0-91F1-4E05-A424-6D083B8958C5}.Release|Any CPU.ActiveCfg = Release|Any CPU
		{7615C9F0-91F1-4E05-A424-6D083B8958C5}.Release|Any CPU.Build.0 = Release|Any CPU
		{7615C9F0-91F1-4E05-A424-6D083B8958C5}.Release|x64.ActiveCfg = Release|Any CPU
		{7615C9F0-91F1-4E05-A424-6D083B8958C5}.Release|x64.Build.0 = Release|Any CPU
		{7615C9F0-91F1-4E05-A424-6D083B8958C5}.Release|x86.ActiveCfg = Release|Any CPU
		{7615C9F0-91F1-4E05-A424-6D083B8958C5}.Release|x86.Build.0 = Release|Any CPU
		{478DC949-A0B2-46B4-8645-A7DA92589B76}.Debug|Any CPU.ActiveCfg = Debug|Any CPU
		{478DC949-A0B2-46B4-8645-A7DA92589B76}.Debug|Any CPU.Build.0 = Debug|Any CPU
		{478DC949-A0B2-46B4-8645-A7DA92589B76}.Debug|x64.ActiveCfg = Debug|Any CPU
		{478DC949-A0B2-46B4-8645-A7DA92589B76}.Debug|x64.Build.0 = Debug|Any CPU
		{478DC949-A0B2-46B4-8645-A7DA92589B76}.Debug|x86.ActiveCfg = Debug|Any CPU
		{478DC949-A0B2-46B4-8645-A7DA92589B76}.Debug|x86.Build.0 = Debug|Any CPU
		{478DC949-A0B2-46B4-8645-A7DA92589B76}.Release(x86)|Any CPU.ActiveCfg = Release|Any CPU
		{478DC949-A0B2-46B4-8645-A7DA92589B76}.Release(x86)|Any CPU.Build.0 = Release|Any CPU
		{478DC949-A0B2-46B4-8645-A7DA92589B76}.Release(x86)|x64.ActiveCfg = Release|Any CPU
		{478DC949-A0B2-46B4-8645-A7DA92589B76}.Release(x86)|x64.Build.0 = Release|Any CPU
		{478DC949-A0B2-46B4-8645-A7DA92589B76}.Release(x86)|x86.ActiveCfg = Release|Any CPU
		{478DC949-A0B2-46B4-8645-A7DA92589B76}.Release(x86)|x86.Build.0 = Release|Any CPU
		{478DC949-A0B2-46B4-8645-A7DA92589B76}.Release|Any CPU.ActiveCfg = Release|Any CPU
		{478DC949-A0B2-46B4-8645-A7DA92589B76}.Release|Any CPU.Build.0 = Release|Any CPU
		{478DC949-A0B2-46B4-8645-A7DA92589B76}.Release|x64.ActiveCfg = Release|Any CPU
		{478DC949-A0B2-46B4-8645-A7DA92589B76}.Release|x64.Build.0 = Release|Any CPU
		{478DC949-A0B2-46B4-8645-A7DA92589B76}.Release|x86.ActiveCfg = Release|Any CPU
		{478DC949-A0B2-46B4-8645-A7DA92589B76}.Release|x86.Build.0 = Release|Any CPU
		{FD2AA3C3-F434-4D4F-88C8-3774B48E1D9D}.Debug|Any CPU.ActiveCfg = Debug|Any CPU
		{FD2AA3C3-F434-4D4F-88C8-3774B48E1D9D}.Debug|Any CPU.Build.0 = Debug|Any CPU
		{FD2AA3C3-F434-4D4F-88C8-3774B48E1D9D}.Debug|x64.ActiveCfg = Debug|Any CPU
		{FD2AA3C3-F434-4D4F-88C8-3774B48E1D9D}.Debug|x64.Build.0 = Debug|Any CPU
		{FD2AA3C3-F434-4D4F-88C8-3774B48E1D9D}.Debug|x86.ActiveCfg = Debug|Any CPU
		{FD2AA3C3-F434-4D4F-88C8-3774B48E1D9D}.Debug|x86.Build.0 = Debug|Any CPU
		{FD2AA3C3-F434-4D4F-88C8-3774B48E1D9D}.Release(x86)|Any CPU.ActiveCfg = Release|Any CPU
		{FD2AA3C3-F434-4D4F-88C8-3774B48E1D9D}.Release(x86)|Any CPU.Build.0 = Release|Any CPU
		{FD2AA3C3-F434-4D4F-88C8-3774B48E1D9D}.Release(x86)|x64.ActiveCfg = Release|Any CPU
		{FD2AA3C3-F434-4D4F-88C8-3774B48E1D9D}.Release(x86)|x64.Build.0 = Release|Any CPU
		{FD2AA3C3-F434-4D4F-88C8-3774B48E1D9D}.Release(x86)|x86.ActiveCfg = Release|Any CPU
		{FD2AA3C3-F434-4D4F-88C8-3774B48E1D9D}.Release(x86)|x86.Build.0 = Release|Any CPU
		{FD2AA3C3-F434-4D4F-88C8-3774B48E1D9D}.Release|Any CPU.ActiveCfg = Release|Any CPU
		{FD2AA3C3-F434-4D4F-88C8-3774B48E1D9D}.Release|Any CPU.Build.0 = Release|Any CPU
		{FD2AA3C3-F434-4D4F-88C8-3774B48E1D9D}.Release|x64.ActiveCfg = Release|Any CPU
		{FD2AA3C3-F434-4D4F-88C8-3774B48E1D9D}.Release|x64.Build.0 = Release|Any CPU
		{FD2AA3C3-F434-4D4F-88C8-3774B48E1D9D}.Release|x86.ActiveCfg = Release|Any CPU
		{FD2AA3C3-F434-4D4F-88C8-3774B48E1D9D}.Release|x86.Build.0 = Release|Any CPU
		{B72AA993-72E5-4D14-BF5E-C2E0E8CF5186}.Debug|Any CPU.ActiveCfg = Debug|Any CPU
		{B72AA993-72E5-4D14-BF5E-C2E0E8CF5186}.Debug|Any CPU.Build.0 = Debug|Any CPU
		{B72AA993-72E5-4D14-BF5E-C2E0E8CF5186}.Debug|x64.ActiveCfg = Debug|Any CPU
		{B72AA993-72E5-4D14-BF5E-C2E0E8CF5186}.Debug|x64.Build.0 = Debug|Any CPU
		{B72AA993-72E5-4D14-BF5E-C2E0E8CF5186}.Debug|x86.ActiveCfg = Debug|Any CPU
		{B72AA993-72E5-4D14-BF5E-C2E0E8CF5186}.Debug|x86.Build.0 = Debug|Any CPU
		{B72AA993-72E5-4D14-BF5E-C2E0E8CF5186}.Release(x86)|Any CPU.ActiveCfg = Release|Any CPU
		{B72AA993-72E5-4D14-BF5E-C2E0E8CF5186}.Release(x86)|Any CPU.Build.0 = Release|Any CPU
		{B72AA993-72E5-4D14-BF5E-C2E0E8CF5186}.Release(x86)|x64.ActiveCfg = Release|Any CPU
		{B72AA993-72E5-4D14-BF5E-C2E0E8CF5186}.Release(x86)|x64.Build.0 = Release|Any CPU
		{B72AA993-72E5-4D14-BF5E-C2E0E8CF5186}.Release(x86)|x86.ActiveCfg = Release|Any CPU
		{B72AA993-72E5-4D14-BF5E-C2E0E8CF5186}.Release(x86)|x86.Build.0 = Release|Any CPU
		{B72AA993-72E5-4D14-BF5E-C2E0E8CF5186}.Release|Any CPU.ActiveCfg = Release|Any CPU
		{B72AA993-72E5-4D14-BF5E-C2E0E8CF5186}.Release|Any CPU.Build.0 = Release|Any CPU
		{B72AA993-72E5-4D14-BF5E-C2E0E8CF5186}.Release|x64.ActiveCfg = Release|Any CPU
		{B72AA993-72E5-4D14-BF5E-C2E0E8CF5186}.Release|x64.Build.0 = Release|Any CPU
		{B72AA993-72E5-4D14-BF5E-C2E0E8CF5186}.Release|x86.ActiveCfg = Release|Any CPU
		{B72AA993-72E5-4D14-BF5E-C2E0E8CF5186}.Release|x86.Build.0 = Release|Any CPU
		{A4CA7B7C-5417-4FA9-9E0B-76D4CD4663C9}.Debug|Any CPU.ActiveCfg = Debug|Any CPU
		{A4CA7B7C-5417-4FA9-9E0B-76D4CD4663C9}.Debug|Any CPU.Build.0 = Debug|Any CPU
		{A4CA7B7C-5417-4FA9-9E0B-76D4CD4663C9}.Debug|x64.ActiveCfg = Debug|Any CPU
		{A4CA7B7C-5417-4FA9-9E0B-76D4CD4663C9}.Debug|x64.Build.0 = Debug|Any CPU
		{A4CA7B7C-5417-4FA9-9E0B-76D4CD4663C9}.Debug|x86.ActiveCfg = Debug|Any CPU
		{A4CA7B7C-5417-4FA9-9E0B-76D4CD4663C9}.Debug|x86.Build.0 = Debug|Any CPU
		{A4CA7B7C-5417-4FA9-9E0B-76D4CD4663C9}.Release(x86)|Any CPU.ActiveCfg = Release|Any CPU
		{A4CA7B7C-5417-4FA9-9E0B-76D4CD4663C9}.Release(x86)|Any CPU.Build.0 = Release|Any CPU
		{A4CA7B7C-5417-4FA9-9E0B-76D4CD4663C9}.Release(x86)|x64.ActiveCfg = Release|Any CPU
		{A4CA7B7C-5417-4FA9-9E0B-76D4CD4663C9}.Release(x86)|x64.Build.0 = Release|Any CPU
		{A4CA7B7C-5417-4FA9-9E0B-76D4CD4663C9}.Release(x86)|x86.ActiveCfg = Release|Any CPU
		{A4CA7B7C-5417-4FA9-9E0B-76D4CD4663C9}.Release(x86)|x86.Build.0 = Release|Any CPU
		{A4CA7B7C-5417-4FA9-9E0B-76D4CD4663C9}.Release|Any CPU.ActiveCfg = Release|Any CPU
		{A4CA7B7C-5417-4FA9-9E0B-76D4CD4663C9}.Release|Any CPU.Build.0 = Release|Any CPU
		{A4CA7B7C-5417-4FA9-9E0B-76D4CD4663C9}.Release|x64.ActiveCfg = Release|Any CPU
		{A4CA7B7C-5417-4FA9-9E0B-76D4CD4663C9}.Release|x64.Build.0 = Release|Any CPU
		{A4CA7B7C-5417-4FA9-9E0B-76D4CD4663C9}.Release|x86.ActiveCfg = Release|Any CPU
		{A4CA7B7C-5417-4FA9-9E0B-76D4CD4663C9}.Release|x86.Build.0 = Release|Any CPU
		{D6DC00C6-9358-4839-84C0-44DF018A74DC}.Debug|Any CPU.ActiveCfg = Debug|Any CPU
		{D6DC00C6-9358-4839-84C0-44DF018A74DC}.Debug|Any CPU.Build.0 = Debug|Any CPU
		{D6DC00C6-9358-4839-84C0-44DF018A74DC}.Debug|x64.ActiveCfg = Debug|Any CPU
		{D6DC00C6-9358-4839-84C0-44DF018A74DC}.Debug|x64.Build.0 = Debug|Any CPU
		{D6DC00C6-9358-4839-84C0-44DF018A74DC}.Debug|x86.ActiveCfg = Debug|Any CPU
		{D6DC00C6-9358-4839-84C0-44DF018A74DC}.Debug|x86.Build.0 = Debug|Any CPU
		{D6DC00C6-9358-4839-84C0-44DF018A74DC}.Release(x86)|Any CPU.ActiveCfg = Release|Any CPU
		{D6DC00C6-9358-4839-84C0-44DF018A74DC}.Release(x86)|Any CPU.Build.0 = Release|Any CPU
		{D6DC00C6-9358-4839-84C0-44DF018A74DC}.Release(x86)|x64.ActiveCfg = Release|Any CPU
		{D6DC00C6-9358-4839-84C0-44DF018A74DC}.Release(x86)|x64.Build.0 = Release|Any CPU
		{D6DC00C6-9358-4839-84C0-44DF018A74DC}.Release(x86)|x86.ActiveCfg = Release|Any CPU
		{D6DC00C6-9358-4839-84C0-44DF018A74DC}.Release(x86)|x86.Build.0 = Release|Any CPU
		{D6DC00C6-9358-4839-84C0-44DF018A74DC}.Release|Any CPU.ActiveCfg = Release|Any CPU
		{D6DC00C6-9358-4839-84C0-44DF018A74DC}.Release|Any CPU.Build.0 = Release|Any CPU
		{D6DC00C6-9358-4839-84C0-44DF018A74DC}.Release|x64.ActiveCfg = Release|Any CPU
		{D6DC00C6-9358-4839-84C0-44DF018A74DC}.Release|x64.Build.0 = Release|Any CPU
		{D6DC00C6-9358-4839-84C0-44DF018A74DC}.Release|x86.ActiveCfg = Release|Any CPU
		{D6DC00C6-9358-4839-84C0-44DF018A74DC}.Release|x86.Build.0 = Release|Any CPU
		{05761BAE-8649-470D-9A8A-5C7E9D1A2F3A}.Debug|Any CPU.ActiveCfg = Debug|Any CPU
		{05761BAE-8649-470D-9A8A-5C7E9D1A2F3A}.Debug|Any CPU.Build.0 = Debug|Any CPU
		{05761BAE-8649-470D-9A8A-5C7E9D1A2F3A}.Debug|x64.ActiveCfg = Debug|Any CPU
		{05761BAE-8649-470D-9A8A-5C7E9D1A2F3A}.Debug|x64.Build.0 = Debug|Any CPU
		{05761BAE-8649-470D-9A8A-5C7E9D1A2F3A}.Debug|x86.ActiveCfg = Debug|Any CPU
		{05761BAE-8649-470D-9A8A-5C7E9D1A2F3A}.Debug|x86.Build.0 = Debug|Any CPU
		{05761BAE-8649-470D-9A8A-5C7E9D1A2F3A}.Release(x86)|Any CPU.ActiveCfg = Release|Any CPU
		{05761BAE-8649-470D-9A8A-5C7E9D1A2F3A}.Release(x86)|Any CPU.Build.0 = Release|Any CPU
		{05761BAE-8649-470D-9A8A-5C7E9D1A2F3A}.Release(x86)|x64.ActiveCfg = Release|Any CPU
		{05761BAE-8649-470D-9A8A-5C7E9D1A2F3A}.Release(x86)|x64.Build.0 = Release|Any CPU
		{05761BAE-8649-470D-9A8A-5C7E9D1A2F3A}.Release(x86)|x86.ActiveCfg = Release|Any CPU
		{05761BAE-8649-470D-9A8A-5C7E9D1A2F3A}.Release(x86)|x86.Build.0 = Release|Any CPU
		{05761BAE-8649-470D-9A8A-5C7E9D1A2F3A}.Release|Any CPU.ActiveCfg = Release|Any CPU
		{05761BAE-8649-470D-9A8A-5C7E9D1A2F3A}.Release|Any CPU.Build.0 = Release|Any CPU
		{05761BAE-8649-470D-9A8A-5C7E9D1A2F3A}.Release|x64.ActiveCfg = Release|Any CPU
		{05761BAE-8649-470D-9A8A-5C7E9D1A2F3A}.Release|x64.Build.0 = Release|Any CPU
		{05761BAE-8649-470D-9A8A-5C7E9D1A2F3A}.Release|x86.ActiveCfg = Release|Any CPU
		{05761BAE-8649-470D-9A8A-5C7E9D1A2F3A}.Release|x86.Build.0 = Release|Any CPU
		{B9FBC616-5D9A-4C82-8DFB-AEFF07A239C8}.Debug|Any CPU.ActiveCfg = Debug|Any CPU
		{B9FBC616-5D9A-4C82-8DFB-AEFF07A239C8}.Debug|Any CPU.Build.0 = Debug|Any CPU
		{B9FBC616-5D9A-4C82-8DFB-AEFF07A239C8}.Debug|x64.ActiveCfg = Debug|Any CPU
		{B9FBC616-5D9A-4C82-8DFB-AEFF07A239C8}.Debug|x64.Build.0 = Debug|Any CPU
		{B9FBC616-5D9A-4C82-8DFB-AEFF07A239C8}.Debug|x86.ActiveCfg = Debug|Any CPU
		{B9FBC616-5D9A-4C82-8DFB-AEFF07A239C8}.Debug|x86.Build.0 = Debug|Any CPU
		{B9FBC616-5D9A-4C82-8DFB-AEFF07A239C8}.Release(x86)|Any CPU.ActiveCfg = Release|Any CPU
		{B9FBC616-5D9A-4C82-8DFB-AEFF07A239C8}.Release(x86)|Any CPU.Build.0 = Release|Any CPU
		{B9FBC616-5D9A-4C82-8DFB-AEFF07A239C8}.Release(x86)|x64.ActiveCfg = Release|Any CPU
		{B9FBC616-5D9A-4C82-8DFB-AEFF07A239C8}.Release(x86)|x64.Build.0 = Release|Any CPU
		{B9FBC616-5D9A-4C82-8DFB-AEFF07A239C8}.Release(x86)|x86.ActiveCfg = Release|Any CPU
		{B9FBC616-5D9A-4C82-8DFB-AEFF07A239C8}.Release(x86)|x86.Build.0 = Release|Any CPU
		{B9FBC616-5D9A-4C82-8DFB-AEFF07A239C8}.Release|Any CPU.ActiveCfg = Release|Any CPU
		{B9FBC616-5D9A-4C82-8DFB-AEFF07A239C8}.Release|Any CPU.Build.0 = Release|Any CPU
		{B9FBC616-5D9A-4C82-8DFB-AEFF07A239C8}.Release|x64.ActiveCfg = Release|Any CPU
		{B9FBC616-5D9A-4C82-8DFB-AEFF07A239C8}.Release|x64.Build.0 = Release|Any CPU
		{B9FBC616-5D9A-4C82-8DFB-AEFF07A239C8}.Release|x86.ActiveCfg = Release|Any CPU
		{B9FBC616-5D9A-4C82-8DFB-AEFF07A239C8}.Release|x86.Build.0 = Release|Any CPU
		{7448728C-9965-4874-A2E9-7BAB37E42963}.Debug|Any CPU.ActiveCfg = Debug|Any CPU
		{7448728C-9965-4874-A2E9-7BAB37E42963}.Debug|Any CPU.Build.0 = Debug|Any CPU
		{7448728C-9965-4874-A2E9-7BAB37E42963}.Debug|x64.ActiveCfg = Debug|Any CPU
		{7448728C-9965-4874-A2E9-7BAB37E42963}.Debug|x64.Build.0 = Debug|Any CPU
		{7448728C-9965-4874-A2E9-7BAB37E42963}.Debug|x86.ActiveCfg = Debug|Any CPU
		{7448728C-9965-4874-A2E9-7BAB37E42963}.Debug|x86.Build.0 = Debug|Any CPU
		{7448728C-9965-4874-A2E9-7BAB37E42963}.Release(x86)|Any CPU.ActiveCfg = Release|Any CPU
		{7448728C-9965-4874-A2E9-7BAB37E42963}.Release(x86)|Any CPU.Build.0 = Release|Any CPU
		{7448728C-9965-4874-A2E9-7BAB37E42963}.Release(x86)|x64.ActiveCfg = Release|Any CPU
		{7448728C-9965-4874-A2E9-7BAB37E42963}.Release(x86)|x64.Build.0 = Release|Any CPU
		{7448728C-9965-4874-A2E9-7BAB37E42963}.Release(x86)|x86.ActiveCfg = Release|Any CPU
		{7448728C-9965-4874-A2E9-7BAB37E42963}.Release(x86)|x86.Build.0 = Release|Any CPU
		{7448728C-9965-4874-A2E9-7BAB37E42963}.Release|Any CPU.ActiveCfg = Release|Any CPU
		{7448728C-9965-4874-A2E9-7BAB37E42963}.Release|Any CPU.Build.0 = Release|Any CPU
		{7448728C-9965-4874-A2E9-7BAB37E42963}.Release|x64.ActiveCfg = Release|Any CPU
		{7448728C-9965-4874-A2E9-7BAB37E42963}.Release|x64.Build.0 = Release|Any CPU
		{7448728C-9965-4874-A2E9-7BAB37E42963}.Release|x86.ActiveCfg = Release|Any CPU
		{7448728C-9965-4874-A2E9-7BAB37E42963}.Release|x86.Build.0 = Release|Any CPU
		{BA61840C-9E77-4454-88E2-7CA4E98EE4BD}.Debug|Any CPU.ActiveCfg = Debug|Any CPU
		{BA61840C-9E77-4454-88E2-7CA4E98EE4BD}.Debug|Any CPU.Build.0 = Debug|Any CPU
		{BA61840C-9E77-4454-88E2-7CA4E98EE4BD}.Debug|x64.ActiveCfg = Debug|Any CPU
		{BA61840C-9E77-4454-88E2-7CA4E98EE4BD}.Debug|x64.Build.0 = Debug|Any CPU
		{BA61840C-9E77-4454-88E2-7CA4E98EE4BD}.Debug|x86.ActiveCfg = Debug|Any CPU
		{BA61840C-9E77-4454-88E2-7CA4E98EE4BD}.Debug|x86.Build.0 = Debug|Any CPU
		{BA61840C-9E77-4454-88E2-7CA4E98EE4BD}.Release(x86)|Any CPU.ActiveCfg = Release|Any CPU
		{BA61840C-9E77-4454-88E2-7CA4E98EE4BD}.Release(x86)|Any CPU.Build.0 = Release|Any CPU
		{BA61840C-9E77-4454-88E2-7CA4E98EE4BD}.Release(x86)|x64.ActiveCfg = Release|Any CPU
		{BA61840C-9E77-4454-88E2-7CA4E98EE4BD}.Release(x86)|x64.Build.0 = Release|Any CPU
		{BA61840C-9E77-4454-88E2-7CA4E98EE4BD}.Release(x86)|x86.ActiveCfg = Release|Any CPU
		{BA61840C-9E77-4454-88E2-7CA4E98EE4BD}.Release(x86)|x86.Build.0 = Release|Any CPU
		{BA61840C-9E77-4454-88E2-7CA4E98EE4BD}.Release|Any CPU.ActiveCfg = Release|Any CPU
		{BA61840C-9E77-4454-88E2-7CA4E98EE4BD}.Release|Any CPU.Build.0 = Release|Any CPU
		{BA61840C-9E77-4454-88E2-7CA4E98EE4BD}.Release|x64.ActiveCfg = Release|Any CPU
		{BA61840C-9E77-4454-88E2-7CA4E98EE4BD}.Release|x64.Build.0 = Release|Any CPU
		{BA61840C-9E77-4454-88E2-7CA4E98EE4BD}.Release|x86.ActiveCfg = Release|Any CPU
		{BA61840C-9E77-4454-88E2-7CA4E98EE4BD}.Release|x86.Build.0 = Release|Any CPU
		{70964330-F80E-4E1E-A33B-2021BDE37B2F}.Debug|Any CPU.ActiveCfg = Debug|Any CPU
		{70964330-F80E-4E1E-A33B-2021BDE37B2F}.Debug|Any CPU.Build.0 = Debug|Any CPU
		{70964330-F80E-4E1E-A33B-2021BDE37B2F}.Debug|x64.ActiveCfg = Debug|Any CPU
		{70964330-F80E-4E1E-A33B-2021BDE37B2F}.Debug|x64.Build.0 = Debug|Any CPU
		{70964330-F80E-4E1E-A33B-2021BDE37B2F}.Debug|x86.ActiveCfg = Debug|Any CPU
		{70964330-F80E-4E1E-A33B-2021BDE37B2F}.Debug|x86.Build.0 = Debug|Any CPU
		{70964330-F80E-4E1E-A33B-2021BDE37B2F}.Release(x86)|Any CPU.ActiveCfg = Release|Any CPU
		{70964330-F80E-4E1E-A33B-2021BDE37B2F}.Release(x86)|Any CPU.Build.0 = Release|Any CPU
		{70964330-F80E-4E1E-A33B-2021BDE37B2F}.Release(x86)|x64.ActiveCfg = Release|Any CPU
		{70964330-F80E-4E1E-A33B-2021BDE37B2F}.Release(x86)|x64.Build.0 = Release|Any CPU
		{70964330-F80E-4E1E-A33B-2021BDE37B2F}.Release(x86)|x86.ActiveCfg = Release|Any CPU
		{70964330-F80E-4E1E-A33B-2021BDE37B2F}.Release(x86)|x86.Build.0 = Release|Any CPU
		{70964330-F80E-4E1E-A33B-2021BDE37B2F}.Release|Any CPU.ActiveCfg = Release|Any CPU
		{70964330-F80E-4E1E-A33B-2021BDE37B2F}.Release|Any CPU.Build.0 = Release|Any CPU
		{70964330-F80E-4E1E-A33B-2021BDE37B2F}.Release|x64.ActiveCfg = Release|Any CPU
		{70964330-F80E-4E1E-A33B-2021BDE37B2F}.Release|x64.Build.0 = Release|Any CPU
		{70964330-F80E-4E1E-A33B-2021BDE37B2F}.Release|x86.ActiveCfg = Release|Any CPU
		{70964330-F80E-4E1E-A33B-2021BDE37B2F}.Release|x86.Build.0 = Release|Any CPU
		{A734BE85-33DC-4117-BD9C-B5D5B31102E3}.Debug|Any CPU.ActiveCfg = Debug|Any CPU
		{A734BE85-33DC-4117-BD9C-B5D5B31102E3}.Debug|Any CPU.Build.0 = Debug|Any CPU
		{A734BE85-33DC-4117-BD9C-B5D5B31102E3}.Debug|x64.ActiveCfg = Debug|Any CPU
		{A734BE85-33DC-4117-BD9C-B5D5B31102E3}.Debug|x64.Build.0 = Debug|Any CPU
		{A734BE85-33DC-4117-BD9C-B5D5B31102E3}.Debug|x86.ActiveCfg = Debug|Any CPU
		{A734BE85-33DC-4117-BD9C-B5D5B31102E3}.Debug|x86.Build.0 = Debug|Any CPU
		{A734BE85-33DC-4117-BD9C-B5D5B31102E3}.Release(x86)|Any CPU.ActiveCfg = Release|Any CPU
		{A734BE85-33DC-4117-BD9C-B5D5B31102E3}.Release(x86)|Any CPU.Build.0 = Release|Any CPU
		{A734BE85-33DC-4117-BD9C-B5D5B31102E3}.Release(x86)|x64.ActiveCfg = Release|Any CPU
		{A734BE85-33DC-4117-BD9C-B5D5B31102E3}.Release(x86)|x64.Build.0 = Release|Any CPU
		{A734BE85-33DC-4117-BD9C-B5D5B31102E3}.Release(x86)|x86.ActiveCfg = Release|Any CPU
		{A734BE85-33DC-4117-BD9C-B5D5B31102E3}.Release(x86)|x86.Build.0 = Release|Any CPU
		{A734BE85-33DC-4117-BD9C-B5D5B31102E3}.Release|Any CPU.ActiveCfg = Release|Any CPU
		{A734BE85-33DC-4117-BD9C-B5D5B31102E3}.Release|Any CPU.Build.0 = Release|Any CPU
		{A734BE85-33DC-4117-BD9C-B5D5B31102E3}.Release|x64.ActiveCfg = Release|Any CPU
		{A734BE85-33DC-4117-BD9C-B5D5B31102E3}.Release|x64.Build.0 = Release|Any CPU
		{A734BE85-33DC-4117-BD9C-B5D5B31102E3}.Release|x86.ActiveCfg = Release|Any CPU
		{A734BE85-33DC-4117-BD9C-B5D5B31102E3}.Release|x86.Build.0 = Release|Any CPU
		{C48A8596-6AE0-457D-987D-2FA3C9B51751}.Debug|Any CPU.ActiveCfg = Debug|Any CPU
		{C48A8596-6AE0-457D-987D-2FA3C9B51751}.Debug|Any CPU.Build.0 = Debug|Any CPU
		{C48A8596-6AE0-457D-987D-2FA3C9B51751}.Debug|x64.ActiveCfg = Debug|Any CPU
		{C48A8596-6AE0-457D-987D-2FA3C9B51751}.Debug|x64.Build.0 = Debug|Any CPU
		{C48A8596-6AE0-457D-987D-2FA3C9B51751}.Debug|x86.ActiveCfg = Debug|Any CPU
		{C48A8596-6AE0-457D-987D-2FA3C9B51751}.Debug|x86.Build.0 = Debug|Any CPU
		{C48A8596-6AE0-457D-987D-2FA3C9B51751}.Release(x86)|Any CPU.ActiveCfg = Release|Any CPU
		{C48A8596-6AE0-457D-987D-2FA3C9B51751}.Release(x86)|Any CPU.Build.0 = Release|Any CPU
		{C48A8596-6AE0-457D-987D-2FA3C9B51751}.Release(x86)|x64.ActiveCfg = Release|Any CPU
		{C48A8596-6AE0-457D-987D-2FA3C9B51751}.Release(x86)|x64.Build.0 = Release|Any CPU
		{C48A8596-6AE0-457D-987D-2FA3C9B51751}.Release(x86)|x86.ActiveCfg = Release|Any CPU
		{C48A8596-6AE0-457D-987D-2FA3C9B51751}.Release(x86)|x86.Build.0 = Release|Any CPU
		{C48A8596-6AE0-457D-987D-2FA3C9B51751}.Release|Any CPU.ActiveCfg = Release|Any CPU
		{C48A8596-6AE0-457D-987D-2FA3C9B51751}.Release|Any CPU.Build.0 = Release|Any CPU
		{C48A8596-6AE0-457D-987D-2FA3C9B51751}.Release|x64.ActiveCfg = Release|Any CPU
		{C48A8596-6AE0-457D-987D-2FA3C9B51751}.Release|x64.Build.0 = Release|Any CPU
		{C48A8596-6AE0-457D-987D-2FA3C9B51751}.Release|x86.ActiveCfg = Release|Any CPU
		{C48A8596-6AE0-457D-987D-2FA3C9B51751}.Release|x86.Build.0 = Release|Any CPU
		{145CDA7B-9FE9-42B6-83FD-0D82891D2E5D}.Debug|Any CPU.ActiveCfg = Debug|Any CPU
		{145CDA7B-9FE9-42B6-83FD-0D82891D2E5D}.Debug|Any CPU.Build.0 = Debug|Any CPU
		{145CDA7B-9FE9-42B6-83FD-0D82891D2E5D}.Debug|x64.ActiveCfg = Debug|Any CPU
		{145CDA7B-9FE9-42B6-83FD-0D82891D2E5D}.Debug|x64.Build.0 = Debug|Any CPU
		{145CDA7B-9FE9-42B6-83FD-0D82891D2E5D}.Debug|x86.ActiveCfg = Debug|Any CPU
		{145CDA7B-9FE9-42B6-83FD-0D82891D2E5D}.Debug|x86.Build.0 = Debug|Any CPU
		{145CDA7B-9FE9-42B6-83FD-0D82891D2E5D}.Release(x86)|Any CPU.ActiveCfg = Release|Any CPU
		{145CDA7B-9FE9-42B6-83FD-0D82891D2E5D}.Release(x86)|Any CPU.Build.0 = Release|Any CPU
		{145CDA7B-9FE9-42B6-83FD-0D82891D2E5D}.Release(x86)|x64.ActiveCfg = Release|Any CPU
		{145CDA7B-9FE9-42B6-83FD-0D82891D2E5D}.Release(x86)|x64.Build.0 = Release|Any CPU
		{145CDA7B-9FE9-42B6-83FD-0D82891D2E5D}.Release(x86)|x86.ActiveCfg = Release|Any CPU
		{145CDA7B-9FE9-42B6-83FD-0D82891D2E5D}.Release(x86)|x86.Build.0 = Release|Any CPU
		{145CDA7B-9FE9-42B6-83FD-0D82891D2E5D}.Release|Any CPU.ActiveCfg = Release|Any CPU
		{145CDA7B-9FE9-42B6-83FD-0D82891D2E5D}.Release|Any CPU.Build.0 = Release|Any CPU
		{145CDA7B-9FE9-42B6-83FD-0D82891D2E5D}.Release|x64.ActiveCfg = Release|Any CPU
		{145CDA7B-9FE9-42B6-83FD-0D82891D2E5D}.Release|x64.Build.0 = Release|Any CPU
		{145CDA7B-9FE9-42B6-83FD-0D82891D2E5D}.Release|x86.ActiveCfg = Release|Any CPU
		{145CDA7B-9FE9-42B6-83FD-0D82891D2E5D}.Release|x86.Build.0 = Release|Any CPU
		{29F12AD7-18DC-4DC3-B97F-BC773AC4C0EB}.Debug|Any CPU.ActiveCfg = Debug|Any CPU
		{29F12AD7-18DC-4DC3-B97F-BC773AC4C0EB}.Debug|Any CPU.Build.0 = Debug|Any CPU
		{29F12AD7-18DC-4DC3-B97F-BC773AC4C0EB}.Debug|x64.ActiveCfg = Debug|Any CPU
		{29F12AD7-18DC-4DC3-B97F-BC773AC4C0EB}.Debug|x64.Build.0 = Debug|Any CPU
		{29F12AD7-18DC-4DC3-B97F-BC773AC4C0EB}.Debug|x86.ActiveCfg = Debug|Any CPU
		{29F12AD7-18DC-4DC3-B97F-BC773AC4C0EB}.Debug|x86.Build.0 = Debug|Any CPU
		{29F12AD7-18DC-4DC3-B97F-BC773AC4C0EB}.Release(x86)|Any CPU.ActiveCfg = Release|Any CPU
		{29F12AD7-18DC-4DC3-B97F-BC773AC4C0EB}.Release(x86)|Any CPU.Build.0 = Release|Any CPU
		{29F12AD7-18DC-4DC3-B97F-BC773AC4C0EB}.Release(x86)|x64.ActiveCfg = Release|Any CPU
		{29F12AD7-18DC-4DC3-B97F-BC773AC4C0EB}.Release(x86)|x64.Build.0 = Release|Any CPU
		{29F12AD7-18DC-4DC3-B97F-BC773AC4C0EB}.Release(x86)|x86.ActiveCfg = Release|Any CPU
		{29F12AD7-18DC-4DC3-B97F-BC773AC4C0EB}.Release(x86)|x86.Build.0 = Release|Any CPU
		{29F12AD7-18DC-4DC3-B97F-BC773AC4C0EB}.Release|Any CPU.ActiveCfg = Release|Any CPU
		{29F12AD7-18DC-4DC3-B97F-BC773AC4C0EB}.Release|Any CPU.Build.0 = Release|Any CPU
		{29F12AD7-18DC-4DC3-B97F-BC773AC4C0EB}.Release|x64.ActiveCfg = Release|Any CPU
		{29F12AD7-18DC-4DC3-B97F-BC773AC4C0EB}.Release|x64.Build.0 = Release|Any CPU
		{29F12AD7-18DC-4DC3-B97F-BC773AC4C0EB}.Release|x86.ActiveCfg = Release|Any CPU
		{29F12AD7-18DC-4DC3-B97F-BC773AC4C0EB}.Release|x86.Build.0 = Release|Any CPU
		{CBF4C42B-488D-44AF-9C60-3CD2C2AA955E}.Debug|Any CPU.ActiveCfg = Debug|Any CPU
		{CBF4C42B-488D-44AF-9C60-3CD2C2AA955E}.Debug|Any CPU.Build.0 = Debug|Any CPU
		{CBF4C42B-488D-44AF-9C60-3CD2C2AA955E}.Debug|x64.ActiveCfg = Debug|Any CPU
		{CBF4C42B-488D-44AF-9C60-3CD2C2AA955E}.Debug|x64.Build.0 = Debug|Any CPU
		{CBF4C42B-488D-44AF-9C60-3CD2C2AA955E}.Debug|x86.ActiveCfg = Debug|Any CPU
		{CBF4C42B-488D-44AF-9C60-3CD2C2AA955E}.Debug|x86.Build.0 = Debug|Any CPU
		{CBF4C42B-488D-44AF-9C60-3CD2C2AA955E}.Release(x86)|Any CPU.ActiveCfg = Release|Any CPU
		{CBF4C42B-488D-44AF-9C60-3CD2C2AA955E}.Release(x86)|Any CPU.Build.0 = Release|Any CPU
		{CBF4C42B-488D-44AF-9C60-3CD2C2AA955E}.Release(x86)|x64.ActiveCfg = Release|Any CPU
		{CBF4C42B-488D-44AF-9C60-3CD2C2AA955E}.Release(x86)|x64.Build.0 = Release|Any CPU
		{CBF4C42B-488D-44AF-9C60-3CD2C2AA955E}.Release(x86)|x86.ActiveCfg = Release|Any CPU
		{CBF4C42B-488D-44AF-9C60-3CD2C2AA955E}.Release(x86)|x86.Build.0 = Release|Any CPU
		{CBF4C42B-488D-44AF-9C60-3CD2C2AA955E}.Release|Any CPU.ActiveCfg = Release|Any CPU
		{CBF4C42B-488D-44AF-9C60-3CD2C2AA955E}.Release|Any CPU.Build.0 = Release|Any CPU
		{CBF4C42B-488D-44AF-9C60-3CD2C2AA955E}.Release|x64.ActiveCfg = Release|Any CPU
		{CBF4C42B-488D-44AF-9C60-3CD2C2AA955E}.Release|x64.Build.0 = Release|Any CPU
		{CBF4C42B-488D-44AF-9C60-3CD2C2AA955E}.Release|x86.ActiveCfg = Release|Any CPU
		{CBF4C42B-488D-44AF-9C60-3CD2C2AA955E}.Release|x86.Build.0 = Release|Any CPU
		{7CD728A5-8FDD-4178-9CA4-3CD37512DA24}.Debug|Any CPU.ActiveCfg = Debug|Any CPU
		{7CD728A5-8FDD-4178-9CA4-3CD37512DA24}.Debug|Any CPU.Build.0 = Debug|Any CPU
		{7CD728A5-8FDD-4178-9CA4-3CD37512DA24}.Debug|x64.ActiveCfg = Debug|Any CPU
		{7CD728A5-8FDD-4178-9CA4-3CD37512DA24}.Debug|x64.Build.0 = Debug|Any CPU
		{7CD728A5-8FDD-4178-9CA4-3CD37512DA24}.Debug|x86.ActiveCfg = Debug|Any CPU
		{7CD728A5-8FDD-4178-9CA4-3CD37512DA24}.Debug|x86.Build.0 = Debug|Any CPU
		{7CD728A5-8FDD-4178-9CA4-3CD37512DA24}.Release(x86)|Any CPU.ActiveCfg = Release|Any CPU
		{7CD728A5-8FDD-4178-9CA4-3CD37512DA24}.Release(x86)|Any CPU.Build.0 = Release|Any CPU
		{7CD728A5-8FDD-4178-9CA4-3CD37512DA24}.Release(x86)|x64.ActiveCfg = Release|Any CPU
		{7CD728A5-8FDD-4178-9CA4-3CD37512DA24}.Release(x86)|x64.Build.0 = Release|Any CPU
		{7CD728A5-8FDD-4178-9CA4-3CD37512DA24}.Release(x86)|x86.ActiveCfg = Release|Any CPU
		{7CD728A5-8FDD-4178-9CA4-3CD37512DA24}.Release(x86)|x86.Build.0 = Release|Any CPU
		{7CD728A5-8FDD-4178-9CA4-3CD37512DA24}.Release|Any CPU.ActiveCfg = Release|Any CPU
		{7CD728A5-8FDD-4178-9CA4-3CD37512DA24}.Release|Any CPU.Build.0 = Release|Any CPU
		{7CD728A5-8FDD-4178-9CA4-3CD37512DA24}.Release|x64.ActiveCfg = Release|Any CPU
		{7CD728A5-8FDD-4178-9CA4-3CD37512DA24}.Release|x64.Build.0 = Release|Any CPU
		{7CD728A5-8FDD-4178-9CA4-3CD37512DA24}.Release|x86.ActiveCfg = Release|Any CPU
		{7CD728A5-8FDD-4178-9CA4-3CD37512DA24}.Release|x86.Build.0 = Release|Any CPU
		{9CA8EB0B-E8F3-49B4-9948-92A36F32F334}.Debug|Any CPU.ActiveCfg = Debug|Any CPU
		{9CA8EB0B-E8F3-49B4-9948-92A36F32F334}.Debug|Any CPU.Build.0 = Debug|Any CPU
		{9CA8EB0B-E8F3-49B4-9948-92A36F32F334}.Debug|x64.ActiveCfg = Debug|Any CPU
		{9CA8EB0B-E8F3-49B4-9948-92A36F32F334}.Debug|x64.Build.0 = Debug|Any CPU
		{9CA8EB0B-E8F3-49B4-9948-92A36F32F334}.Debug|x86.ActiveCfg = Debug|Any CPU
		{9CA8EB0B-E8F3-49B4-9948-92A36F32F334}.Debug|x86.Build.0 = Debug|Any CPU
		{9CA8EB0B-E8F3-49B4-9948-92A36F32F334}.Release(x86)|Any CPU.ActiveCfg = Release|Any CPU
		{9CA8EB0B-E8F3-49B4-9948-92A36F32F334}.Release(x86)|Any CPU.Build.0 = Release|Any CPU
		{9CA8EB0B-E8F3-49B4-9948-92A36F32F334}.Release(x86)|x64.ActiveCfg = Release|Any CPU
		{9CA8EB0B-E8F3-49B4-9948-92A36F32F334}.Release(x86)|x64.Build.0 = Release|Any CPU
		{9CA8EB0B-E8F3-49B4-9948-92A36F32F334}.Release(x86)|x86.ActiveCfg = Release|Any CPU
		{9CA8EB0B-E8F3-49B4-9948-92A36F32F334}.Release(x86)|x86.Build.0 = Release|Any CPU
		{9CA8EB0B-E8F3-49B4-9948-92A36F32F334}.Release|Any CPU.ActiveCfg = Release|Any CPU
		{9CA8EB0B-E8F3-49B4-9948-92A36F32F334}.Release|Any CPU.Build.0 = Release|Any CPU
		{9CA8EB0B-E8F3-49B4-9948-92A36F32F334}.Release|x64.ActiveCfg = Release|Any CPU
		{9CA8EB0B-E8F3-49B4-9948-92A36F32F334}.Release|x64.Build.0 = Release|Any CPU
		{9CA8EB0B-E8F3-49B4-9948-92A36F32F334}.Release|x86.ActiveCfg = Release|Any CPU
		{9CA8EB0B-E8F3-49B4-9948-92A36F32F334}.Release|x86.Build.0 = Release|Any CPU
		{9DEDE968-06EB-4339-8C82-28B418BA1A44}.Debug|Any CPU.ActiveCfg = Debug|Any CPU
		{9DEDE968-06EB-4339-8C82-28B418BA1A44}.Debug|Any CPU.Build.0 = Debug|Any CPU
		{9DEDE968-06EB-4339-8C82-28B418BA1A44}.Debug|x64.ActiveCfg = Debug|Any CPU
		{9DEDE968-06EB-4339-8C82-28B418BA1A44}.Debug|x64.Build.0 = Debug|Any CPU
		{9DEDE968-06EB-4339-8C82-28B418BA1A44}.Debug|x86.ActiveCfg = Debug|Any CPU
		{9DEDE968-06EB-4339-8C82-28B418BA1A44}.Debug|x86.Build.0 = Debug|Any CPU
		{9DEDE968-06EB-4339-8C82-28B418BA1A44}.Release(x86)|Any CPU.ActiveCfg = Release|Any CPU
		{9DEDE968-06EB-4339-8C82-28B418BA1A44}.Release(x86)|Any CPU.Build.0 = Release|Any CPU
		{9DEDE968-06EB-4339-8C82-28B418BA1A44}.Release(x86)|x64.ActiveCfg = Release|Any CPU
		{9DEDE968-06EB-4339-8C82-28B418BA1A44}.Release(x86)|x64.Build.0 = Release|Any CPU
		{9DEDE968-06EB-4339-8C82-28B418BA1A44}.Release(x86)|x86.ActiveCfg = Release|Any CPU
		{9DEDE968-06EB-4339-8C82-28B418BA1A44}.Release(x86)|x86.Build.0 = Release|Any CPU
		{9DEDE968-06EB-4339-8C82-28B418BA1A44}.Release|Any CPU.ActiveCfg = Release|Any CPU
		{9DEDE968-06EB-4339-8C82-28B418BA1A44}.Release|Any CPU.Build.0 = Release|Any CPU
		{9DEDE968-06EB-4339-8C82-28B418BA1A44}.Release|x64.ActiveCfg = Release|Any CPU
		{9DEDE968-06EB-4339-8C82-28B418BA1A44}.Release|x64.Build.0 = Release|Any CPU
		{9DEDE968-06EB-4339-8C82-28B418BA1A44}.Release|x86.ActiveCfg = Release|Any CPU
		{9DEDE968-06EB-4339-8C82-28B418BA1A44}.Release|x86.Build.0 = Release|Any CPU
		{4FBD4612-B024-4991-BDD5-2BF980D124EA}.Debug|Any CPU.ActiveCfg = Debug|Any CPU
		{4FBD4612-B024-4991-BDD5-2BF980D124EA}.Debug|Any CPU.Build.0 = Debug|Any CPU
		{4FBD4612-B024-4991-BDD5-2BF980D124EA}.Debug|x64.ActiveCfg = Debug|Any CPU
		{4FBD4612-B024-4991-BDD5-2BF980D124EA}.Debug|x64.Build.0 = Debug|Any CPU
		{4FBD4612-B024-4991-BDD5-2BF980D124EA}.Debug|x86.ActiveCfg = Debug|Any CPU
		{4FBD4612-B024-4991-BDD5-2BF980D124EA}.Debug|x86.Build.0 = Debug|Any CPU
		{4FBD4612-B024-4991-BDD5-2BF980D124EA}.Release(x86)|Any CPU.ActiveCfg = Release|Any CPU
		{4FBD4612-B024-4991-BDD5-2BF980D124EA}.Release(x86)|Any CPU.Build.0 = Release|Any CPU
		{4FBD4612-B024-4991-BDD5-2BF980D124EA}.Release(x86)|x64.ActiveCfg = Release|Any CPU
		{4FBD4612-B024-4991-BDD5-2BF980D124EA}.Release(x86)|x64.Build.0 = Release|Any CPU
		{4FBD4612-B024-4991-BDD5-2BF980D124EA}.Release(x86)|x86.ActiveCfg = Release|Any CPU
		{4FBD4612-B024-4991-BDD5-2BF980D124EA}.Release(x86)|x86.Build.0 = Release|Any CPU
		{4FBD4612-B024-4991-BDD5-2BF980D124EA}.Release|Any CPU.ActiveCfg = Release|Any CPU
		{4FBD4612-B024-4991-BDD5-2BF980D124EA}.Release|Any CPU.Build.0 = Release|Any CPU
		{4FBD4612-B024-4991-BDD5-2BF980D124EA}.Release|x64.ActiveCfg = Release|Any CPU
		{4FBD4612-B024-4991-BDD5-2BF980D124EA}.Release|x64.Build.0 = Release|Any CPU
		{4FBD4612-B024-4991-BDD5-2BF980D124EA}.Release|x86.ActiveCfg = Release|Any CPU
		{4FBD4612-B024-4991-BDD5-2BF980D124EA}.Release|x86.Build.0 = Release|Any CPU
	EndGlobalSection
	GlobalSection(SolutionProperties) = preSolution
		HideSolutionNode = FALSE
	EndGlobalSection
	GlobalSection(NestedProjects) = preSolution
		{92777E64-9978-40AE-8B90-93ECBBBEFE67} = {2ECB09EF-EDF2-4D2C-A8AE-893875726563}
		{12DBB67A-E0A8-413A-8C1B-A4CAE57A9AFB} = {2ECB09EF-EDF2-4D2C-A8AE-893875726563}
		{8FF77F62-43C3-40FE-9DFE-01A53FE8A68E} = {2ECB09EF-EDF2-4D2C-A8AE-893875726563}
		{2ECB09EF-EDF2-4D2C-A8AE-893875726563} = {7DCDBDA5-4163-41EA-B24E-9316DFB9F354}
		{06BE0C35-02E3-4853-85BC-3D931345745D} = {7DCDBDA5-4163-41EA-B24E-9316DFB9F354}
		{3331E7CC-0FFE-4D19-ACEF-3C4A3C2333DC} = {7DCDBDA5-4163-41EA-B24E-9316DFB9F354}
		{7448728C-9965-4874-A2E9-7BAB37E42963} = {3DEA9999-9C7A-43BA-BD54-78AF8BB386D6}
		{EB039D46-906F-44BF-AC37-B3B3634A4442} = {06BE0C35-02E3-4853-85BC-3D931345745D}
		{0F2C9C4B-E9B7-43DD-9B25-72402E583D90} = {3DEA9999-9C7A-43BA-BD54-78AF8BB386D6}
		{B47E0CB5-A3EC-4ED6-BCBF-9E3BEA6ABF5D} = {63266199-BAA4-4463-998A-240E130A197D}
		{D8344B1F-9DB3-4E85-9195-6FFFECBF6427} = {DAE7DCE8-AB9B-46A8-808D-6C6C0AAB75A2}
		{24ED97AD-6D04-4DC0-AFCB-C911EF0AA738} = {DAE7DCE8-AB9B-46A8-808D-6C6C0AAB75A2}
		{74D4C6FE-2E58-4F31-A915-6CF061C0149B} = {63266199-BAA4-4463-998A-240E130A197D}
		{63266199-BAA4-4463-998A-240E130A197D} = {3331E7CC-0FFE-4D19-ACEF-3C4A3C2333DC}
		{3DEA9999-9C7A-43BA-BD54-78AF8BB386D6} = {3331E7CC-0FFE-4D19-ACEF-3C4A3C2333DC}
		{3BC04A3B-24D6-4E33-989D-33366C47DC48} = {93899710-0B27-4CC5-95F4-71223862F2C9}
		{3F2A7079-D56B-439C-A980-FA479364EDCD} = {93899710-0B27-4CC5-95F4-71223862F2C9}
		{10B4B5A2-3914-48B9-9304-C31338A6D980} = {93899710-0B27-4CC5-95F4-71223862F2C9}
		{505DF475-5FF5-47CC-9E3B-BBE16C359F0E} = {953AAE25-26C8-4A28-AB08-61BAFE41B22F}
		{DD4163B4-1696-4554-961E-DE2A3EB21ECE} = {DAE7DCE8-AB9B-46A8-808D-6C6C0AAB75A2}
		{7615C9F0-91F1-4E05-A424-6D083B8958C5} = {DAE7DCE8-AB9B-46A8-808D-6C6C0AAB75A2}
		{DAE7DCE8-AB9B-46A8-808D-6C6C0AAB75A2} = {953AAE25-26C8-4A28-AB08-61BAFE41B22F}
		{478DC949-A0B2-46B4-8645-A7DA92589B76} = {74112169-6672-4907-A187-F055111940A9}
		{8517D209-5BC1-47BD-A7C7-9CF9ADD9F5B6} = {10B4B5A2-3914-48B9-9304-C31338A6D980}
		{FD2AA3C3-F434-4D4F-88C8-3774B48E1D9D} = {8517D209-5BC1-47BD-A7C7-9CF9ADD9F5B6}
		{B72AA993-72E5-4D14-BF5E-C2E0E8CF5186} = {DAE7DCE8-AB9B-46A8-808D-6C6C0AAB75A2}
		{0A466330-6ED6-4861-9C94-31B1949CDDB9} = {10B4B5A2-3914-48B9-9304-C31338A6D980}
		{A4CA7B7C-5417-4FA9-9E0B-76D4CD4663C9} = {0A466330-6ED6-4861-9C94-31B1949CDDB9}
		{D6DC00C6-9358-4839-84C0-44DF018A74DC} = {953AAE25-26C8-4A28-AB08-61BAFE41B22F}
		{A9C375AE-201D-46CE-9282-387026C0B2F6} = {10B4B5A2-3914-48B9-9304-C31338A6D980}
		{B9FBC616-5D9A-4C82-8DFB-AEFF07A239C8} = {A9C375AE-201D-46CE-9282-387026C0B2F6}
		{7448728C-9965-4874-A2E9-7BAB37E42963} = {0A466330-6ED6-4861-9C94-31B1949CDDB9}
		{BA61840C-9E77-4454-88E2-7CA4E98EE4BD} = {0A466330-6ED6-4861-9C94-31B1949CDDB9}
		{70964330-F80E-4E1E-A33B-2021BDE37B2F} = {74112169-6672-4907-A187-F055111940A9}
		{A734BE85-33DC-4117-BD9C-B5D5B31102E3} = {74112169-6672-4907-A187-F055111940A9}
		{C48A8596-6AE0-457D-987D-2FA3C9B51751} = {A9C375AE-201D-46CE-9282-387026C0B2F6}
		{145CDA7B-9FE9-42B6-83FD-0D82891D2E5D} = {DE7526FF-6D25-4643-9AA3-C24253901C8C}
		{29F12AD7-18DC-4DC3-B97F-BC773AC4C0EB} = {953AAE25-26C8-4A28-AB08-61BAFE41B22F}
		{CBF4C42B-488D-44AF-9C60-3CD2C2AA955E} = {953AAE25-26C8-4A28-AB08-61BAFE41B22F}
		{9CA8EB0B-E8F3-49B4-9948-92A36F32F334} = {0A466330-6ED6-4861-9C94-31B1949CDDB9}
		{4FBD4612-B024-4991-BDD5-2BF980D124EA} = {0A466330-6ED6-4861-9C94-31B1949CDDB9}
	EndGlobalSection
	GlobalSection(ExtensibilityGlobals) = postSolution
		SolutionGuid = {36EFC961-F4E7-49DC-A36A-99594FFB8243}
		RESX_ShowErrorsInErrorList = True
		RESX_TaskErrorCategory = Message
	EndGlobalSection
EndGlobal
