
Microsoft Visual Studio Solution File, Format Version 12.00
# Visual Studio Version 17
VisualStudioVersion = 17.2.32630.192
MinimumVisualStudioVersion = 10.0.40219.1
Project("{9A19103F-16F7-4668-BE54-9A1E7A4F7556}") = "Moryx.Runtime", "src\Moryx.Runtime\Moryx.Runtime.csproj", "{92777E64-9978-40AE-8B90-93ECBBBEFE67}"
EndProject
Project("{9A19103F-16F7-4668-BE54-9A1E7A4F7556}") = "Moryx.Runtime.Kernel", "src\Moryx.Runtime.Kernel\Moryx.Runtime.Kernel.csproj", "{8FF77F62-43C3-40FE-9DFE-01A53FE8A68E}"
EndProject
Project("{9A19103F-16F7-4668-BE54-9A1E7A4F7556}") = "Moryx.Runtime.Kernel.Tests", "src\Tests\Moryx.Runtime.Kernel.Tests\Moryx.Runtime.Kernel.Tests.csproj", "{0F2C9C4B-E9B7-43DD-9B25-72402E583D90}"
EndProject
Project("{9A19103F-16F7-4668-BE54-9A1E7A4F7556}") = "Moryx.DependentTestModule", "src\Moryx.DependentTestModule\Moryx.DependentTestModule.csproj", "{D8344B1F-9DB3-4E85-9195-6FFFECBF6427}"
EndProject
Project("{9A19103F-16F7-4668-BE54-9A1E7A4F7556}") = "Moryx.TestModule", "src\Moryx.TestModule\Moryx.TestModule.csproj", "{24ED97AD-6D04-4DC0-AFCB-C911EF0AA738}"
EndProject
Project("{2150E333-8FDC-42A3-9474-1A3956D46DE8}") = "Runtime", "Runtime", "{7DCDBDA5-4163-41EA-B24E-9316DFB9F354}"
EndProject
Project("{2150E333-8FDC-42A3-9474-1A3956D46DE8}") = "Tests", "Tests", "{10B4B5A2-3914-48B9-9304-C31338A6D980}"
EndProject
Project("{2150E333-8FDC-42A3-9474-1A3956D46DE8}") = "TestTools", "TestTools", "{953AAE25-26C8-4A28-AB08-61BAFE41B22F}"
EndProject
Project("{9A19103F-16F7-4668-BE54-9A1E7A4F7556}") = "Moryx.TestTools.UnitTest", "src\Moryx.TestTools.UnitTest\Moryx.TestTools.UnitTest.csproj", "{505DF475-5FF5-47CC-9E3B-BBE16C359F0E}"
EndProject
Project("{9A19103F-16F7-4668-BE54-9A1E7A4F7556}") = "Moryx.Container.TestPlugin", "src\Tests\Moryx.Container.TestPlugin\Moryx.Container.TestPlugin.csproj", "{DD4163B4-1696-4554-961E-DE2A3EB21ECE}"
EndProject
Project("{9A19103F-16F7-4668-BE54-9A1E7A4F7556}") = "Moryx.Container.TestRootPlugin", "src\Tests\Moryx.Container.TestRootPlugin\Moryx.Container.TestRootPlugin.csproj", "{7615C9F0-91F1-4E05-A424-6D083B8958C5}"
EndProject
Project("{9A19103F-16F7-4668-BE54-9A1E7A4F7556}") = "Moryx.Model", "src\Moryx.Model\Moryx.Model.csproj", "{478DC949-A0B2-46B4-8645-A7DA92589B76}"
EndProject
Project("{2150E333-8FDC-42A3-9474-1A3956D46DE8}") = "IntegrationTests", "IntegrationTests", "{8517D209-5BC1-47BD-A7C7-9CF9ADD9F5B6}"
EndProject
Project("{9A19103F-16F7-4668-BE54-9A1E7A4F7556}") = "Moryx.Communication.Sockets.IntegrationTests", "src\Tests\Moryx.Communication.Sockets.IntegrationTests\Moryx.Communication.Sockets.IntegrationTests.csproj", "{FD2AA3C3-F434-4D4F-88C8-3774B48E1D9D}"
EndProject
Project("{9A19103F-16F7-4668-BE54-9A1E7A4F7556}") = "Moryx.Container.TestTools", "src\Tests\Moryx.Container.TestTools\Moryx.Container.TestTools.csproj", "{B72AA993-72E5-4D14-BF5E-C2E0E8CF5186}"
EndProject
Project("{2150E333-8FDC-42A3-9474-1A3956D46DE8}") = "UnitTests", "UnitTests", "{0A466330-6ED6-4861-9C94-31B1949CDDB9}"
EndProject
Project("{9A19103F-16F7-4668-BE54-9A1E7A4F7556}") = "Moryx.Runtime.Tests", "src\Tests\Moryx.Runtime.Tests\Moryx.Runtime.Tests.csproj", "{7448728C-9965-4874-A2E9-7BAB37E42963}"
EndProject
Project("{9A19103F-16F7-4668-BE54-9A1E7A4F7556}") = "Moryx.Model.Tests", "src\Tests\Moryx.Model.Tests\Moryx.Model.Tests.csproj", "{BA61840C-9E77-4454-88E2-7CA4E98EE4BD}"
EndProject
Project("{2150E333-8FDC-42A3-9474-1A3956D46DE8}") = "Model", "Model", "{74112169-6672-4907-A187-F055111940A9}"
EndProject
Project("{9A19103F-16F7-4668-BE54-9A1E7A4F7556}") = "Moryx.Model.PostgreSQL", "src\Moryx.Model.PostgreSQL\Moryx.Model.PostgreSQL.csproj", "{70964330-F80E-4E1E-A33B-2021BDE37B2F}"
EndProject
Project("{9A19103F-16F7-4668-BE54-9A1E7A4F7556}") = "Moryx.TestTools.Test.Model", "src\Moryx.TestTools.Test.Model\Moryx.TestTools.Test.Model.csproj", "{29F12AD7-18DC-4DC3-B97F-BC773AC4C0EB}"
EndProject
Project("{9A19103F-16F7-4668-BE54-9A1E7A4F7556}") = "Moryx", "src\Moryx\Moryx.csproj", "{7CD728A5-8FDD-4178-9CA4-3CD37512DA24}"
EndProject
Project("{9A19103F-16F7-4668-BE54-9A1E7A4F7556}") = "Moryx.Tests", "src\Tests\Moryx.Tests\Moryx.Tests.csproj", "{9CA8EB0B-E8F3-49B4-9948-92A36F32F334}"
EndProject
Project("{9A19103F-16F7-4668-BE54-9A1E7A4F7556}") = "Moryx.Container", "src\Moryx.Container\Moryx.Container.csproj", "{9DEDE968-06EB-4339-8C82-28B418BA1A44}"
EndProject
Project("{9A19103F-16F7-4668-BE54-9A1E7A4F7556}") = "Moryx.Container.Tests", "src\Tests\Moryx.Container.Tests\Moryx.Container.Tests.csproj", "{4FBD4612-B024-4991-BDD5-2BF980D124EA}"
EndProject
Project("{9A19103F-16F7-4668-BE54-9A1E7A4F7556}") = "Moryx.Communication.Serial", "src\Moryx.Communication.Serial\Moryx.Communication.Serial.csproj", "{8C6AF3D0-23C5-4EAD-8831-3EC36BBA01DD}"
EndProject
Project("{9A19103F-16F7-4668-BE54-9A1E7A4F7556}") = "Moryx.Model.InMemory", "src\Moryx.Model.InMemory\Moryx.Model.InMemory.csproj", "{21C94DE5-A774-4474-8C31-DB483D49710E}"
EndProject
Project("{2150E333-8FDC-42A3-9474-1A3956D46DE8}") = "Solution Items", "Solution Items", "{DFC092A6-B935-4D19-A564-9AEDEEF999B9}"
	ProjectSection(SolutionItems) = preProject
		Build.ps1 = Build.ps1
		Directory.build.props = Directory.build.props
		Directory.Build.targets = Directory.Build.targets
		LICENSE = LICENSE
		NOTICE = NOTICE
		NuGet.Config = NuGet.Config
		VERSION = VERSION
	EndProjectSection
EndProject
Project("{9A19103F-16F7-4668-BE54-9A1E7A4F7556}") = "Moryx.Model.Sqlite", "src\Moryx.Model.Sqlite\Moryx.Model.Sqlite.csproj", "{C40AA3D2-F535-4E60-BF43-F4A5D874FD74}"
EndProject
Project("{9A19103F-16F7-4668-BE54-9A1E7A4F7556}") = "StartProject.Asp", "src\StartProject.Asp\StartProject.Asp.csproj", "{4F1466B5-131E-4080-AC4F-BD1630EDF11F}"
EndProject
Project("{9A19103F-16F7-4668-BE54-9A1E7A4F7556}") = "Moryx.Runtime.Endpoints", "src\Moryx.Runtime.Endpoints\Moryx.Runtime.Endpoints.csproj", "{0C0374D2-BA98-4BDC-9747-7D1FF3E61715}"
EndProject
Project("{2150E333-8FDC-42A3-9474-1A3956D46DE8}") = "CommandCenter", "CommandCenter", "{50AD5155-2CC6-496B-849C-57DC56021F5F}"
EndProject
Project("{9A19103F-16F7-4668-BE54-9A1E7A4F7556}") = "Moryx.CommandCenter.Web", "src\Moryx.CommandCenter.Web\Moryx.CommandCenter.Web.csproj", "{BD8D5AB2-0C9E-4C61-B158-FF132890DB3C}"
EndProject
Project("{9A19103F-16F7-4668-BE54-9A1E7A4F7556}") = "Moryx.Asp.Extensions", "src\Moryx.Asp.Extensions\Moryx.Asp.Extensions.csproj", "{0FB22EF0-3C6F-4235-A50E-3A976AC261D3}"
EndProject
Project("{9A19103F-16F7-4668-BE54-9A1E7A4F7556}") = "Moryx.AbstractionLayer", "src\Moryx.AbstractionLayer\Moryx.AbstractionLayer.csproj", "{B1ABAAF9-811D-41C8-8C1F-37AEF687BDF1}"
EndProject
Project("{9A19103F-16F7-4668-BE54-9A1E7A4F7556}") = "Moryx.AbstractionLayer.TestTools", "src\Moryx.AbstractionLayer.TestTools\Moryx.AbstractionLayer.TestTools.csproj", "{01F99194-DC37-4EF2-A36E-DCE3EADC4062}"
EndProject
Project("{9A19103F-16F7-4668-BE54-9A1E7A4F7556}") = "Moryx.Notifications", "src\Moryx.Notifications\Moryx.Notifications.csproj", "{5856DF02-F2F5-4B25-A096-9DDC239EC341}"
EndProject
Project("{2150E333-8FDC-42A3-9474-1A3956D46DE8}") = "Products", "Products", "{CA2B9835-7C05-417F-882C-72A8B857679E}"
EndProject
Project("{9A19103F-16F7-4668-BE54-9A1E7A4F7556}") = "Moryx.Products.Management", "src\Moryx.Products.Management\Moryx.Products.Management.csproj", "{F745A7BF-2207-47D5-9B14-352D9CA22A03}"
EndProject
Project("{9A19103F-16F7-4668-BE54-9A1E7A4F7556}") = "Moryx.Products.Model", "src\Moryx.Products.Model\Moryx.Products.Model.csproj", "{D9CF584F-7C49-439E-8A37-1EF053A17DBF}"
EndProject
Project("{9A19103F-16F7-4668-BE54-9A1E7A4F7556}") = "Moryx.AbstractionLayer.Products.Endpoints", "src\Moryx.AbstractionLayer.Products.Endpoints\Moryx.AbstractionLayer.Products.Endpoints.csproj", "{1568BF64-479D-4D11-957C-810452940952}"
EndProject
Project("{9A19103F-16F7-4668-BE54-9A1E7A4F7556}") = "Moryx.Products.Samples", "src\Moryx.Products.Samples\Moryx.Products.Samples.csproj", "{C65A63EE-8B15-42B2-90B7-EF49EBDAB7BB}"
EndProject
Project("{2150E333-8FDC-42A3-9474-1A3956D46DE8}") = "Resources", "Resources", "{0D2B1DF8-2E8F-404D-B146-B8B567D8ACAE}"
EndProject
Project("{9A19103F-16F7-4668-BE54-9A1E7A4F7556}") = "Moryx.Resources.Management", "src\Moryx.Resources.Management\Moryx.Resources.Management.csproj", "{D3CB0DAE-F5E8-4523-8131-80497057F411}"
EndProject
Project("{9A19103F-16F7-4668-BE54-9A1E7A4F7556}") = "Moryx.AbstractionLayer.Resources.Endpoints", "src\Moryx.AbstractionLayer.Resources.Endpoints\Moryx.AbstractionLayer.Resources.Endpoints.csproj", "{9AD6324D-FA9C-4754-BC9F-738575AF6BAE}"
EndProject
Project("{9A19103F-16F7-4668-BE54-9A1E7A4F7556}") = "Moryx.Resources.Samples", "src\Moryx.Resources.Samples\Moryx.Resources.Samples.csproj", "{E7884C26-0BB7-43C7-8F9A-958E9E830719}"
EndProject
Project("{9A19103F-16F7-4668-BE54-9A1E7A4F7556}") = "Moryx.Products.IntegrationTests", "src\Tests\Moryx.Products.IntegrationTests\Moryx.Products.IntegrationTests.csproj", "{6F9463F4-6501-4DBA-97F7-07B06E369D33}"
EndProject
Project("{9A19103F-16F7-4668-BE54-9A1E7A4F7556}") = "Moryx.AbstractionLayer.Products.Endpoints.Tests", "src\Tests\Moryx.Products.Management.Tests\Moryx.AbstractionLayer.Products.Endpoints.Tests.csproj", "{D6CC1BA8-80E8-445F-B534-E852EF20E264}"
EndProject
Project("{9A19103F-16F7-4668-BE54-9A1E7A4F7556}") = "Moryx.AbstractionLayer.Tests", "src\Tests\Moryx.AbstractionLayer.Tests\Moryx.AbstractionLayer.Tests.csproj", "{E5E0974D-0182-47F6-8B29-14697E328DE5}"
EndProject
Project("{9A19103F-16F7-4668-BE54-9A1E7A4F7556}") = "Moryx.Notifications.Tests", "src\Tests\Moryx.Notifications.Tests\Moryx.Notifications.Tests.csproj", "{E84A977E-6C8C-4603-B5C5-3EA99C72DAFC}"
EndProject
Project("{9A19103F-16F7-4668-BE54-9A1E7A4F7556}") = "Moryx.Resources.Management.Tests", "src\Tests\Moryx.Resources.Management.Tests\Moryx.Resources.Management.Tests.csproj", "{FEB3BA44-2CD9-445A-ABF2-C92378C443F7}"
EndProject
Project("{9A19103F-16F7-4668-BE54-9A1E7A4F7556}") = "Moryx.Runtime.Endpoints.Tests", "src\Tests\Moryx.Runtime.Endpoints.Tests\Moryx.Runtime.Endpoints.Tests.csproj", "{7792C4E0-6D07-42C9-AC29-BAB76836FC11}"
EndProject
Project("{9A19103F-16F7-4668-BE54-9A1E7A4F7556}") = "Moryx.Runtime.Endpoints.IntegrationTests", "src\Tests\Moryx.Runtime.Endpoints.IntegrationTests\Moryx.Runtime.Endpoints.IntegrationTests.csproj", "{4FFB98A7-9A4C-476F-8BCC-C19B7F757BF8}"
EndProject
Project("{FAE04EC0-301F-11D3-BF4B-00C04F79EFBC}") = "Moryx.TestTools.IntegrationTest", "src\Moryx.TestTools.IntegrationTest\Moryx.TestTools.IntegrationTest.csproj", "{C949164C-0345-4893-9E4C-A79BC1F93F85}"
EndProject
Global
	GlobalSection(SolutionConfigurationPlatforms) = preSolution
		Debug|Any CPU = Debug|Any CPU
		Release|Any CPU = Release|Any CPU
	EndGlobalSection
	GlobalSection(ProjectConfigurationPlatforms) = postSolution
		{92777E64-9978-40AE-8B90-93ECBBBEFE67}.Debug|Any CPU.ActiveCfg = Debug|Any CPU
		{92777E64-9978-40AE-8B90-93ECBBBEFE67}.Debug|Any CPU.Build.0 = Debug|Any CPU
		{92777E64-9978-40AE-8B90-93ECBBBEFE67}.Release|Any CPU.ActiveCfg = Release|Any CPU
		{92777E64-9978-40AE-8B90-93ECBBBEFE67}.Release|Any CPU.Build.0 = Release|Any CPU
		{8FF77F62-43C3-40FE-9DFE-01A53FE8A68E}.Debug|Any CPU.ActiveCfg = Debug|Any CPU
		{8FF77F62-43C3-40FE-9DFE-01A53FE8A68E}.Debug|Any CPU.Build.0 = Debug|Any CPU
		{8FF77F62-43C3-40FE-9DFE-01A53FE8A68E}.Release|Any CPU.ActiveCfg = Release|Any CPU
		{8FF77F62-43C3-40FE-9DFE-01A53FE8A68E}.Release|Any CPU.Build.0 = Release|Any CPU
		{0F2C9C4B-E9B7-43DD-9B25-72402E583D90}.Debug|Any CPU.ActiveCfg = Debug|Any CPU
		{0F2C9C4B-E9B7-43DD-9B25-72402E583D90}.Debug|Any CPU.Build.0 = Debug|Any CPU
		{0F2C9C4B-E9B7-43DD-9B25-72402E583D90}.Release|Any CPU.ActiveCfg = Release|Any CPU
		{0F2C9C4B-E9B7-43DD-9B25-72402E583D90}.Release|Any CPU.Build.0 = Release|Any CPU
		{D8344B1F-9DB3-4E85-9195-6FFFECBF6427}.Debug|Any CPU.ActiveCfg = Debug|Any CPU
		{D8344B1F-9DB3-4E85-9195-6FFFECBF6427}.Debug|Any CPU.Build.0 = Debug|Any CPU
		{D8344B1F-9DB3-4E85-9195-6FFFECBF6427}.Release|Any CPU.ActiveCfg = Release|Any CPU
		{D8344B1F-9DB3-4E85-9195-6FFFECBF6427}.Release|Any CPU.Build.0 = Release|Any CPU
		{24ED97AD-6D04-4DC0-AFCB-C911EF0AA738}.Debug|Any CPU.ActiveCfg = Debug|Any CPU
		{24ED97AD-6D04-4DC0-AFCB-C911EF0AA738}.Debug|Any CPU.Build.0 = Debug|Any CPU
		{24ED97AD-6D04-4DC0-AFCB-C911EF0AA738}.Release|Any CPU.ActiveCfg = Release|Any CPU
		{24ED97AD-6D04-4DC0-AFCB-C911EF0AA738}.Release|Any CPU.Build.0 = Release|Any CPU
		{505DF475-5FF5-47CC-9E3B-BBE16C359F0E}.Debug|Any CPU.ActiveCfg = Debug|Any CPU
		{505DF475-5FF5-47CC-9E3B-BBE16C359F0E}.Debug|Any CPU.Build.0 = Debug|Any CPU
		{505DF475-5FF5-47CC-9E3B-BBE16C359F0E}.Release|Any CPU.ActiveCfg = Release|Any CPU
		{505DF475-5FF5-47CC-9E3B-BBE16C359F0E}.Release|Any CPU.Build.0 = Release|Any CPU
		{DD4163B4-1696-4554-961E-DE2A3EB21ECE}.Debug|Any CPU.ActiveCfg = Debug|Any CPU
		{DD4163B4-1696-4554-961E-DE2A3EB21ECE}.Debug|Any CPU.Build.0 = Debug|Any CPU
		{DD4163B4-1696-4554-961E-DE2A3EB21ECE}.Release|Any CPU.ActiveCfg = Release|Any CPU
		{DD4163B4-1696-4554-961E-DE2A3EB21ECE}.Release|Any CPU.Build.0 = Release|Any CPU
		{7615C9F0-91F1-4E05-A424-6D083B8958C5}.Debug|Any CPU.ActiveCfg = Debug|Any CPU
		{7615C9F0-91F1-4E05-A424-6D083B8958C5}.Debug|Any CPU.Build.0 = Debug|Any CPU
		{7615C9F0-91F1-4E05-A424-6D083B8958C5}.Release|Any CPU.ActiveCfg = Release|Any CPU
		{7615C9F0-91F1-4E05-A424-6D083B8958C5}.Release|Any CPU.Build.0 = Release|Any CPU
		{478DC949-A0B2-46B4-8645-A7DA92589B76}.Debug|Any CPU.ActiveCfg = Debug|Any CPU
		{478DC949-A0B2-46B4-8645-A7DA92589B76}.Debug|Any CPU.Build.0 = Debug|Any CPU
		{478DC949-A0B2-46B4-8645-A7DA92589B76}.Release|Any CPU.ActiveCfg = Release|Any CPU
		{478DC949-A0B2-46B4-8645-A7DA92589B76}.Release|Any CPU.Build.0 = Release|Any CPU
		{FD2AA3C3-F434-4D4F-88C8-3774B48E1D9D}.Debug|Any CPU.ActiveCfg = Debug|Any CPU
		{FD2AA3C3-F434-4D4F-88C8-3774B48E1D9D}.Debug|Any CPU.Build.0 = Debug|Any CPU
		{FD2AA3C3-F434-4D4F-88C8-3774B48E1D9D}.Release|Any CPU.ActiveCfg = Release|Any CPU
		{FD2AA3C3-F434-4D4F-88C8-3774B48E1D9D}.Release|Any CPU.Build.0 = Release|Any CPU
		{B72AA993-72E5-4D14-BF5E-C2E0E8CF5186}.Debug|Any CPU.ActiveCfg = Debug|Any CPU
		{B72AA993-72E5-4D14-BF5E-C2E0E8CF5186}.Debug|Any CPU.Build.0 = Debug|Any CPU
		{B72AA993-72E5-4D14-BF5E-C2E0E8CF5186}.Release|Any CPU.ActiveCfg = Release|Any CPU
		{B72AA993-72E5-4D14-BF5E-C2E0E8CF5186}.Release|Any CPU.Build.0 = Release|Any CPU
		{7448728C-9965-4874-A2E9-7BAB37E42963}.Debug|Any CPU.ActiveCfg = Debug|Any CPU
		{7448728C-9965-4874-A2E9-7BAB37E42963}.Debug|Any CPU.Build.0 = Debug|Any CPU
		{7448728C-9965-4874-A2E9-7BAB37E42963}.Release|Any CPU.ActiveCfg = Release|Any CPU
		{7448728C-9965-4874-A2E9-7BAB37E42963}.Release|Any CPU.Build.0 = Release|Any CPU
		{BA61840C-9E77-4454-88E2-7CA4E98EE4BD}.Debug|Any CPU.ActiveCfg = Debug|Any CPU
		{BA61840C-9E77-4454-88E2-7CA4E98EE4BD}.Debug|Any CPU.Build.0 = Debug|Any CPU
		{BA61840C-9E77-4454-88E2-7CA4E98EE4BD}.Release|Any CPU.ActiveCfg = Release|Any CPU
		{BA61840C-9E77-4454-88E2-7CA4E98EE4BD}.Release|Any CPU.Build.0 = Release|Any CPU
		{70964330-F80E-4E1E-A33B-2021BDE37B2F}.Debug|Any CPU.ActiveCfg = Debug|Any CPU
		{70964330-F80E-4E1E-A33B-2021BDE37B2F}.Debug|Any CPU.Build.0 = Debug|Any CPU
		{70964330-F80E-4E1E-A33B-2021BDE37B2F}.Release|Any CPU.ActiveCfg = Release|Any CPU
		{70964330-F80E-4E1E-A33B-2021BDE37B2F}.Release|Any CPU.Build.0 = Release|Any CPU
		{29F12AD7-18DC-4DC3-B97F-BC773AC4C0EB}.Debug|Any CPU.ActiveCfg = Debug|Any CPU
		{29F12AD7-18DC-4DC3-B97F-BC773AC4C0EB}.Debug|Any CPU.Build.0 = Debug|Any CPU
		{29F12AD7-18DC-4DC3-B97F-BC773AC4C0EB}.Release|Any CPU.ActiveCfg = Release|Any CPU
		{29F12AD7-18DC-4DC3-B97F-BC773AC4C0EB}.Release|Any CPU.Build.0 = Release|Any CPU
		{7CD728A5-8FDD-4178-9CA4-3CD37512DA24}.Debug|Any CPU.ActiveCfg = Debug|Any CPU
		{7CD728A5-8FDD-4178-9CA4-3CD37512DA24}.Debug|Any CPU.Build.0 = Debug|Any CPU
		{7CD728A5-8FDD-4178-9CA4-3CD37512DA24}.Release|Any CPU.ActiveCfg = Release|Any CPU
		{7CD728A5-8FDD-4178-9CA4-3CD37512DA24}.Release|Any CPU.Build.0 = Release|Any CPU
		{9CA8EB0B-E8F3-49B4-9948-92A36F32F334}.Debug|Any CPU.ActiveCfg = Debug|Any CPU
		{9CA8EB0B-E8F3-49B4-9948-92A36F32F334}.Debug|Any CPU.Build.0 = Debug|Any CPU
		{9CA8EB0B-E8F3-49B4-9948-92A36F32F334}.Release|Any CPU.ActiveCfg = Release|Any CPU
		{9CA8EB0B-E8F3-49B4-9948-92A36F32F334}.Release|Any CPU.Build.0 = Release|Any CPU
		{9DEDE968-06EB-4339-8C82-28B418BA1A44}.Debug|Any CPU.ActiveCfg = Debug|Any CPU
		{9DEDE968-06EB-4339-8C82-28B418BA1A44}.Debug|Any CPU.Build.0 = Debug|Any CPU
		{9DEDE968-06EB-4339-8C82-28B418BA1A44}.Release|Any CPU.ActiveCfg = Release|Any CPU
		{9DEDE968-06EB-4339-8C82-28B418BA1A44}.Release|Any CPU.Build.0 = Release|Any CPU
		{4FBD4612-B024-4991-BDD5-2BF980D124EA}.Debug|Any CPU.ActiveCfg = Debug|Any CPU
		{4FBD4612-B024-4991-BDD5-2BF980D124EA}.Debug|Any CPU.Build.0 = Debug|Any CPU
		{4FBD4612-B024-4991-BDD5-2BF980D124EA}.Release|Any CPU.ActiveCfg = Release|Any CPU
		{4FBD4612-B024-4991-BDD5-2BF980D124EA}.Release|Any CPU.Build.0 = Release|Any CPU
		{8C6AF3D0-23C5-4EAD-8831-3EC36BBA01DD}.Debug|Any CPU.ActiveCfg = Debug|Any CPU
		{8C6AF3D0-23C5-4EAD-8831-3EC36BBA01DD}.Debug|Any CPU.Build.0 = Debug|Any CPU
		{8C6AF3D0-23C5-4EAD-8831-3EC36BBA01DD}.Release|Any CPU.ActiveCfg = Release|Any CPU
		{8C6AF3D0-23C5-4EAD-8831-3EC36BBA01DD}.Release|Any CPU.Build.0 = Release|Any CPU
		{21C94DE5-A774-4474-8C31-DB483D49710E}.Debug|Any CPU.ActiveCfg = Debug|Any CPU
		{21C94DE5-A774-4474-8C31-DB483D49710E}.Debug|Any CPU.Build.0 = Debug|Any CPU
		{21C94DE5-A774-4474-8C31-DB483D49710E}.Release|Any CPU.ActiveCfg = Release|Any CPU
		{21C94DE5-A774-4474-8C31-DB483D49710E}.Release|Any CPU.Build.0 = Release|Any CPU
		{C40AA3D2-F535-4E60-BF43-F4A5D874FD74}.Debug|Any CPU.ActiveCfg = Debug|Any CPU
		{C40AA3D2-F535-4E60-BF43-F4A5D874FD74}.Debug|Any CPU.Build.0 = Debug|Any CPU
		{C40AA3D2-F535-4E60-BF43-F4A5D874FD74}.Release|Any CPU.ActiveCfg = Release|Any CPU
		{C40AA3D2-F535-4E60-BF43-F4A5D874FD74}.Release|Any CPU.Build.0 = Release|Any CPU
		{4F1466B5-131E-4080-AC4F-BD1630EDF11F}.Debug|Any CPU.ActiveCfg = Debug|Any CPU
		{4F1466B5-131E-4080-AC4F-BD1630EDF11F}.Debug|Any CPU.Build.0 = Debug|Any CPU
		{4F1466B5-131E-4080-AC4F-BD1630EDF11F}.Release|Any CPU.ActiveCfg = Release|Any CPU
		{4F1466B5-131E-4080-AC4F-BD1630EDF11F}.Release|Any CPU.Build.0 = Release|Any CPU
		{0C0374D2-BA98-4BDC-9747-7D1FF3E61715}.Debug|Any CPU.ActiveCfg = Debug|Any CPU
		{0C0374D2-BA98-4BDC-9747-7D1FF3E61715}.Debug|Any CPU.Build.0 = Debug|Any CPU
		{0C0374D2-BA98-4BDC-9747-7D1FF3E61715}.Release|Any CPU.ActiveCfg = Release|Any CPU
		{0C0374D2-BA98-4BDC-9747-7D1FF3E61715}.Release|Any CPU.Build.0 = Release|Any CPU
		{BD8D5AB2-0C9E-4C61-B158-FF132890DB3C}.Debug|Any CPU.ActiveCfg = Debug|Any CPU
		{BD8D5AB2-0C9E-4C61-B158-FF132890DB3C}.Debug|Any CPU.Build.0 = Debug|Any CPU
		{BD8D5AB2-0C9E-4C61-B158-FF132890DB3C}.Release|Any CPU.ActiveCfg = Release|Any CPU
		{BD8D5AB2-0C9E-4C61-B158-FF132890DB3C}.Release|Any CPU.Build.0 = Release|Any CPU
		{0FB22EF0-3C6F-4235-A50E-3A976AC261D3}.Debug|Any CPU.ActiveCfg = Debug|Any CPU
		{0FB22EF0-3C6F-4235-A50E-3A976AC261D3}.Debug|Any CPU.Build.0 = Debug|Any CPU
		{0FB22EF0-3C6F-4235-A50E-3A976AC261D3}.Release|Any CPU.ActiveCfg = Release|Any CPU
		{0FB22EF0-3C6F-4235-A50E-3A976AC261D3}.Release|Any CPU.Build.0 = Release|Any CPU
		{B1ABAAF9-811D-41C8-8C1F-37AEF687BDF1}.Debug|Any CPU.ActiveCfg = Debug|Any CPU
		{B1ABAAF9-811D-41C8-8C1F-37AEF687BDF1}.Debug|Any CPU.Build.0 = Debug|Any CPU
		{B1ABAAF9-811D-41C8-8C1F-37AEF687BDF1}.Release|Any CPU.ActiveCfg = Release|Any CPU
		{B1ABAAF9-811D-41C8-8C1F-37AEF687BDF1}.Release|Any CPU.Build.0 = Release|Any CPU
		{01F99194-DC37-4EF2-A36E-DCE3EADC4062}.Debug|Any CPU.ActiveCfg = Debug|Any CPU
		{01F99194-DC37-4EF2-A36E-DCE3EADC4062}.Debug|Any CPU.Build.0 = Debug|Any CPU
		{01F99194-DC37-4EF2-A36E-DCE3EADC4062}.Release|Any CPU.ActiveCfg = Release|Any CPU
		{01F99194-DC37-4EF2-A36E-DCE3EADC4062}.Release|Any CPU.Build.0 = Release|Any CPU
		{5856DF02-F2F5-4B25-A096-9DDC239EC341}.Debug|Any CPU.ActiveCfg = Debug|Any CPU
		{5856DF02-F2F5-4B25-A096-9DDC239EC341}.Debug|Any CPU.Build.0 = Debug|Any CPU
		{5856DF02-F2F5-4B25-A096-9DDC239EC341}.Release|Any CPU.ActiveCfg = Release|Any CPU
		{5856DF02-F2F5-4B25-A096-9DDC239EC341}.Release|Any CPU.Build.0 = Release|Any CPU
		{F745A7BF-2207-47D5-9B14-352D9CA22A03}.Debug|Any CPU.ActiveCfg = Debug|Any CPU
		{F745A7BF-2207-47D5-9B14-352D9CA22A03}.Debug|Any CPU.Build.0 = Debug|Any CPU
		{F745A7BF-2207-47D5-9B14-352D9CA22A03}.Release|Any CPU.ActiveCfg = Release|Any CPU
		{F745A7BF-2207-47D5-9B14-352D9CA22A03}.Release|Any CPU.Build.0 = Release|Any CPU
		{D9CF584F-7C49-439E-8A37-1EF053A17DBF}.Debug|Any CPU.ActiveCfg = Debug|Any CPU
		{D9CF584F-7C49-439E-8A37-1EF053A17DBF}.Debug|Any CPU.Build.0 = Debug|Any CPU
		{D9CF584F-7C49-439E-8A37-1EF053A17DBF}.Release|Any CPU.ActiveCfg = Release|Any CPU
		{D9CF584F-7C49-439E-8A37-1EF053A17DBF}.Release|Any CPU.Build.0 = Release|Any CPU
		{1568BF64-479D-4D11-957C-810452940952}.Debug|Any CPU.ActiveCfg = Debug|Any CPU
		{1568BF64-479D-4D11-957C-810452940952}.Debug|Any CPU.Build.0 = Debug|Any CPU
		{1568BF64-479D-4D11-957C-810452940952}.Release|Any CPU.ActiveCfg = Release|Any CPU
		{1568BF64-479D-4D11-957C-810452940952}.Release|Any CPU.Build.0 = Release|Any CPU
		{C65A63EE-8B15-42B2-90B7-EF49EBDAB7BB}.Debug|Any CPU.ActiveCfg = Debug|Any CPU
		{C65A63EE-8B15-42B2-90B7-EF49EBDAB7BB}.Debug|Any CPU.Build.0 = Debug|Any CPU
		{C65A63EE-8B15-42B2-90B7-EF49EBDAB7BB}.Release|Any CPU.ActiveCfg = Release|Any CPU
		{C65A63EE-8B15-42B2-90B7-EF49EBDAB7BB}.Release|Any CPU.Build.0 = Release|Any CPU
		{D3CB0DAE-F5E8-4523-8131-80497057F411}.Debug|Any CPU.ActiveCfg = Debug|Any CPU
		{D3CB0DAE-F5E8-4523-8131-80497057F411}.Debug|Any CPU.Build.0 = Debug|Any CPU
		{D3CB0DAE-F5E8-4523-8131-80497057F411}.Release|Any CPU.ActiveCfg = Release|Any CPU
		{D3CB0DAE-F5E8-4523-8131-80497057F411}.Release|Any CPU.Build.0 = Release|Any CPU
		{9AD6324D-FA9C-4754-BC9F-738575AF6BAE}.Debug|Any CPU.ActiveCfg = Debug|Any CPU
		{9AD6324D-FA9C-4754-BC9F-738575AF6BAE}.Debug|Any CPU.Build.0 = Debug|Any CPU
		{9AD6324D-FA9C-4754-BC9F-738575AF6BAE}.Release|Any CPU.ActiveCfg = Release|Any CPU
		{9AD6324D-FA9C-4754-BC9F-738575AF6BAE}.Release|Any CPU.Build.0 = Release|Any CPU
		{E7884C26-0BB7-43C7-8F9A-958E9E830719}.Debug|Any CPU.ActiveCfg = Debug|Any CPU
		{E7884C26-0BB7-43C7-8F9A-958E9E830719}.Debug|Any CPU.Build.0 = Debug|Any CPU
		{E7884C26-0BB7-43C7-8F9A-958E9E830719}.Release|Any CPU.ActiveCfg = Release|Any CPU
		{E7884C26-0BB7-43C7-8F9A-958E9E830719}.Release|Any CPU.Build.0 = Release|Any CPU
		{6F9463F4-6501-4DBA-97F7-07B06E369D33}.Debug|Any CPU.ActiveCfg = Debug|Any CPU
		{6F9463F4-6501-4DBA-97F7-07B06E369D33}.Debug|Any CPU.Build.0 = Debug|Any CPU
		{6F9463F4-6501-4DBA-97F7-07B06E369D33}.Release|Any CPU.ActiveCfg = Release|Any CPU
		{6F9463F4-6501-4DBA-97F7-07B06E369D33}.Release|Any CPU.Build.0 = Release|Any CPU
		{D6CC1BA8-80E8-445F-B534-E852EF20E264}.Debug|Any CPU.ActiveCfg = Debug|Any CPU
		{D6CC1BA8-80E8-445F-B534-E852EF20E264}.Debug|Any CPU.Build.0 = Debug|Any CPU
		{D6CC1BA8-80E8-445F-B534-E852EF20E264}.Release|Any CPU.ActiveCfg = Release|Any CPU
		{D6CC1BA8-80E8-445F-B534-E852EF20E264}.Release|Any CPU.Build.0 = Release|Any CPU
		{E5E0974D-0182-47F6-8B29-14697E328DE5}.Debug|Any CPU.ActiveCfg = Debug|Any CPU
		{E5E0974D-0182-47F6-8B29-14697E328DE5}.Debug|Any CPU.Build.0 = Debug|Any CPU
		{E5E0974D-0182-47F6-8B29-14697E328DE5}.Release|Any CPU.ActiveCfg = Release|Any CPU
		{E5E0974D-0182-47F6-8B29-14697E328DE5}.Release|Any CPU.Build.0 = Release|Any CPU
		{E84A977E-6C8C-4603-B5C5-3EA99C72DAFC}.Debug|Any CPU.ActiveCfg = Debug|Any CPU
		{E84A977E-6C8C-4603-B5C5-3EA99C72DAFC}.Debug|Any CPU.Build.0 = Debug|Any CPU
		{E84A977E-6C8C-4603-B5C5-3EA99C72DAFC}.Release|Any CPU.ActiveCfg = Release|Any CPU
		{E84A977E-6C8C-4603-B5C5-3EA99C72DAFC}.Release|Any CPU.Build.0 = Release|Any CPU
		{FEB3BA44-2CD9-445A-ABF2-C92378C443F7}.Debug|Any CPU.ActiveCfg = Debug|Any CPU
		{FEB3BA44-2CD9-445A-ABF2-C92378C443F7}.Debug|Any CPU.Build.0 = Debug|Any CPU
		{FEB3BA44-2CD9-445A-ABF2-C92378C443F7}.Release|Any CPU.ActiveCfg = Release|Any CPU
		{FEB3BA44-2CD9-445A-ABF2-C92378C443F7}.Release|Any CPU.Build.0 = Release|Any CPU
		{7792C4E0-6D07-42C9-AC29-BAB76836FC11}.Debug|Any CPU.ActiveCfg = Debug|Any CPU
		{7792C4E0-6D07-42C9-AC29-BAB76836FC11}.Debug|Any CPU.Build.0 = Debug|Any CPU
		{7792C4E0-6D07-42C9-AC29-BAB76836FC11}.Release|Any CPU.ActiveCfg = Release|Any CPU
		{7792C4E0-6D07-42C9-AC29-BAB76836FC11}.Release|Any CPU.Build.0 = Release|Any CPU
		{4FFB98A7-9A4C-476F-8BCC-C19B7F757BF8}.Debug|Any CPU.ActiveCfg = Debug|Any CPU
		{4FFB98A7-9A4C-476F-8BCC-C19B7F757BF8}.Debug|Any CPU.Build.0 = Debug|Any CPU
		{4FFB98A7-9A4C-476F-8BCC-C19B7F757BF8}.Release|Any CPU.ActiveCfg = Release|Any CPU
		{4FFB98A7-9A4C-476F-8BCC-C19B7F757BF8}.Release|Any CPU.Build.0 = Release|Any CPU
		{C949164C-0345-4893-9E4C-A79BC1F93F85}.Debug|Any CPU.ActiveCfg = Debug|Any CPU
		{C949164C-0345-4893-9E4C-A79BC1F93F85}.Debug|Any CPU.Build.0 = Debug|Any CPU
		{C949164C-0345-4893-9E4C-A79BC1F93F85}.Release|Any CPU.ActiveCfg = Release|Any CPU
		{C949164C-0345-4893-9E4C-A79BC1F93F85}.Release|Any CPU.Build.0 = Release|Any CPU
	EndGlobalSection
	GlobalSection(SolutionProperties) = preSolution
		HideSolutionNode = FALSE
	EndGlobalSection
	GlobalSection(NestedProjects) = preSolution
		{92777E64-9978-40AE-8B90-93ECBBBEFE67} = {7DCDBDA5-4163-41EA-B24E-9316DFB9F354}
		{8FF77F62-43C3-40FE-9DFE-01A53FE8A68E} = {7DCDBDA5-4163-41EA-B24E-9316DFB9F354}
		{0F2C9C4B-E9B7-43DD-9B25-72402E583D90} = {0A466330-6ED6-4861-9C94-31B1949CDDB9}
		{D8344B1F-9DB3-4E85-9195-6FFFECBF6427} = {953AAE25-26C8-4A28-AB08-61BAFE41B22F}
		{24ED97AD-6D04-4DC0-AFCB-C911EF0AA738} = {953AAE25-26C8-4A28-AB08-61BAFE41B22F}
		{505DF475-5FF5-47CC-9E3B-BBE16C359F0E} = {953AAE25-26C8-4A28-AB08-61BAFE41B22F}
		{DD4163B4-1696-4554-961E-DE2A3EB21ECE} = {953AAE25-26C8-4A28-AB08-61BAFE41B22F}
		{7615C9F0-91F1-4E05-A424-6D083B8958C5} = {953AAE25-26C8-4A28-AB08-61BAFE41B22F}
		{478DC949-A0B2-46B4-8645-A7DA92589B76} = {74112169-6672-4907-A187-F055111940A9}
		{8517D209-5BC1-47BD-A7C7-9CF9ADD9F5B6} = {10B4B5A2-3914-48B9-9304-C31338A6D980}
		{FD2AA3C3-F434-4D4F-88C8-3774B48E1D9D} = {8517D209-5BC1-47BD-A7C7-9CF9ADD9F5B6}
		{B72AA993-72E5-4D14-BF5E-C2E0E8CF5186} = {953AAE25-26C8-4A28-AB08-61BAFE41B22F}
		{0A466330-6ED6-4861-9C94-31B1949CDDB9} = {10B4B5A2-3914-48B9-9304-C31338A6D980}
		{7448728C-9965-4874-A2E9-7BAB37E42963} = {0A466330-6ED6-4861-9C94-31B1949CDDB9}
		{BA61840C-9E77-4454-88E2-7CA4E98EE4BD} = {0A466330-6ED6-4861-9C94-31B1949CDDB9}
		{70964330-F80E-4E1E-A33B-2021BDE37B2F} = {74112169-6672-4907-A187-F055111940A9}
		{29F12AD7-18DC-4DC3-B97F-BC773AC4C0EB} = {953AAE25-26C8-4A28-AB08-61BAFE41B22F}
		{9CA8EB0B-E8F3-49B4-9948-92A36F32F334} = {0A466330-6ED6-4861-9C94-31B1949CDDB9}
		{4FBD4612-B024-4991-BDD5-2BF980D124EA} = {0A466330-6ED6-4861-9C94-31B1949CDDB9}
		{21C94DE5-A774-4474-8C31-DB483D49710E} = {74112169-6672-4907-A187-F055111940A9}
		{C40AA3D2-F535-4E60-BF43-F4A5D874FD74} = {74112169-6672-4907-A187-F055111940A9}
		{0C0374D2-BA98-4BDC-9747-7D1FF3E61715} = {7DCDBDA5-4163-41EA-B24E-9316DFB9F354}
		{BD8D5AB2-0C9E-4C61-B158-FF132890DB3C} = {50AD5155-2CC6-496B-849C-57DC56021F5F}
		{0FB22EF0-3C6F-4235-A50E-3A976AC261D3} = {7DCDBDA5-4163-41EA-B24E-9316DFB9F354}
		{01F99194-DC37-4EF2-A36E-DCE3EADC4062} = {953AAE25-26C8-4A28-AB08-61BAFE41B22F}
		{F745A7BF-2207-47D5-9B14-352D9CA22A03} = {CA2B9835-7C05-417F-882C-72A8B857679E}
		{D9CF584F-7C49-439E-8A37-1EF053A17DBF} = {CA2B9835-7C05-417F-882C-72A8B857679E}
		{1568BF64-479D-4D11-957C-810452940952} = {CA2B9835-7C05-417F-882C-72A8B857679E}
		{C65A63EE-8B15-42B2-90B7-EF49EBDAB7BB} = {CA2B9835-7C05-417F-882C-72A8B857679E}
		{D3CB0DAE-F5E8-4523-8131-80497057F411} = {0D2B1DF8-2E8F-404D-B146-B8B567D8ACAE}
		{9AD6324D-FA9C-4754-BC9F-738575AF6BAE} = {0D2B1DF8-2E8F-404D-B146-B8B567D8ACAE}
		{E7884C26-0BB7-43C7-8F9A-958E9E830719} = {0D2B1DF8-2E8F-404D-B146-B8B567D8ACAE}
		{6F9463F4-6501-4DBA-97F7-07B06E369D33} = {8517D209-5BC1-47BD-A7C7-9CF9ADD9F5B6}
		{D6CC1BA8-80E8-445F-B534-E852EF20E264} = {0A466330-6ED6-4861-9C94-31B1949CDDB9}
		{E5E0974D-0182-47F6-8B29-14697E328DE5} = {0A466330-6ED6-4861-9C94-31B1949CDDB9}
		{E84A977E-6C8C-4603-B5C5-3EA99C72DAFC} = {0A466330-6ED6-4861-9C94-31B1949CDDB9}
		{FEB3BA44-2CD9-445A-ABF2-C92378C443F7} = {0A466330-6ED6-4861-9C94-31B1949CDDB9}
		{7792C4E0-6D07-42C9-AC29-BAB76836FC11} = {0A466330-6ED6-4861-9C94-31B1949CDDB9}
		{4FFB98A7-9A4C-476F-8BCC-C19B7F757BF8} = {8517D209-5BC1-47BD-A7C7-9CF9ADD9F5B6}
		{C949164C-0345-4893-9E4C-A79BC1F93F85} = {953AAE25-26C8-4A28-AB08-61BAFE41B22F}
	EndGlobalSection
	GlobalSection(ExtensibilityGlobals) = postSolution
		    RESX_ShowErrorsInErrorList = True
		RESX_TaskErrorCategory = Message
		SolutionGuid = {36EFC961-F4E7-49DC-A36A-99594FFB8243}		
	EndGlobalSection
EndGlobal
