
Microsoft Visual Studio Solution File, Format Version 12.00
# Visual Studio Version 16
VisualStudioVersion = 16.0.29905.134
MinimumVisualStudioVersion = 10.0.40219.1
Project("{FAE04EC0-301F-11D3-BF4B-00C04F79EFBC}") = "HeartOfGold", "Runtime\Marvin.Runtime.HeartOfGold\HeartOfGold.csproj", "{840BD5F3-28B4-4921-B752-227B234187D8}"
EndProject
Project("{FAE04EC0-301F-11D3-BF4B-00C04F79EFBC}") = "Marvin.Runtime", "Runtime\Marvin.Runtime\Marvin.Runtime.csproj", "{92777E64-9978-40AE-8B90-93ECBBBEFE67}"
EndProject
Project("{FAE04EC0-301F-11D3-BF4B-00C04F79EFBC}") = "Marvin.Runtime.Base", "Runtime\Marvin.Runtime.Base\Marvin.Runtime.Base.csproj", "{12DBB67A-E0A8-413A-8C1B-A4CAE57A9AFB}"
EndProject
Project("{FAE04EC0-301F-11D3-BF4B-00C04F79EFBC}") = "Marvin.Runtime.Kernel", "Runtime\Marvin.Runtime.Kernel\Marvin.Runtime.Kernel.csproj", "{8FF77F62-43C3-40FE-9DFE-01A53FE8A68E}"
EndProject
Project("{2150E333-8FDC-42A3-9474-1A3956D46DE8}") = "Core", "Core", "{2ECB09EF-EDF2-4D2C-A8AE-893875726563}"
EndProject
Project("{2150E333-8FDC-42A3-9474-1A3956D46DE8}") = "Modules", "Modules", "{06BE0C35-02E3-4853-85BC-3D931345745D}"
EndProject
Project("{2150E333-8FDC-42A3-9474-1A3956D46DE8}") = "Tests", "Tests", "{3331E7CC-0FFE-4D19-ACEF-3C4A3C2333DC}"
EndProject
Project("{FAE04EC0-301F-11D3-BF4B-00C04F79EFBC}") = "Marvin.Runtime.Base.Tests", "Runtime\Tests\Marvin.Runtime.Base.Tests\Marvin.Runtime.Base.Tests.csproj", "{7448728C-9965-4874-A2E9-7BAB37E42963}"
EndProject
Project("{FAE04EC0-301F-11D3-BF4B-00C04F79EFBC}") = "Marvin.Runtime.Maintenance", "Runtime\Marvin.Runtime.Maintenance\Marvin.Runtime.Maintenance.csproj", "{EB039D46-906F-44BF-AC37-B3B3634A4442}"
EndProject
Project("{FAE04EC0-301F-11D3-BF4B-00C04F79EFBC}") = "Marvin.Runtime.Kernel.Tests", "Runtime\Tests\Marvin.Runtime.Kernel.Tests\Marvin.Runtime.Kernel.Tests.csproj", "{0F2C9C4B-E9B7-43DD-9B25-72402E583D90}"
EndProject
Project("{FAE04EC0-301F-11D3-BF4B-00C04F79EFBC}") = "Marvin.Runtime.SystemTests", "Runtime\SystemTests\Marvin.Runtime.SystemTests\Marvin.Runtime.SystemTests.csproj", "{B47E0CB5-A3EC-4ED6-BCBF-9E3BEA6ABF5D}"
EndProject
Project("{2150E333-8FDC-42A3-9474-1A3956D46DE8}") = "TestTools", "TestTools", "{6F816C79-8E6F-4AF9-96B8-21D776C72B44}"
EndProject
Project("{FAE04EC0-301F-11D3-BF4B-00C04F79EFBC}") = "Marvin.DependentTestModule", "Runtime\DependentTestModule\Marvin.DependentTestModule.csproj", "{D8344B1F-9DB3-4E85-9195-6FFFECBF6427}"
EndProject
Project("{FAE04EC0-301F-11D3-BF4B-00C04F79EFBC}") = "Marvin.TestModule", "Runtime\TestModule\Marvin.TestModule.csproj", "{24ED97AD-6D04-4DC0-AFCB-C911EF0AA738}"
EndProject
Project("{FAE04EC0-301F-11D3-BF4B-00C04F79EFBC}") = "Marvin.Tools.Wcf.SystemTests", "Runtime\SystemTests\Marvin.Tools.Wcf.SystemTests\Marvin.Tools.Wcf.SystemTests.csproj", "{74D4C6FE-2E58-4F31-A915-6CF061C0149B}"
EndProject
Project("{2150E333-8FDC-42A3-9474-1A3956D46DE8}") = "SystemTests", "SystemTests", "{63266199-BAA4-4463-998A-240E130A197D}"
EndProject
Project("{2150E333-8FDC-42A3-9474-1A3956D46DE8}") = "UnitTests", "UnitTests", "{3DEA9999-9C7A-43BA-BD54-78AF8BB386D6}"
EndProject
Global
	GlobalSection(SolutionConfigurationPlatforms) = preSolution
		Debug|Any CPU = Debug|Any CPU
		Debug|Mixed Platforms = Debug|Mixed Platforms
		Debug|x64 = Debug|x64
		Debug|x86 = Debug|x86
		Release(x86)|Any CPU = Release(x86)|Any CPU
		Release(x86)|Mixed Platforms = Release(x86)|Mixed Platforms
		Release(x86)|x64 = Release(x86)|x64
		Release(x86)|x86 = Release(x86)|x86
		Release|Any CPU = Release|Any CPU
		Release|Mixed Platforms = Release|Mixed Platforms
		Release|x64 = Release|x64
		Release|x86 = Release|x86
	EndGlobalSection
	GlobalSection(ProjectConfigurationPlatforms) = postSolution
		{840BD5F3-28B4-4921-B752-227B234187D8}.Debug|Any CPU.ActiveCfg = Debug|x86
		{840BD5F3-28B4-4921-B752-227B234187D8}.Debug|Any CPU.Build.0 = Debug|x86
		{840BD5F3-28B4-4921-B752-227B234187D8}.Debug|Mixed Platforms.ActiveCfg = Debug|x86
		{840BD5F3-28B4-4921-B752-227B234187D8}.Debug|Mixed Platforms.Build.0 = Debug|x86
		{840BD5F3-28B4-4921-B752-227B234187D8}.Debug|x64.ActiveCfg = Debug|x64
		{840BD5F3-28B4-4921-B752-227B234187D8}.Debug|x64.Build.0 = Debug|x64
		{840BD5F3-28B4-4921-B752-227B234187D8}.Debug|x86.ActiveCfg = Debug|x86
		{840BD5F3-28B4-4921-B752-227B234187D8}.Debug|x86.Build.0 = Debug|x86
		{840BD5F3-28B4-4921-B752-227B234187D8}.Release(x86)|Any CPU.ActiveCfg = Release(x86)|x86
		{840BD5F3-28B4-4921-B752-227B234187D8}.Release(x86)|Mixed Platforms.ActiveCfg = Release(x86)|x86
		{840BD5F3-28B4-4921-B752-227B234187D8}.Release(x86)|Mixed Platforms.Build.0 = Release(x86)|x86
		{840BD5F3-28B4-4921-B752-227B234187D8}.Release(x86)|x64.ActiveCfg = Release(x86)|x86
		{840BD5F3-28B4-4921-B752-227B234187D8}.Release(x86)|x64.Build.0 = Release(x86)|x86
		{840BD5F3-28B4-4921-B752-227B234187D8}.Release(x86)|x86.ActiveCfg = Release(x86)|x86
		{840BD5F3-28B4-4921-B752-227B234187D8}.Release(x86)|x86.Build.0 = Release(x86)|x86
		{840BD5F3-28B4-4921-B752-227B234187D8}.Release|Any CPU.ActiveCfg = Release|x64
		{840BD5F3-28B4-4921-B752-227B234187D8}.Release|Mixed Platforms.ActiveCfg = Release|x86
		{840BD5F3-28B4-4921-B752-227B234187D8}.Release|Mixed Platforms.Build.0 = Release|x86
		{840BD5F3-28B4-4921-B752-227B234187D8}.Release|x64.ActiveCfg = Release|x64
		{840BD5F3-28B4-4921-B752-227B234187D8}.Release|x64.Build.0 = Release|x64
		{840BD5F3-28B4-4921-B752-227B234187D8}.Release|x86.ActiveCfg = Release|x86
		{840BD5F3-28B4-4921-B752-227B234187D8}.Release|x86.Build.0 = Release|x86
		{92777E64-9978-40AE-8B90-93ECBBBEFE67}.Debug|Any CPU.ActiveCfg = Debug|Any CPU
		{92777E64-9978-40AE-8B90-93ECBBBEFE67}.Debug|Any CPU.Build.0 = Debug|Any CPU
		{92777E64-9978-40AE-8B90-93ECBBBEFE67}.Debug|Mixed Platforms.ActiveCfg = Debug|Any CPU
		{92777E64-9978-40AE-8B90-93ECBBBEFE67}.Debug|Mixed Platforms.Build.0 = Debug|Any CPU
		{92777E64-9978-40AE-8B90-93ECBBBEFE67}.Debug|x64.ActiveCfg = Debug|Any CPU
		{92777E64-9978-40AE-8B90-93ECBBBEFE67}.Debug|x86.ActiveCfg = Debug|Any CPU
		{92777E64-9978-40AE-8B90-93ECBBBEFE67}.Release(x86)|Any CPU.ActiveCfg = Release(x86)|Any CPU
		{92777E64-9978-40AE-8B90-93ECBBBEFE67}.Release(x86)|Any CPU.Build.0 = Release(x86)|Any CPU
		{92777E64-9978-40AE-8B90-93ECBBBEFE67}.Release(x86)|Mixed Platforms.ActiveCfg = Release(x86)|Any CPU
		{92777E64-9978-40AE-8B90-93ECBBBEFE67}.Release(x86)|Mixed Platforms.Build.0 = Release(x86)|Any CPU
		{92777E64-9978-40AE-8B90-93ECBBBEFE67}.Release(x86)|x64.ActiveCfg = Release(x86)|Any CPU
		{92777E64-9978-40AE-8B90-93ECBBBEFE67}.Release(x86)|x64.Build.0 = Release(x86)|Any CPU
		{92777E64-9978-40AE-8B90-93ECBBBEFE67}.Release(x86)|x86.ActiveCfg = Release(x86)|Any CPU
		{92777E64-9978-40AE-8B90-93ECBBBEFE67}.Release|Any CPU.ActiveCfg = Release|Any CPU
		{92777E64-9978-40AE-8B90-93ECBBBEFE67}.Release|Any CPU.Build.0 = Release|Any CPU
		{92777E64-9978-40AE-8B90-93ECBBBEFE67}.Release|Mixed Platforms.ActiveCfg = Release|Any CPU
		{92777E64-9978-40AE-8B90-93ECBBBEFE67}.Release|Mixed Platforms.Build.0 = Release|Any CPU
		{92777E64-9978-40AE-8B90-93ECBBBEFE67}.Release|x64.ActiveCfg = Release|Any CPU
		{92777E64-9978-40AE-8B90-93ECBBBEFE67}.Release|x64.Build.0 = Release|Any CPU
		{92777E64-9978-40AE-8B90-93ECBBBEFE67}.Release|x86.ActiveCfg = Release|Any CPU
		{12DBB67A-E0A8-413A-8C1B-A4CAE57A9AFB}.Debug|Any CPU.ActiveCfg = Debug|Any CPU
		{12DBB67A-E0A8-413A-8C1B-A4CAE57A9AFB}.Debug|Any CPU.Build.0 = Debug|Any CPU
		{12DBB67A-E0A8-413A-8C1B-A4CAE57A9AFB}.Debug|Mixed Platforms.ActiveCfg = Debug|Any CPU
		{12DBB67A-E0A8-413A-8C1B-A4CAE57A9AFB}.Debug|Mixed Platforms.Build.0 = Debug|Any CPU
		{12DBB67A-E0A8-413A-8C1B-A4CAE57A9AFB}.Debug|x64.ActiveCfg = Debug|Any CPU
		{12DBB67A-E0A8-413A-8C1B-A4CAE57A9AFB}.Debug|x86.ActiveCfg = Debug|Any CPU
		{12DBB67A-E0A8-413A-8C1B-A4CAE57A9AFB}.Release(x86)|Any CPU.ActiveCfg = Release(x86)|Any CPU
		{12DBB67A-E0A8-413A-8C1B-A4CAE57A9AFB}.Release(x86)|Any CPU.Build.0 = Release(x86)|Any CPU
		{12DBB67A-E0A8-413A-8C1B-A4CAE57A9AFB}.Release(x86)|Mixed Platforms.ActiveCfg = Release(x86)|Any CPU
		{12DBB67A-E0A8-413A-8C1B-A4CAE57A9AFB}.Release(x86)|Mixed Platforms.Build.0 = Release(x86)|Any CPU
		{12DBB67A-E0A8-413A-8C1B-A4CAE57A9AFB}.Release(x86)|x64.ActiveCfg = Release(x86)|Any CPU
		{12DBB67A-E0A8-413A-8C1B-A4CAE57A9AFB}.Release(x86)|x64.Build.0 = Release(x86)|Any CPU
		{12DBB67A-E0A8-413A-8C1B-A4CAE57A9AFB}.Release(x86)|x86.ActiveCfg = Release(x86)|Any CPU
		{12DBB67A-E0A8-413A-8C1B-A4CAE57A9AFB}.Release|Any CPU.ActiveCfg = Release|Any CPU
		{12DBB67A-E0A8-413A-8C1B-A4CAE57A9AFB}.Release|Any CPU.Build.0 = Release|Any CPU
		{12DBB67A-E0A8-413A-8C1B-A4CAE57A9AFB}.Release|Mixed Platforms.ActiveCfg = Release|Any CPU
		{12DBB67A-E0A8-413A-8C1B-A4CAE57A9AFB}.Release|Mixed Platforms.Build.0 = Release|Any CPU
		{12DBB67A-E0A8-413A-8C1B-A4CAE57A9AFB}.Release|x64.ActiveCfg = Release|Any CPU
		{12DBB67A-E0A8-413A-8C1B-A4CAE57A9AFB}.Release|x64.Build.0 = Release|Any CPU
		{12DBB67A-E0A8-413A-8C1B-A4CAE57A9AFB}.Release|x86.ActiveCfg = Release|Any CPU
		{8FF77F62-43C3-40FE-9DFE-01A53FE8A68E}.Debug|Any CPU.ActiveCfg = Debug|Any CPU
		{8FF77F62-43C3-40FE-9DFE-01A53FE8A68E}.Debug|Any CPU.Build.0 = Debug|Any CPU
		{8FF77F62-43C3-40FE-9DFE-01A53FE8A68E}.Debug|Mixed Platforms.ActiveCfg = Debug|Any CPU
		{8FF77F62-43C3-40FE-9DFE-01A53FE8A68E}.Debug|Mixed Platforms.Build.0 = Debug|Any CPU
		{8FF77F62-43C3-40FE-9DFE-01A53FE8A68E}.Debug|x64.ActiveCfg = Debug|Any CPU
		{8FF77F62-43C3-40FE-9DFE-01A53FE8A68E}.Debug|x86.ActiveCfg = Debug|Any CPU
		{8FF77F62-43C3-40FE-9DFE-01A53FE8A68E}.Release(x86)|Any CPU.ActiveCfg = Release(x86)|Any CPU
		{8FF77F62-43C3-40FE-9DFE-01A53FE8A68E}.Release(x86)|Any CPU.Build.0 = Release(x86)|Any CPU
		{8FF77F62-43C3-40FE-9DFE-01A53FE8A68E}.Release(x86)|Mixed Platforms.ActiveCfg = Release(x86)|Any CPU
		{8FF77F62-43C3-40FE-9DFE-01A53FE8A68E}.Release(x86)|Mixed Platforms.Build.0 = Release(x86)|Any CPU
		{8FF77F62-43C3-40FE-9DFE-01A53FE8A68E}.Release(x86)|x64.ActiveCfg = Release(x86)|Any CPU
		{8FF77F62-43C3-40FE-9DFE-01A53FE8A68E}.Release(x86)|x64.Build.0 = Release(x86)|Any CPU
		{8FF77F62-43C3-40FE-9DFE-01A53FE8A68E}.Release(x86)|x86.ActiveCfg = Release(x86)|Any CPU
		{8FF77F62-43C3-40FE-9DFE-01A53FE8A68E}.Release|Any CPU.ActiveCfg = Release|Any CPU
		{8FF77F62-43C3-40FE-9DFE-01A53FE8A68E}.Release|Any CPU.Build.0 = Release|Any CPU
		{8FF77F62-43C3-40FE-9DFE-01A53FE8A68E}.Release|Mixed Platforms.ActiveCfg = Release|Any CPU
		{8FF77F62-43C3-40FE-9DFE-01A53FE8A68E}.Release|Mixed Platforms.Build.0 = Release|Any CPU
		{8FF77F62-43C3-40FE-9DFE-01A53FE8A68E}.Release|x64.ActiveCfg = Release|Any CPU
		{8FF77F62-43C3-40FE-9DFE-01A53FE8A68E}.Release|x64.Build.0 = Release|Any CPU
		{8FF77F62-43C3-40FE-9DFE-01A53FE8A68E}.Release|x86.ActiveCfg = Release|Any CPU
		{7448728C-9965-4874-A2E9-7BAB37E42963}.Debug|Any CPU.ActiveCfg = Debug|Any CPU
		{7448728C-9965-4874-A2E9-7BAB37E42963}.Debug|Any CPU.Build.0 = Debug|Any CPU
		{7448728C-9965-4874-A2E9-7BAB37E42963}.Debug|Mixed Platforms.ActiveCfg = Debug|Any CPU
		{7448728C-9965-4874-A2E9-7BAB37E42963}.Debug|Mixed Platforms.Build.0 = Debug|Any CPU
		{7448728C-9965-4874-A2E9-7BAB37E42963}.Debug|x64.ActiveCfg = Debug|Any CPU
		{7448728C-9965-4874-A2E9-7BAB37E42963}.Debug|x86.ActiveCfg = Debug|Any CPU
		{7448728C-9965-4874-A2E9-7BAB37E42963}.Release(x86)|Any CPU.ActiveCfg = Release|Any CPU
		{7448728C-9965-4874-A2E9-7BAB37E42963}.Release(x86)|Any CPU.Build.0 = Release|Any CPU
		{7448728C-9965-4874-A2E9-7BAB37E42963}.Release(x86)|Mixed Platforms.ActiveCfg = Release|Any CPU
		{7448728C-9965-4874-A2E9-7BAB37E42963}.Release(x86)|Mixed Platforms.Build.0 = Release|Any CPU
		{7448728C-9965-4874-A2E9-7BAB37E42963}.Release(x86)|x64.ActiveCfg = Release|Any CPU
		{7448728C-9965-4874-A2E9-7BAB37E42963}.Release(x86)|x86.ActiveCfg = Release|Any CPU
		{7448728C-9965-4874-A2E9-7BAB37E42963}.Release|Any CPU.ActiveCfg = Release|Any CPU
		{7448728C-9965-4874-A2E9-7BAB37E42963}.Release|Any CPU.Build.0 = Release|Any CPU
		{7448728C-9965-4874-A2E9-7BAB37E42963}.Release|Mixed Platforms.ActiveCfg = Release|Any CPU
		{7448728C-9965-4874-A2E9-7BAB37E42963}.Release|Mixed Platforms.Build.0 = Release|Any CPU
		{7448728C-9965-4874-A2E9-7BAB37E42963}.Release|x64.ActiveCfg = Release|Any CPU
		{7448728C-9965-4874-A2E9-7BAB37E42963}.Release|x86.ActiveCfg = Release|Any CPU
		{EB039D46-906F-44BF-AC37-B3B3634A4442}.Debug|Any CPU.ActiveCfg = Debug|Any CPU
		{EB039D46-906F-44BF-AC37-B3B3634A4442}.Debug|Any CPU.Build.0 = Debug|Any CPU
		{EB039D46-906F-44BF-AC37-B3B3634A4442}.Debug|Mixed Platforms.ActiveCfg = Debug|Any CPU
		{EB039D46-906F-44BF-AC37-B3B3634A4442}.Debug|Mixed Platforms.Build.0 = Debug|Any CPU
		{EB039D46-906F-44BF-AC37-B3B3634A4442}.Debug|x64.ActiveCfg = Debug|Any CPU
		{EB039D46-906F-44BF-AC37-B3B3634A4442}.Debug|x86.ActiveCfg = Debug|Any CPU
		{EB039D46-906F-44BF-AC37-B3B3634A4442}.Release(x86)|Any CPU.ActiveCfg = Release|Any CPU
		{EB039D46-906F-44BF-AC37-B3B3634A4442}.Release(x86)|Any CPU.Build.0 = Release|Any CPU
		{EB039D46-906F-44BF-AC37-B3B3634A4442}.Release(x86)|Mixed Platforms.ActiveCfg = Release|Any CPU
		{EB039D46-906F-44BF-AC37-B3B3634A4442}.Release(x86)|Mixed Platforms.Build.0 = Release|Any CPU
		{EB039D46-906F-44BF-AC37-B3B3634A4442}.Release(x86)|x64.ActiveCfg = Release|Any CPU
		{EB039D46-906F-44BF-AC37-B3B3634A4442}.Release(x86)|x86.ActiveCfg = Release|Any CPU
		{EB039D46-906F-44BF-AC37-B3B3634A4442}.Release|Any CPU.ActiveCfg = Release|Any CPU
		{EB039D46-906F-44BF-AC37-B3B3634A4442}.Release|Any CPU.Build.0 = Release|Any CPU
		{EB039D46-906F-44BF-AC37-B3B3634A4442}.Release|Mixed Platforms.ActiveCfg = Release|Any CPU
		{EB039D46-906F-44BF-AC37-B3B3634A4442}.Release|Mixed Platforms.Build.0 = Release|Any CPU
		{EB039D46-906F-44BF-AC37-B3B3634A4442}.Release|x64.ActiveCfg = Release|Any CPU
		{EB039D46-906F-44BF-AC37-B3B3634A4442}.Release|x86.ActiveCfg = Release|Any CPU
		{0F2C9C4B-E9B7-43DD-9B25-72402E583D90}.Debug|Any CPU.ActiveCfg = Debug|Any CPU
		{0F2C9C4B-E9B7-43DD-9B25-72402E583D90}.Debug|Any CPU.Build.0 = Debug|Any CPU
		{0F2C9C4B-E9B7-43DD-9B25-72402E583D90}.Debug|Mixed Platforms.ActiveCfg = Debug|Any CPU
		{0F2C9C4B-E9B7-43DD-9B25-72402E583D90}.Debug|Mixed Platforms.Build.0 = Debug|Any CPU
		{0F2C9C4B-E9B7-43DD-9B25-72402E583D90}.Debug|x64.ActiveCfg = Debug|Any CPU
		{0F2C9C4B-E9B7-43DD-9B25-72402E583D90}.Debug|x86.ActiveCfg = Debug|Any CPU
		{0F2C9C4B-E9B7-43DD-9B25-72402E583D90}.Release(x86)|Any CPU.ActiveCfg = Release|Any CPU
		{0F2C9C4B-E9B7-43DD-9B25-72402E583D90}.Release(x86)|Any CPU.Build.0 = Release|Any CPU
		{0F2C9C4B-E9B7-43DD-9B25-72402E583D90}.Release(x86)|Mixed Platforms.ActiveCfg = Release|Any CPU
		{0F2C9C4B-E9B7-43DD-9B25-72402E583D90}.Release(x86)|Mixed Platforms.Build.0 = Release|Any CPU
		{0F2C9C4B-E9B7-43DD-9B25-72402E583D90}.Release(x86)|x64.ActiveCfg = Release|Any CPU
		{0F2C9C4B-E9B7-43DD-9B25-72402E583D90}.Release(x86)|x86.ActiveCfg = Release|Any CPU
		{0F2C9C4B-E9B7-43DD-9B25-72402E583D90}.Release|Any CPU.ActiveCfg = Release|Any CPU
		{0F2C9C4B-E9B7-43DD-9B25-72402E583D90}.Release|Any CPU.Build.0 = Release|Any CPU
		{0F2C9C4B-E9B7-43DD-9B25-72402E583D90}.Release|Mixed Platforms.ActiveCfg = Release|Any CPU
		{0F2C9C4B-E9B7-43DD-9B25-72402E583D90}.Release|Mixed Platforms.Build.0 = Release|Any CPU
		{0F2C9C4B-E9B7-43DD-9B25-72402E583D90}.Release|x64.ActiveCfg = Release|Any CPU
		{0F2C9C4B-E9B7-43DD-9B25-72402E583D90}.Release|x86.ActiveCfg = Release|Any CPU
		{B47E0CB5-A3EC-4ED6-BCBF-9E3BEA6ABF5D}.Debug|Any CPU.ActiveCfg = Debug|Any CPU
		{B47E0CB5-A3EC-4ED6-BCBF-9E3BEA6ABF5D}.Debug|Any CPU.Build.0 = Debug|Any CPU
		{B47E0CB5-A3EC-4ED6-BCBF-9E3BEA6ABF5D}.Debug|Mixed Platforms.ActiveCfg = Debug|Any CPU
		{B47E0CB5-A3EC-4ED6-BCBF-9E3BEA6ABF5D}.Debug|Mixed Platforms.Build.0 = Debug|Any CPU
		{B47E0CB5-A3EC-4ED6-BCBF-9E3BEA6ABF5D}.Debug|x64.ActiveCfg = Debug|Any CPU
		{B47E0CB5-A3EC-4ED6-BCBF-9E3BEA6ABF5D}.Debug|x86.ActiveCfg = Debug|Any CPU
		{B47E0CB5-A3EC-4ED6-BCBF-9E3BEA6ABF5D}.Release(x86)|Any CPU.ActiveCfg = Release|Any CPU
		{B47E0CB5-A3EC-4ED6-BCBF-9E3BEA6ABF5D}.Release(x86)|Any CPU.Build.0 = Release|Any CPU
		{B47E0CB5-A3EC-4ED6-BCBF-9E3BEA6ABF5D}.Release(x86)|Mixed Platforms.ActiveCfg = Release|Any CPU
		{B47E0CB5-A3EC-4ED6-BCBF-9E3BEA6ABF5D}.Release(x86)|Mixed Platforms.Build.0 = Release|Any CPU
		{B47E0CB5-A3EC-4ED6-BCBF-9E3BEA6ABF5D}.Release(x86)|x64.ActiveCfg = Release|Any CPU
		{B47E0CB5-A3EC-4ED6-BCBF-9E3BEA6ABF5D}.Release(x86)|x86.ActiveCfg = Release|Any CPU
		{B47E0CB5-A3EC-4ED6-BCBF-9E3BEA6ABF5D}.Release|Any CPU.ActiveCfg = Release|Any CPU
		{B47E0CB5-A3EC-4ED6-BCBF-9E3BEA6ABF5D}.Release|Any CPU.Build.0 = Release|Any CPU
		{B47E0CB5-A3EC-4ED6-BCBF-9E3BEA6ABF5D}.Release|Mixed Platforms.ActiveCfg = Release|Any CPU
		{B47E0CB5-A3EC-4ED6-BCBF-9E3BEA6ABF5D}.Release|Mixed Platforms.Build.0 = Release|Any CPU
		{B47E0CB5-A3EC-4ED6-BCBF-9E3BEA6ABF5D}.Release|x64.ActiveCfg = Release|Any CPU
		{B47E0CB5-A3EC-4ED6-BCBF-9E3BEA6ABF5D}.Release|x86.ActiveCfg = Release|Any CPU
		{D8344B1F-9DB3-4E85-9195-6FFFECBF6427}.Debug|Any CPU.ActiveCfg = Debug|Any CPU
		{D8344B1F-9DB3-4E85-9195-6FFFECBF6427}.Debug|Any CPU.Build.0 = Debug|Any CPU
		{D8344B1F-9DB3-4E85-9195-6FFFECBF6427}.Debug|Mixed Platforms.ActiveCfg = Debug|Any CPU
		{D8344B1F-9DB3-4E85-9195-6FFFECBF6427}.Debug|Mixed Platforms.Build.0 = Debug|Any CPU
		{D8344B1F-9DB3-4E85-9195-6FFFECBF6427}.Debug|x64.ActiveCfg = Debug|Any CPU
		{D8344B1F-9DB3-4E85-9195-6FFFECBF6427}.Debug|x86.ActiveCfg = Debug|Any CPU
		{D8344B1F-9DB3-4E85-9195-6FFFECBF6427}.Release(x86)|Any CPU.ActiveCfg = Release|Any CPU
		{D8344B1F-9DB3-4E85-9195-6FFFECBF6427}.Release(x86)|Any CPU.Build.0 = Release|Any CPU
		{D8344B1F-9DB3-4E85-9195-6FFFECBF6427}.Release(x86)|Mixed Platforms.ActiveCfg = Release|Any CPU
		{D8344B1F-9DB3-4E85-9195-6FFFECBF6427}.Release(x86)|Mixed Platforms.Build.0 = Release|Any CPU
		{D8344B1F-9DB3-4E85-9195-6FFFECBF6427}.Release(x86)|x64.ActiveCfg = Release|Any CPU
		{D8344B1F-9DB3-4E85-9195-6FFFECBF6427}.Release(x86)|x86.ActiveCfg = Release|Any CPU
		{D8344B1F-9DB3-4E85-9195-6FFFECBF6427}.Release|Any CPU.ActiveCfg = Release|Any CPU
		{D8344B1F-9DB3-4E85-9195-6FFFECBF6427}.Release|Any CPU.Build.0 = Release|Any CPU
		{D8344B1F-9DB3-4E85-9195-6FFFECBF6427}.Release|Mixed Platforms.ActiveCfg = Release|Any CPU
		{D8344B1F-9DB3-4E85-9195-6FFFECBF6427}.Release|Mixed Platforms.Build.0 = Release|Any CPU
		{D8344B1F-9DB3-4E85-9195-6FFFECBF6427}.Release|x64.ActiveCfg = Release|Any CPU
		{D8344B1F-9DB3-4E85-9195-6FFFECBF6427}.Release|x86.ActiveCfg = Release|Any CPU
		{24ED97AD-6D04-4DC0-AFCB-C911EF0AA738}.Debug|Any CPU.ActiveCfg = Debug|Any CPU
		{24ED97AD-6D04-4DC0-AFCB-C911EF0AA738}.Debug|Any CPU.Build.0 = Debug|Any CPU
		{24ED97AD-6D04-4DC0-AFCB-C911EF0AA738}.Debug|Mixed Platforms.ActiveCfg = Debug|Any CPU
		{24ED97AD-6D04-4DC0-AFCB-C911EF0AA738}.Debug|Mixed Platforms.Build.0 = Debug|Any CPU
		{24ED97AD-6D04-4DC0-AFCB-C911EF0AA738}.Debug|x64.ActiveCfg = Debug|Any CPU
		{24ED97AD-6D04-4DC0-AFCB-C911EF0AA738}.Debug|x86.ActiveCfg = Debug|Any CPU
		{24ED97AD-6D04-4DC0-AFCB-C911EF0AA738}.Release(x86)|Any CPU.ActiveCfg = Release|Any CPU
		{24ED97AD-6D04-4DC0-AFCB-C911EF0AA738}.Release(x86)|Any CPU.Build.0 = Release|Any CPU
		{24ED97AD-6D04-4DC0-AFCB-C911EF0AA738}.Release(x86)|Mixed Platforms.ActiveCfg = Release|Any CPU
		{24ED97AD-6D04-4DC0-AFCB-C911EF0AA738}.Release(x86)|Mixed Platforms.Build.0 = Release|Any CPU
		{24ED97AD-6D04-4DC0-AFCB-C911EF0AA738}.Release(x86)|x64.ActiveCfg = Release|Any CPU
		{24ED97AD-6D04-4DC0-AFCB-C911EF0AA738}.Release(x86)|x86.ActiveCfg = Release|Any CPU
		{24ED97AD-6D04-4DC0-AFCB-C911EF0AA738}.Release|Any CPU.ActiveCfg = Release|Any CPU
		{24ED97AD-6D04-4DC0-AFCB-C911EF0AA738}.Release|Any CPU.Build.0 = Release|Any CPU
		{24ED97AD-6D04-4DC0-AFCB-C911EF0AA738}.Release|Mixed Platforms.ActiveCfg = Release|Any CPU
		{24ED97AD-6D04-4DC0-AFCB-C911EF0AA738}.Release|Mixed Platforms.Build.0 = Release|Any CPU
		{24ED97AD-6D04-4DC0-AFCB-C911EF0AA738}.Release|x64.ActiveCfg = Release|Any CPU
		{24ED97AD-6D04-4DC0-AFCB-C911EF0AA738}.Release|x86.ActiveCfg = Release|Any CPU
		{74D4C6FE-2E58-4F31-A915-6CF061C0149B}.Debug|Any CPU.ActiveCfg = Debug|Any CPU
		{74D4C6FE-2E58-4F31-A915-6CF061C0149B}.Debug|Any CPU.Build.0 = Debug|Any CPU
		{74D4C6FE-2E58-4F31-A915-6CF061C0149B}.Debug|Mixed Platforms.ActiveCfg = Debug|Any CPU
		{74D4C6FE-2E58-4F31-A915-6CF061C0149B}.Debug|Mixed Platforms.Build.0 = Debug|Any CPU
		{74D4C6FE-2E58-4F31-A915-6CF061C0149B}.Debug|x64.ActiveCfg = Debug|Any CPU
		{74D4C6FE-2E58-4F31-A915-6CF061C0149B}.Debug|x86.ActiveCfg = Debug|Any CPU
		{74D4C6FE-2E58-4F31-A915-6CF061C0149B}.Release(x86)|Any CPU.ActiveCfg = Release|Any CPU
		{74D4C6FE-2E58-4F31-A915-6CF061C0149B}.Release(x86)|Any CPU.Build.0 = Release|Any CPU
		{74D4C6FE-2E58-4F31-A915-6CF061C0149B}.Release(x86)|Mixed Platforms.ActiveCfg = Release|Any CPU
		{74D4C6FE-2E58-4F31-A915-6CF061C0149B}.Release(x86)|Mixed Platforms.Build.0 = Release|Any CPU
		{74D4C6FE-2E58-4F31-A915-6CF061C0149B}.Release(x86)|x64.ActiveCfg = Release|Any CPU
		{74D4C6FE-2E58-4F31-A915-6CF061C0149B}.Release(x86)|x86.ActiveCfg = Release|Any CPU
		{74D4C6FE-2E58-4F31-A915-6CF061C0149B}.Release|Any CPU.ActiveCfg = Release|Any CPU
		{74D4C6FE-2E58-4F31-A915-6CF061C0149B}.Release|Any CPU.Build.0 = Release|Any CPU
		{74D4C6FE-2E58-4F31-A915-6CF061C0149B}.Release|Mixed Platforms.ActiveCfg = Release|Any CPU
		{74D4C6FE-2E58-4F31-A915-6CF061C0149B}.Release|Mixed Platforms.Build.0 = Release|Any CPU
		{74D4C6FE-2E58-4F31-A915-6CF061C0149B}.Release|x64.ActiveCfg = Release|Any CPU
		{74D4C6FE-2E58-4F31-A915-6CF061C0149B}.Release|x86.ActiveCfg = Release|Any CPU
	EndGlobalSection
	GlobalSection(SolutionProperties) = preSolution
		HideSolutionNode = FALSE
	EndGlobalSection
	GlobalSection(NestedProjects) = preSolution
		{92777E64-9978-40AE-8B90-93ECBBBEFE67} = {2ECB09EF-EDF2-4D2C-A8AE-893875726563}
		{12DBB67A-E0A8-413A-8C1B-A4CAE57A9AFB} = {2ECB09EF-EDF2-4D2C-A8AE-893875726563}
		{8FF77F62-43C3-40FE-9DFE-01A53FE8A68E} = {2ECB09EF-EDF2-4D2C-A8AE-893875726563}
		{7448728C-9965-4874-A2E9-7BAB37E42963} = {3DEA9999-9C7A-43BA-BD54-78AF8BB386D6}
		{EB039D46-906F-44BF-AC37-B3B3634A4442} = {06BE0C35-02E3-4853-85BC-3D931345745D}
		{0F2C9C4B-E9B7-43DD-9B25-72402E583D90} = {3DEA9999-9C7A-43BA-BD54-78AF8BB386D6}
		{B47E0CB5-A3EC-4ED6-BCBF-9E3BEA6ABF5D} = {63266199-BAA4-4463-998A-240E130A197D}
		{D8344B1F-9DB3-4E85-9195-6FFFECBF6427} = {6F816C79-8E6F-4AF9-96B8-21D776C72B44}
		{24ED97AD-6D04-4DC0-AFCB-C911EF0AA738} = {6F816C79-8E6F-4AF9-96B8-21D776C72B44}
		{74D4C6FE-2E58-4F31-A915-6CF061C0149B} = {63266199-BAA4-4463-998A-240E130A197D}
		{63266199-BAA4-4463-998A-240E130A197D} = {3331E7CC-0FFE-4D19-ACEF-3C4A3C2333DC}
		{3DEA9999-9C7A-43BA-BD54-78AF8BB386D6} = {3331E7CC-0FFE-4D19-ACEF-3C4A3C2333DC}
	EndGlobalSection
	GlobalSection(ExtensibilityGlobals) = postSolution
		SolutionGuid = {9A0B042A-F596-4441-A4D6-467D438AC307}
	EndGlobalSection
EndGlobal
