
Microsoft Visual Studio Solution File, Format Version 12.00
# Visual Studio Version 16
VisualStudioVersion = 16.0.29905.134
MinimumVisualStudioVersion = 10.0.40219.1
Project("{FAE04EC0-301F-11D3-BF4B-00C04F79EFBC}") = "Marvin.Container", "Toolkit\Marvin.Container\Marvin.Container.csproj", "{3BC04A3B-24D6-4E33-989D-33366C47DC48}"
EndProject
Project("{FAE04EC0-301F-11D3-BF4B-00C04F79EFBC}") = "Marvin.PlatformTools", "Toolkit\Marvin.PlatformTools\Marvin.PlatformTools.csproj", "{3F2A7079-D56B-439C-A980-FA479364EDCD}"
EndProject
Project("{2150E333-8FDC-42A3-9474-1A3956D46DE8}") = "Tests", "Tests", "{10B4B5A2-3914-48B9-9304-C31338A6D980}"
EndProject
Project("{FAE04EC0-301F-11D3-BF4B-00C04F79EFBC}") = "Marvin.GeneratedModel.Tests", "Toolkit\Tests\Marvin.GeneratedModel.Tests\Marvin.GeneratedModel.Tests.csproj", "{BA61840C-9E77-4454-88E2-7CA4E98EE4BD}"
EndProject
Project("{2150E333-8FDC-42A3-9474-1A3956D46DE8}") = "Templates", "Templates", "{0AD4E2B1-1914-47CE-8418-23C784AC6190}"
EndProject
Project("{FAE04EC0-301F-11D3-BF4B-00C04F79EFBC}") = "Marvin.Container.Tests", "Toolkit\Tests\Marvin.Container.Tests\Marvin.Container.Tests.csproj", "{40223040-EE74-4A4B-90CC-75E7808004F4}"
EndProject
Project("{FAE04EC0-301F-11D3-BF4B-00C04F79EFBC}") = "Marvin.PlatformTools.Tests", "Toolkit\Tests\Marvin.PlatformTools.Tests\Marvin.PlatformTools.Tests.csproj", "{05891405-D460-4EC2-9906-B9FF2FF27006}"
EndProject
Project("{2150E333-8FDC-42A3-9474-1A3956D46DE8}") = "TestTools", "TestTools", "{953AAE25-26C8-4A28-AB08-61BAFE41B22F}"
EndProject
Project("{FAE04EC0-301F-11D3-BF4B-00C04F79EFBC}") = "ModelTemplates", "Toolkit\Templates\ModelTemplates\ModelTemplates.csproj", "{5DA2E34C-B7EF-4628-9519-C1DF02179913}"
EndProject
Project("{FAE04EC0-301F-11D3-BF4B-00C04F79EFBC}") = "Marvin.TestTools.SystemTest", "Toolkit\TestTools\Marvin.TestTools.SystemTest\Marvin.TestTools.SystemTest.csproj", "{D6DC00C6-9358-4839-84C0-44DF018A74DC}"
EndProject
Project("{FAE04EC0-301F-11D3-BF4B-00C04F79EFBC}") = "Marvin.TestTools.UnitTest", "Toolkit\TestTools\Marvin.TestTools.UnitTest\Marvin.TestTools.UnitTest.csproj", "{505DF475-5FF5-47CC-9E3B-BBE16C359F0E}"
EndProject
Project("{FAE04EC0-301F-11D3-BF4B-00C04F79EFBC}") = "Marvin.TestTools.Test.Model", "Toolkit\TestTools\Marvin.TestTools.Test.Model\Marvin.TestTools.Test.Model.csproj", "{29F12AD7-18DC-4DC3-B97F-BC773AC4C0EB}"
EndProject
Project("{FAE04EC0-301F-11D3-BF4B-00C04F79EFBC}") = "Marvin.TestTools.TestMerge.Model", "Toolkit\TestTools\Marvin.TestTools.TestMerge.Model\Marvin.TestTools.TestMerge.Model.csproj", "{99DD7B53-691E-49FE-A5EF-4F24A3837B31}"
EndProject
Project("{FAE04EC0-301F-11D3-BF4B-00C04F79EFBC}") = "Marvin.Tools.Wcf.Tests", "Toolkit\Tests\Marvin.Tools.Wcf.Tests\Marvin.Tools.Wcf.Tests.csproj", "{A4CA7B7C-5417-4FA9-9E0B-76D4CD4663C9}"
EndProject
Project("{FAE04EC0-301F-11D3-BF4B-00C04F79EFBC}") = "Marvin", "Toolkit\Marvin\Marvin.csproj", "{437A03F2-1A35-41E1-A065-00DEBDDA6E79}"
EndProject
Project("{FAE04EC0-301F-11D3-BF4B-00C04F79EFBC}") = "Marvin.Container.TestPlugin", "Toolkit\TestTools\Marvin.Container.TestPlugin\Marvin.Container.TestPlugin.csproj", "{DD4163B4-1696-4554-961E-DE2A3EB21ECE}"
EndProject
Project("{FAE04EC0-301F-11D3-BF4B-00C04F79EFBC}") = "Marvin.Container.TestRootPlugin", "Toolkit\TestTools\Marvin.Container.TestRootPlugin\Marvin.Container.TestRootPlugin.csproj", "{7615C9F0-91F1-4E05-A424-6D083B8958C5}"
EndProject
Project("{2150E333-8FDC-42A3-9474-1A3956D46DE8}") = "Plugins", "Plugins", "{DAE7DCE8-AB9B-46A8-808D-6C6C0AAB75A2}"
EndProject
Project("{FAE04EC0-301F-11D3-BF4B-00C04F79EFBC}") = "Marvin.Model", "Toolkit\Marvin.Model\Marvin.Model.csproj", "{478DC949-A0B2-46B4-8645-A7DA92589B76}"
EndProject
Project("{2150E333-8FDC-42A3-9474-1A3956D46DE8}") = "IntegrationTests", "IntegrationTests", "{8517D209-5BC1-47BD-A7C7-9CF9ADD9F5B6}"
EndProject
Project("{FAE04EC0-301F-11D3-BF4B-00C04F79EFBC}") = "Marvin.Communication.Sockets.IntegrationTests", "Toolkit\IntegrationTests\Marvin.Communication.Sockets.IntegrationTests\Marvin.Communication.Sockets.IntegrationTests.csproj", "{FD2AA3C3-F434-4D4F-88C8-3774B48E1D9D}"
EndProject
Project("{FAE04EC0-301F-11D3-BF4B-00C04F79EFBC}") = "Marvin.Container.TestTools", "Toolkit\TestTools\Marvin.Container.TestTools\Marvin.Container.TestTools.csproj", "{B72AA993-72E5-4D14-BF5E-C2E0E8CF5186}"
EndProject
Project("{2150E333-8FDC-42A3-9474-1A3956D46DE8}") = "UnitTests", "UnitTests", "{0A466330-6ED6-4861-9C94-31B1949CDDB9}"
EndProject
Global
	GlobalSection(SolutionConfigurationPlatforms) = preSolution
		Debug|Any CPU = Debug|Any CPU
		Release|Any CPU = Release|Any CPU
	EndGlobalSection
	GlobalSection(ProjectConfigurationPlatforms) = postSolution
		{3BC04A3B-24D6-4E33-989D-33366C47DC48}.Debug|Any CPU.ActiveCfg = Debug|Any CPU
		{3BC04A3B-24D6-4E33-989D-33366C47DC48}.Debug|Any CPU.Build.0 = Debug|Any CPU
		{3BC04A3B-24D6-4E33-989D-33366C47DC48}.Release|Any CPU.ActiveCfg = Release|Any CPU
		{3BC04A3B-24D6-4E33-989D-33366C47DC48}.Release|Any CPU.Build.0 = Release|Any CPU
		{3F2A7079-D56B-439C-A980-FA479364EDCD}.Debug|Any CPU.ActiveCfg = Debug|Any CPU
		{3F2A7079-D56B-439C-A980-FA479364EDCD}.Debug|Any CPU.Build.0 = Debug|Any CPU
		{3F2A7079-D56B-439C-A980-FA479364EDCD}.Release|Any CPU.ActiveCfg = Release|Any CPU
		{3F2A7079-D56B-439C-A980-FA479364EDCD}.Release|Any CPU.Build.0 = Release|Any CPU
		{BA61840C-9E77-4454-88E2-7CA4E98EE4BD}.Debug|Any CPU.ActiveCfg = Debug|Any CPU
		{BA61840C-9E77-4454-88E2-7CA4E98EE4BD}.Debug|Any CPU.Build.0 = Debug|Any CPU
		{BA61840C-9E77-4454-88E2-7CA4E98EE4BD}.Release|Any CPU.ActiveCfg = Release|Any CPU
		{BA61840C-9E77-4454-88E2-7CA4E98EE4BD}.Release|Any CPU.Build.0 = Release|Any CPU
		{40223040-EE74-4A4B-90CC-75E7808004F4}.Debug|Any CPU.ActiveCfg = Debug|Any CPU
		{40223040-EE74-4A4B-90CC-75E7808004F4}.Debug|Any CPU.Build.0 = Debug|Any CPU
		{40223040-EE74-4A4B-90CC-75E7808004F4}.Release|Any CPU.ActiveCfg = Release|Any CPU
		{40223040-EE74-4A4B-90CC-75E7808004F4}.Release|Any CPU.Build.0 = Release|Any CPU
		{05891405-D460-4EC2-9906-B9FF2FF27006}.Debug|Any CPU.ActiveCfg = Debug|Any CPU
		{05891405-D460-4EC2-9906-B9FF2FF27006}.Debug|Any CPU.Build.0 = Debug|Any CPU
		{05891405-D460-4EC2-9906-B9FF2FF27006}.Release|Any CPU.ActiveCfg = Release|Any CPU
		{05891405-D460-4EC2-9906-B9FF2FF27006}.Release|Any CPU.Build.0 = Release|Any CPU
		{5DA2E34C-B7EF-4628-9519-C1DF02179913}.Debug|Any CPU.ActiveCfg = Debug|Any CPU
		{5DA2E34C-B7EF-4628-9519-C1DF02179913}.Debug|Any CPU.Build.0 = Debug|Any CPU
		{5DA2E34C-B7EF-4628-9519-C1DF02179913}.Release|Any CPU.ActiveCfg = Release|Any CPU
		{5DA2E34C-B7EF-4628-9519-C1DF02179913}.Release|Any CPU.Build.0 = Release|Any CPU
		{D6DC00C6-9358-4839-84C0-44DF018A74DC}.Debug|Any CPU.ActiveCfg = Debug|Any CPU
		{D6DC00C6-9358-4839-84C0-44DF018A74DC}.Debug|Any CPU.Build.0 = Debug|Any CPU
		{D6DC00C6-9358-4839-84C0-44DF018A74DC}.Release|Any CPU.ActiveCfg = Release|Any CPU
		{D6DC00C6-9358-4839-84C0-44DF018A74DC}.Release|Any CPU.Build.0 = Release|Any CPU
		{505DF475-5FF5-47CC-9E3B-BBE16C359F0E}.Debug|Any CPU.ActiveCfg = Debug|Any CPU
		{505DF475-5FF5-47CC-9E3B-BBE16C359F0E}.Debug|Any CPU.Build.0 = Debug|Any CPU
		{505DF475-5FF5-47CC-9E3B-BBE16C359F0E}.Release|Any CPU.ActiveCfg = Release|Any CPU
		{505DF475-5FF5-47CC-9E3B-BBE16C359F0E}.Release|Any CPU.Build.0 = Release|Any CPU
		{29F12AD7-18DC-4DC3-B97F-BC773AC4C0EB}.Debug|Any CPU.ActiveCfg = Debug|Any CPU
		{29F12AD7-18DC-4DC3-B97F-BC773AC4C0EB}.Debug|Any CPU.Build.0 = Debug|Any CPU
		{29F12AD7-18DC-4DC3-B97F-BC773AC4C0EB}.Release|Any CPU.ActiveCfg = Release|Any CPU
		{29F12AD7-18DC-4DC3-B97F-BC773AC4C0EB}.Release|Any CPU.Build.0 = Release|Any CPU
		{99DD7B53-691E-49FE-A5EF-4F24A3837B31}.Debug|Any CPU.ActiveCfg = Debug|Any CPU
		{99DD7B53-691E-49FE-A5EF-4F24A3837B31}.Debug|Any CPU.Build.0 = Debug|Any CPU
		{99DD7B53-691E-49FE-A5EF-4F24A3837B31}.Release|Any CPU.ActiveCfg = Release|Any CPU
		{99DD7B53-691E-49FE-A5EF-4F24A3837B31}.Release|Any CPU.Build.0 = Release|Any CPU
		{A4CA7B7C-5417-4FA9-9E0B-76D4CD4663C9}.Debug|Any CPU.ActiveCfg = Debug|Any CPU
		{A4CA7B7C-5417-4FA9-9E0B-76D4CD4663C9}.Debug|Any CPU.Build.0 = Debug|Any CPU
		{A4CA7B7C-5417-4FA9-9E0B-76D4CD4663C9}.Release|Any CPU.ActiveCfg = Release|Any CPU
		{A4CA7B7C-5417-4FA9-9E0B-76D4CD4663C9}.Release|Any CPU.Build.0 = Release|Any CPU
		{437A03F2-1A35-41E1-A065-00DEBDDA6E79}.Debug|Any CPU.ActiveCfg = Debug|Any CPU
		{437A03F2-1A35-41E1-A065-00DEBDDA6E79}.Debug|Any CPU.Build.0 = Debug|Any CPU
		{437A03F2-1A35-41E1-A065-00DEBDDA6E79}.Release|Any CPU.ActiveCfg = Release|Any CPU
		{437A03F2-1A35-41E1-A065-00DEBDDA6E79}.Release|Any CPU.Build.0 = Release|Any CPU
		{DD4163B4-1696-4554-961E-DE2A3EB21ECE}.Debug|Any CPU.ActiveCfg = Debug|Any CPU
		{DD4163B4-1696-4554-961E-DE2A3EB21ECE}.Debug|Any CPU.Build.0 = Debug|Any CPU
		{DD4163B4-1696-4554-961E-DE2A3EB21ECE}.Release|Any CPU.ActiveCfg = Release|Any CPU
		{DD4163B4-1696-4554-961E-DE2A3EB21ECE}.Release|Any CPU.Build.0 = Release|Any CPU
		{7615C9F0-91F1-4E05-A424-6D083B8958C5}.Debug|Any CPU.ActiveCfg = Debug|Any CPU
		{7615C9F0-91F1-4E05-A424-6D083B8958C5}.Debug|Any CPU.Build.0 = Debug|Any CPU
		{7615C9F0-91F1-4E05-A424-6D083B8958C5}.Release|Any CPU.ActiveCfg = Release|Any CPU
		{7615C9F0-91F1-4E05-A424-6D083B8958C5}.Release|Any CPU.Build.0 = Release|Any CPU
		{478DC949-A0B2-46B4-8645-A7DA92589B76}.Debug|Any CPU.ActiveCfg = Debug|Any CPU
		{478DC949-A0B2-46B4-8645-A7DA92589B76}.Debug|Any CPU.Build.0 = Debug|Any CPU
		{478DC949-A0B2-46B4-8645-A7DA92589B76}.Release|Any CPU.ActiveCfg = Release|Any CPU
		{478DC949-A0B2-46B4-8645-A7DA92589B76}.Release|Any CPU.Build.0 = Release|Any CPU
		{FD2AA3C3-F434-4D4F-88C8-3774B48E1D9D}.Debug|Any CPU.ActiveCfg = Debug|Any CPU
		{FD2AA3C3-F434-4D4F-88C8-3774B48E1D9D}.Debug|Any CPU.Build.0 = Debug|Any CPU
		{FD2AA3C3-F434-4D4F-88C8-3774B48E1D9D}.Release|Any CPU.ActiveCfg = Release|Any CPU
		{FD2AA3C3-F434-4D4F-88C8-3774B48E1D9D}.Release|Any CPU.Build.0 = Release|Any CPU
		{B72AA993-72E5-4D14-BF5E-C2E0E8CF5186}.Debug|Any CPU.ActiveCfg = Debug|Any CPU
		{B72AA993-72E5-4D14-BF5E-C2E0E8CF5186}.Debug|Any CPU.Build.0 = Debug|Any CPU
		{B72AA993-72E5-4D14-BF5E-C2E0E8CF5186}.Release|Any CPU.ActiveCfg = Release|Any CPU
		{B72AA993-72E5-4D14-BF5E-C2E0E8CF5186}.Release|Any CPU.Build.0 = Release|Any CPU
	EndGlobalSection
	GlobalSection(SolutionProperties) = preSolution
		HideSolutionNode = FALSE
	EndGlobalSection
	GlobalSection(NestedProjects) = preSolution
		{BA61840C-9E77-4454-88E2-7CA4E98EE4BD} = {0A466330-6ED6-4861-9C94-31B1949CDDB9}
		{40223040-EE74-4A4B-90CC-75E7808004F4} = {0A466330-6ED6-4861-9C94-31B1949CDDB9}
		{05891405-D460-4EC2-9906-B9FF2FF27006} = {0A466330-6ED6-4861-9C94-31B1949CDDB9}
		{5DA2E34C-B7EF-4628-9519-C1DF02179913} = {0AD4E2B1-1914-47CE-8418-23C784AC6190}
		{D6DC00C6-9358-4839-84C0-44DF018A74DC} = {953AAE25-26C8-4A28-AB08-61BAFE41B22F}
		{505DF475-5FF5-47CC-9E3B-BBE16C359F0E} = {953AAE25-26C8-4A28-AB08-61BAFE41B22F}
		{29F12AD7-18DC-4DC3-B97F-BC773AC4C0EB} = {953AAE25-26C8-4A28-AB08-61BAFE41B22F}
		{99DD7B53-691E-49FE-A5EF-4F24A3837B31} = {953AAE25-26C8-4A28-AB08-61BAFE41B22F}
		{A4CA7B7C-5417-4FA9-9E0B-76D4CD4663C9} = {0A466330-6ED6-4861-9C94-31B1949CDDB9}
		{DD4163B4-1696-4554-961E-DE2A3EB21ECE} = {DAE7DCE8-AB9B-46A8-808D-6C6C0AAB75A2}
		{7615C9F0-91F1-4E05-A424-6D083B8958C5} = {DAE7DCE8-AB9B-46A8-808D-6C6C0AAB75A2}
		{DAE7DCE8-AB9B-46A8-808D-6C6C0AAB75A2} = {953AAE25-26C8-4A28-AB08-61BAFE41B22F}
		{8517D209-5BC1-47BD-A7C7-9CF9ADD9F5B6} = {10B4B5A2-3914-48B9-9304-C31338A6D980}
		{FD2AA3C3-F434-4D4F-88C8-3774B48E1D9D} = {8517D209-5BC1-47BD-A7C7-9CF9ADD9F5B6}
		{B72AA993-72E5-4D14-BF5E-C2E0E8CF5186} = {DAE7DCE8-AB9B-46A8-808D-6C6C0AAB75A2}
		{0A466330-6ED6-4861-9C94-31B1949CDDB9} = {10B4B5A2-3914-48B9-9304-C31338A6D980}
	EndGlobalSection
	GlobalSection(ExtensibilityGlobals) = postSolution
		SolutionGuid = {2C2959AA-7B72-4E00-B7AE-41F672BF2246}
	EndGlobalSection
EndGlobal
